PODS:
  - Alamofire (4.5.1)
  - AlamofireNetworkActivityIndicator (2.2.0):
    - Alamofire (~> 4.5)
  - Nimble (7.0.2)
  - PromiseKit (4.5.0):
    - PromiseKit/Foundation (= 4.5.0)
    - PromiseKit/QuartzCore (= 4.5.0)
    - PromiseKit/UIKit (= 4.5.0)
  - PromiseKit/Alamofire (4.5.0):
    - Alamofire (~> 4.0)
    - PromiseKit/CorePromise
  - PromiseKit/CorePromise (4.5.0)
  - PromiseKit/Foundation (4.5.0):
    - PromiseKit/CorePromise
  - PromiseKit/QuartzCore (4.5.0):
    - PromiseKit/CorePromise
  - PromiseKit/UIKit (4.5.0):
    - PromiseKit/CorePromise
  - Quick (1.2.0)
  - SimulatorStatusMagic (2.0)
  - SnapKit (4.0.0)

DEPENDENCIES:
  - Alamofire (~> 4.5)
  - AlamofireNetworkActivityIndicator (~> 2.2)
  - Nimble (~> 7.0.2)
  - PromiseKit (~> 4.5)
  - PromiseKit/Alamofire (~> 4.0)
  - Quick (~> 1.2.0)
  - SimulatorStatusMagic (~> 2.0)
  - SnapKit (~> 4.0.0)

SPEC CHECKSUMS:
  Alamofire: 2d95912bf4c34f164fdfc335872e8c312acaea4a
  AlamofireNetworkActivityIndicator: 81e1630e7cfed22a4e4e82a174c59e651dc4f8ca
  Nimble: bfe1f814edabba69ff145cb1283e04ed636a67f2
  PromiseKit: 9c1d9f6d7b65e3951a90bea7f407c56972be5d8e
  Quick: 58d203b1c5e27fff7229c4c1ae445ad7069a7a08
  SimulatorStatusMagic: c8e958d70e0e0cd2d7cf33bb95014a222ddecf0a
  SnapKit: a42d492c16e80209130a3379f73596c3454b7694

PODFILE CHECKSUM: b74fa3e16716014054ef1bc5cc00d00792ba33b2

COCOAPODS: 1.3.1
