{
  "object": {
    "pins": [
      {
        "package": "Alamofire",
        "repositoryURL": "https://github.com/Alamofire/Alamofire",
        "state": {
          "branch": null,
          "revision": "becd9a729a37bdbef5bc39dc3c702b99f9e3d046",
          "version": "5.2.2"
        }
      },
      {
        "package": "PromiseKit",
        "repositoryURL": "https://github.com/mxcl/PromiseKit",
        "state": {
          "branch": null,
          "revision": "f6b15b7626a4399864ffa1d5ec2ed9cf0cea5556",
          "version": "6.13.2"
        }
      },
      {
        "package": "Reachability",
        "repositoryURL": "https://github.com/ashleymills/Reachability.swift",
        "state": {
          "branch": null,
          "revision": "98e968e7b6c1318fb61df23e347bc319761e8acb",
          "version": "5.0.0"
        }
      },
      {
        "package": "ReSwift",
        "repositoryURL": "https://github.com/ReSwift/ReSwift",
        "state": {
          "branch": null,
          "revision": "b92762b5aa85c5e94053d942fbd37124ee939e5b",
          "version": "5.0.0"
        }
      },
      {
        "package": "SnapKit",
        "repositoryURL": "https://github.com/SnapKit/SnapKit",
        "state": {
          "branch": null,
          "revision": "d458564516e5676af9c70b4f4b2a9178294f1bc6",
          "version": "5.0.1"
        }
      },
      {
        "package": "SPAlert",
        "repositoryURL": "https://github.com/ivanvorobei/SPAlert",
        "state": {
          "branch": null,
          "revision": "18862409586ac547bcdf8957cd96beb872fbc729",
          "version": "2.1.4"
        }
      },
      {
        "package": "SnapshotTesting",
        "repositoryURL": "https://github.com/pointfreeco/swift-snapshot-testing.git",
        "state": {
          "branch": null,
          "revision": "c466812aa2e22898f27557e2e780d3aad7a27203",
          "version": "1.8.2"
        }
      }
    ]
  },
  "version": 1
}
