// !$*UTF8*$!
{
	archiveVersion = 1;
	classes = {
	};
	objectVersion = 46;
	objects = {

/* Begin PBXBuildFile section */
		154034383A94518E3E5D9AD4 /* Pods_Kek.framework in Frameworks */ = {isa = PBXBuildFile; fileRef = D75C53DDEEA8E94DBF8AF045 /* Pods_Kek.framework */; };
		9007E35B1F251753006A2F8F /* SearchViewControllerDelegate.swift in Sources */ = {isa = PBXBuildFile; fileRef = 9007E35A1F251753006A2F8F /* SearchViewControllerDelegate.swift */; };
		9007E35D1F251971006A2F8F /* BookmarksViewControllerDelegate.swift in Sources */ = {isa = PBXBuildFile; fileRef = 9007E35C1F251971006A2F8F /* BookmarksViewControllerDelegate.swift */; };
		9017C35A1EE339FD00063377 /* BookmarksViewController.swift in Sources */ = {isa = PBXBuildFile; fileRef = 9017C3411EE339FD00063377 /* BookmarksViewController.swift */; };
		9017C35B1EE339FD00063377 /* BookmarksViewControllerConstants.swift in Sources */ = {isa = PBXBuildFile; fileRef = 9017C3421EE339FD00063377 /* BookmarksViewControllerConstants.swift */; };
		9017C35C1EE339FD00063377 /* BookmarksViewControllerLayout.swift in Sources */ = {isa = PBXBuildFile; fileRef = 9017C3431EE339FD00063377 /* BookmarksViewControllerLayout.swift */; };
		9017C3641EE339FD00063377 /* SearchViewController.swift in Sources */ = {isa = PBXBuildFile; fileRef = 9017C34E1EE339FD00063377 /* SearchViewController.swift */; };
		9017C3651EE339FD00063377 /* SearchViewControllerConstants.swift in Sources */ = {isa = PBXBuildFile; fileRef = 9017C34F1EE339FD00063377 /* SearchViewControllerConstants.swift */; };
		9017C3661EE339FD00063377 /* SearchViewControllerLayout.swift in Sources */ = {isa = PBXBuildFile; fileRef = 9017C3501EE339FD00063377 /* SearchViewControllerLayout.swift */; };
		9017C3671EE339FD00063377 /* MainViewController.swift in Sources */ = {isa = PBXBuildFile; fileRef = 9017C3511EE339FD00063377 /* MainViewController.swift */; };
		9017C3681EE339FD00063377 /* MainViewControllerConstants.swift in Sources */ = {isa = PBXBuildFile; fileRef = 9017C3521EE339FD00063377 /* MainViewControllerConstants.swift */; };
		9017C3691EE339FD00063377 /* MainViewControllerLayout.swift in Sources */ = {isa = PBXBuildFile; fileRef = 9017C3531EE339FD00063377 /* MainViewControllerLayout.swift */; };
		9017C36A1EE339FD00063377 /* MapViewController.swift in Sources */ = {isa = PBXBuildFile; fileRef = 9017C3551EE339FD00063377 /* MapViewController.swift */; };
		9017C36B1EE339FD00063377 /* MapViewControllerConstants.swift in Sources */ = {isa = PBXBuildFile; fileRef = 9017C3561EE339FD00063377 /* MapViewControllerConstants.swift */; };
		9017C36C1EE339FD00063377 /* MapViewControllerLayout.swift in Sources */ = {isa = PBXBuildFile; fileRef = 9017C3571EE339FD00063377 /* MapViewControllerLayout.swift */; };
		9017C36F1EE33AA300063377 /* BookmarkCell.swift in Sources */ = {isa = PBXBuildFile; fileRef = 9017C36E1EE33AA300063377 /* BookmarkCell.swift */; };
		9017C3761EE33B8000063377 /* BookmarksDataSource.swift in Sources */ = {isa = PBXBuildFile; fileRef = 9017C3751EE33B8000063377 /* BookmarksDataSource.swift */; };
		9017C3781EE33B9200063377 /* BookmarksDataSourceDelegate.swift in Sources */ = {isa = PBXBuildFile; fileRef = 9017C3771EE33B9200063377 /* BookmarksDataSourceDelegate.swift */; };
		9017C3B51EE3DEF400063377 /* BookmarkCellViewModel.swift in Sources */ = {isa = PBXBuildFile; fileRef = 9017C3B41EE3DEF400063377 /* BookmarkCellViewModel.swift */; };
		9021F36E1F116EAB000A6949 /* Managers.swift in Sources */ = {isa = PBXBuildFile; fileRef = 9021F36D1F116EAB000A6949 /* Managers.swift */; };
		9021F3761F1180EE000A6949 /* BookmarksManagerImpl.swift in Sources */ = {isa = PBXBuildFile; fileRef = 9021F3751F1180EE000A6949 /* BookmarksManagerImpl.swift */; };
		9021F3921F12C95D000A6949 /* CGFloat+Rad.swift in Sources */ = {isa = PBXBuildFile; fileRef = 9021F3891F12C95D000A6949 /* CGFloat+Rad.swift */; };
		9021F3931F12C95D000A6949 /* Array+GroupedBy.swift in Sources */ = {isa = PBXBuildFile; fileRef = 9021F38B1F12C95D000A6949 /* Array+GroupedBy.swift */; };
		9021F3941F12C95D000A6949 /* ArrayOfEquatable+ContainsAll.swift in Sources */ = {isa = PBXBuildFile; fileRef = 9021F38C1F12C95D000A6949 /* ArrayOfEquatable+ContainsAll.swift */; };
		9021F3951F12C95D000A6949 /* UICollectionView+ContentWidth.swift in Sources */ = {isa = PBXBuildFile; fileRef = 9021F38E1F12C95D000A6949 /* UICollectionView+ContentWidth.swift */; };
		9021F3961F12C95D000A6949 /* UISegmentedControl+Font.swift in Sources */ = {isa = PBXBuildFile; fileRef = 9021F38F1F12C95D000A6949 /* UISegmentedControl+Font.swift */; };
		9021F3971F12C95D000A6949 /* UIView+AddBorder.swift in Sources */ = {isa = PBXBuildFile; fileRef = 9021F3901F12C95D000A6949 /* UIView+AddBorder.swift */; };
		9021F3981F12C95D000A6949 /* UIView+RoundCorners.swift in Sources */ = {isa = PBXBuildFile; fileRef = 9021F3911F12C95D000A6949 /* UIView+RoundCorners.swift */; };
		9021F4061F12C9EF000A6949 /* ChevronView.swift in Sources */ = {isa = PBXBuildFile; fileRef = 9021F3E11F12C9EF000A6949 /* ChevronView.swift */; };
		9021F4071F12C9EF000A6949 /* ChevronViewState.swift in Sources */ = {isa = PBXBuildFile; fileRef = 9021F3E21F12C9EF000A6949 /* ChevronViewState.swift */; };
		9021F4121F12C9EF000A6949 /* LayoutGuide.swift in Sources */ = {isa = PBXBuildFile; fileRef = 9021F3F31F12C9EF000A6949 /* LayoutGuide.swift */; };
		9021F4131F12C9EF000A6949 /* ReusableCell.swift in Sources */ = {isa = PBXBuildFile; fileRef = 9021F3F51F12C9EF000A6949 /* ReusableCell.swift */; };
		9021F4141F12C9EF000A6949 /* ReusableCellContainer.swift in Sources */ = {isa = PBXBuildFile; fileRef = 9021F3F61F12C9EF000A6949 /* ReusableCellContainer.swift */; };
		9021F4151F12C9EF000A6949 /* ReusableSuplementaryViewContainer.swift in Sources */ = {isa = PBXBuildFile; fileRef = 9021F3F71F12C9EF000A6949 /* ReusableSuplementaryViewContainer.swift */; };
		9021F4161F12C9EF000A6949 /* CardPanelConstants.swift in Sources */ = {isa = PBXBuildFile; fileRef = 9021F3FA1F12C9EF000A6949 /* CardPanelConstants.swift */; };
		9021F4171F12C9EF000A6949 /* CardPanelPresentable.swift in Sources */ = {isa = PBXBuildFile; fileRef = 9021F3FB1F12C9EF000A6949 /* CardPanelPresentable.swift */; };
		9021F4181F12C9EF000A6949 /* CardPanelTransitionDelegate.swift in Sources */ = {isa = PBXBuildFile; fileRef = 9021F3FC1F12C9EF000A6949 /* CardPanelTransitionDelegate.swift */; };
		9021F4191F12C9EF000A6949 /* CardPanelInteractiveDismissTransition.swift in Sources */ = {isa = PBXBuildFile; fileRef = 9021F3FE1F12C9EF000A6949 /* CardPanelInteractiveDismissTransition.swift */; };
		9021F41A1F12C9EF000A6949 /* CardPanelPresenter.swift in Sources */ = {isa = PBXBuildFile; fileRef = 9021F4001F12C9EF000A6949 /* CardPanelPresenter.swift */; };
		9021F41B1F12C9EF000A6949 /* CardPanelDismissTransition.swift in Sources */ = {isa = PBXBuildFile; fileRef = 9021F4021F12C9EF000A6949 /* CardPanelDismissTransition.swift */; };
		9021F41C1F12C9EF000A6949 /* CardPanelPresentationTransition.swift in Sources */ = {isa = PBXBuildFile; fileRef = 9021F4031F12C9EF000A6949 /* CardPanelPresentationTransition.swift */; };
		9021F41F1F12CACB000A6949 /* SearchState.swift in Sources */ = {isa = PBXBuildFile; fileRef = 9021F41E1F12CACB000A6949 /* SearchState.swift */; };
		9021F4271F12CCB3000A6949 /* LineTypeSelectionControl.swift in Sources */ = {isa = PBXBuildFile; fileRef = 9021F4261F12CCB3000A6949 /* LineTypeSelectionControl.swift */; };
		9021F4291F12CCC5000A6949 /* LineTypeSelectionControlDelegate.swift in Sources */ = {isa = PBXBuildFile; fileRef = 9021F4281F12CCC5000A6949 /* LineTypeSelectionControlDelegate.swift */; };
		9021F4381F12D698000A6949 /* LineSelectionCell.swift in Sources */ = {isa = PBXBuildFile; fileRef = 9021F42C1F12D698000A6949 /* LineSelectionCell.swift */; };
		9021F4391F12D698000A6949 /* LineSelectionSectionHeaderView.swift in Sources */ = {isa = PBXBuildFile; fileRef = 9021F42D1F12D698000A6949 /* LineSelectionSectionHeaderView.swift */; };
		9021F43A1F12D698000A6949 /* LineSelectionDataSource.swift in Sources */ = {isa = PBXBuildFile; fileRef = 9021F42F1F12D698000A6949 /* LineSelectionDataSource.swift */; };
		9021F43B1F12D698000A6949 /* LineSelectionPage.swift in Sources */ = {isa = PBXBuildFile; fileRef = 9021F4301F12D698000A6949 /* LineSelectionPage.swift */; };
		9021F43E1F12D698000A6949 /* LineSelectionPageLayout.swift in Sources */ = {isa = PBXBuildFile; fileRef = 9021F4331F12D698000A6949 /* LineSelectionPageLayout.swift */; };
		9021F43F1F12D698000A6949 /* LineSelectionCellViewModel.swift in Sources */ = {isa = PBXBuildFile; fileRef = 9021F4351F12D698000A6949 /* LineSelectionCellViewModel.swift */; };
		9021F4401F12D698000A6949 /* LineSelectionSectionViewModel.swift in Sources */ = {isa = PBXBuildFile; fileRef = 9021F4361F12D698000A6949 /* LineSelectionSectionViewModel.swift */; };
		9021F4411F12D698000A6949 /* LineSelectionSectionViewModelFactory.swift in Sources */ = {isa = PBXBuildFile; fileRef = 9021F4371F12D698000A6949 /* LineSelectionSectionViewModelFactory.swift */; };
		9021F4431F12D6C5000A6949 /* LineSelectionViewController.swift in Sources */ = {isa = PBXBuildFile; fileRef = 9021F4421F12D6C5000A6949 /* LineSelectionViewController.swift */; };
		9023312A1EDF37F500FA8F43 /* AppDelegate.swift in Sources */ = {isa = PBXBuildFile; fileRef = 902330E51EDF37F500FA8F43 /* AppDelegate.swift */; };
		9023312B1EDF37F500FA8F43 /* Assets.xcassets in Resources */ = {isa = PBXBuildFile; fileRef = 902330E61EDF37F500FA8F43 /* Assets.xcassets */; };
		9023312E1EDF37F500FA8F43 /* Line.swift in Sources */ = {isa = PBXBuildFile; fileRef = 902330EA1EDF37F500FA8F43 /* Line.swift */; };
		9023312F1EDF37F500FA8F43 /* LineSubtype.swift in Sources */ = {isa = PBXBuildFile; fileRef = 902330EB1EDF37F500FA8F43 /* LineSubtype.swift */; };
		902331301EDF37F500FA8F43 /* LineType.swift in Sources */ = {isa = PBXBuildFile; fileRef = 902330EC1EDF37F500FA8F43 /* LineType.swift */; };
		9027431B1F3120C100A3C0E0 /* AvailableLinesEndpoint.swift in Sources */ = {isa = PBXBuildFile; fileRef = 9027431A1F3120C100A3C0E0 /* AvailableLinesEndpoint.swift */; };
		9027431D1F3123F600A3C0E0 /* VehicleLocationEndpoint.swift in Sources */ = {isa = PBXBuildFile; fileRef = 9027431C1F3123F600A3C0E0 /* VehicleLocationEndpoint.swift */; };
		9027431F1F31297400A3C0E0 /* Endpoint.swift in Sources */ = {isa = PBXBuildFile; fileRef = 9027431E1F31297400A3C0E0 /* Endpoint.swift */; };
		902743221F3137C400A3C0E0 /* LinesParser.swift in Sources */ = {isa = PBXBuildFile; fileRef = 902743211F3137C400A3C0E0 /* LinesParser.swift */; };
		902743241F313CAB00A3C0E0 /* LineLocationsParser.swift in Sources */ = {isa = PBXBuildFile; fileRef = 902743231F313CAB00A3C0E0 /* LineLocationsParser.swift */; };
		902813001E59DE4800F26027 /* UIKit.framework in Frameworks */ = {isa = PBXBuildFile; fileRef = 902812FF1E59DE4800F26027 /* UIKit.framework */; };
		902813021E59DE4E00F26027 /* MapKit.framework in Frameworks */ = {isa = PBXBuildFile; fileRef = 902813011E59DE4E00F26027 /* MapKit.framework */; };
		903920351F1AB70E00250162 /* ArrayOfLine+FilterByType.swift in Sources */ = {isa = PBXBuildFile; fileRef = 903920341F1AB70E00250162 /* ArrayOfLine+FilterByType.swift */; };
		9078F42E1F031443002D7DCD /* AvenirFontProvider.swift in Sources */ = {isa = PBXBuildFile; fileRef = 9078F42D1F031443002D7DCD /* AvenirFontProvider.swift */; };
		907D917D1E63A7CC00502CBD /* (null) in Embed Frameworks */ = {isa = PBXBuildFile; settings = {ATTRIBUTES = (CodeSignOnCopy, RemoveHeadersOnCopy, ); }; };
		907ECF181F3BB41900DB27DB /* Info.plist in Resources */ = {isa = PBXBuildFile; fileRef = 907ECF171F3BB41900DB27DB /* Info.plist */; };
		907F70A01F13F66200F43902 /* LineSelectionViewControllerConstants.swift in Sources */ = {isa = PBXBuildFile; fileRef = 907F709F1F13F66200F43902 /* LineSelectionViewControllerConstants.swift */; };
		907F70A31F141ADB00F43902 /* AlertManager.swift in Sources */ = {isa = PBXBuildFile; fileRef = 907F70A21F141ADB00F43902 /* AlertManager.swift */; };
		907F70A51F141D3C00F43902 /* AlertManagerImpl.swift in Sources */ = {isa = PBXBuildFile; fileRef = 907F70A41F141D3C00F43902 /* AlertManagerImpl.swift */; };
		9086D4511EE2DFCF00E43D9A /* BookmarksManager.swift in Sources */ = {isa = PBXBuildFile; fileRef = 9086D4501EE2DFCF00E43D9A /* BookmarksManager.swift */; };
		9096CDC01F40725700FEF20A /* StyleKit.swift in Sources */ = {isa = PBXBuildFile; fileRef = 9096CDBF1F40725700FEF20A /* StyleKit.swift */; };
		9096CDC41F408CF900FEF20A /* StyleKit+UIImage.swift in Sources */ = {isa = PBXBuildFile; fileRef = 9096CDC31F408CF900FEF20A /* StyleKit+UIImage.swift */; };
		9096CDCD1F40EF2200FEF20A /* ConfigurationViewController.swift in Sources */ = {isa = PBXBuildFile; fileRef = 9096CDCC1F40EF2200FEF20A /* ConfigurationViewController.swift */; };
		90A913781F376E390095B873 /* VehicleLocationAnnotationView.swift in Sources */ = {isa = PBXBuildFile; fileRef = 90A913771F376E390095B873 /* VehicleLocationAnnotationView.swift */; };
		90AF2BD41EE9DE00006E61D6 /* Theme.swift in Sources */ = {isa = PBXBuildFile; fileRef = 90AF2BD31EE9DE00006E61D6 /* Theme.swift */; };
		90AF2BD81EE9DEE1006E61D6 /* ColorScheme.swift in Sources */ = {isa = PBXBuildFile; fileRef = 90AF2BD71EE9DEE1006E61D6 /* ColorScheme.swift */; };
		90AF2BDB1EE9E05C006E61D6 /* Styles.swift in Sources */ = {isa = PBXBuildFile; fileRef = 90AF2BDA1EE9E05C006E61D6 /* Styles.swift */; };
		90AF2BDD1EE9E06C006E61D6 /* Controls.swift in Sources */ = {isa = PBXBuildFile; fileRef = 90AF2BDC1EE9E06C006E61D6 /* Controls.swift */; };
		90AF2BDF1EE9E12D006E61D6 /* FontProvider.swift in Sources */ = {isa = PBXBuildFile; fileRef = 90AF2BDE1EE9E12D006E61D6 /* FontProvider.swift */; };
		90AF2BE11EE9E186006E61D6 /* SystemFontProvider.swift in Sources */ = {isa = PBXBuildFile; fileRef = 90AF2BE01EE9E186006E61D6 /* SystemFontProvider.swift */; };
		90AF2BE31EE9E4ED006E61D6 /* Theme+Apply.swift in Sources */ = {isa = PBXBuildFile; fileRef = 90AF2BE21EE9E4ED006E61D6 /* Theme+Apply.swift */; };
		90AF8C791EF2D3FE000763B7 /* Wroclaw.gpx in Resources */ = {isa = PBXBuildFile; fileRef = 90AF8C781EF2D3FE000763B7 /* Wroclaw.gpx */; };
		90B1DAA11F2BD92500FAE18A /* Bookmark.swift in Sources */ = {isa = PBXBuildFile; fileRef = 90B1DAA01F2BD92500FAE18A /* Bookmark.swift */; };
		90B1DAA41F2BD97800FAE18A /* VehicleLocation.swift in Sources */ = {isa = PBXBuildFile; fileRef = 90B1DAA31F2BD97800FAE18A /* VehicleLocation.swift */; };
		90B1DAC71F2BDC3000FAE18A /* MapManager.swift in Sources */ = {isa = PBXBuildFile; fileRef = 90B1DAC41F2BDC3000FAE18A /* MapManager.swift */; };
		90B1DAC81F2BDC3000FAE18A /* MapManagerConstants.swift in Sources */ = {isa = PBXBuildFile; fileRef = 90B1DAC51F2BDC3000FAE18A /* MapManagerConstants.swift */; };
		90B1DAC91F2BDC3000FAE18A /* MapManagerImpl.swift in Sources */ = {isa = PBXBuildFile; fileRef = 90B1DAC61F2BDC3000FAE18A /* MapManagerImpl.swift */; };
		90ED50F11F3B842C00C782D5 /* LineTypeSelectionControlConstants.swift in Sources */ = {isa = PBXBuildFile; fileRef = 90ED50F01F3B842C00C782D5 /* LineTypeSelectionControlConstants.swift */; };
		90ED50F61F3B991900C782D5 /* AlertManagerImplLocalization.swift in Sources */ = {isa = PBXBuildFile; fileRef = 90ED50F51F3B991900C782D5 /* AlertManagerImplLocalization.swift */; };
		90ED50FD1F3BADC500C782D5 /* Localizable.strings in Resources */ = {isa = PBXBuildFile; fileRef = 90ED50FF1F3BADC500C782D5 /* Localizable.strings */; };
		90ED51061F3BAFF800C782D5 /* InfoPlist.strings in Resources */ = {isa = PBXBuildFile; fileRef = 90ED51081F3BAFF800C782D5 /* InfoPlist.strings */; };
		90F86F841F2CB44700F9272E /* SearchManager.swift in Sources */ = {isa = PBXBuildFile; fileRef = 90F86F821F2CB44700F9272E /* SearchManager.swift */; };
		90F86F851F2CB44700F9272E /* SearchManagerImpl.swift in Sources */ = {isa = PBXBuildFile; fileRef = 90F86F831F2CB44700F9272E /* SearchManagerImpl.swift */; };
		90F86F911F2CB4F800F9272E /* NetworkError.swift in Sources */ = {isa = PBXBuildFile; fileRef = 90F86F891F2CB4F800F9272E /* NetworkError.swift */; };
		90F86F921F2CB4F800F9272E /* NetworkManager.swift in Sources */ = {isa = PBXBuildFile; fileRef = 90F86F8A1F2CB4F800F9272E /* NetworkManager.swift */; };
		90F86F941F2CB4F800F9272E /* NetworkManagerImpl.swift in Sources */ = {isa = PBXBuildFile; fileRef = 90F86F8C1F2CB4F800F9272E /* NetworkManagerImpl.swift */; };
		90FAF0711F35D9440040E0AE /* VehicleLocationAnnotation.swift in Sources */ = {isa = PBXBuildFile; fileRef = 90FAF0701F35D9440040E0AE /* VehicleLocationAnnotation.swift */; };
/* End PBXBuildFile section */

/* Begin PBXCopyFilesBuildPhase section */
		903075D71E5FA42A00DF4996 /* Embed Frameworks */ = {
			isa = PBXCopyFilesBuildPhase;
			buildActionMask = 2147483647;
			dstPath = "";
			dstSubfolderSpec = 10;
			files = (
				907D917D1E63A7CC00502CBD /* (null) in Embed Frameworks */,
			);
			name = "Embed Frameworks";
			runOnlyForDeploymentPostprocessing = 0;
		};
/* End PBXCopyFilesBuildPhase section */

/* Begin PBXFileReference section */
		278E1D09A47B558EB5FEB26D /* Pods-Kek.debug.xcconfig */ = {isa = PBXFileReference; includeInIndex = 1; lastKnownFileType = text.xcconfig; name = "Pods-Kek.debug.xcconfig"; path = "Pods/Target Support Files/Pods-Kek/Pods-Kek.debug.xcconfig"; sourceTree = "<group>"; };
		9007E35A1F251753006A2F8F /* SearchViewControllerDelegate.swift */ = {isa = PBXFileReference; fileEncoding = 4; lastKnownFileType = sourcecode.swift; path = SearchViewControllerDelegate.swift; sourceTree = "<group>"; };
		9007E35C1F251971006A2F8F /* BookmarksViewControllerDelegate.swift */ = {isa = PBXFileReference; fileEncoding = 4; lastKnownFileType = sourcecode.swift; path = BookmarksViewControllerDelegate.swift; sourceTree = "<group>"; };
		9017C3411EE339FD00063377 /* BookmarksViewController.swift */ = {isa = PBXFileReference; fileEncoding = 4; lastKnownFileType = sourcecode.swift; path = BookmarksViewController.swift; sourceTree = "<group>"; };
		9017C3421EE339FD00063377 /* BookmarksViewControllerConstants.swift */ = {isa = PBXFileReference; fileEncoding = 4; lastKnownFileType = sourcecode.swift; path = BookmarksViewControllerConstants.swift; sourceTree = "<group>"; };
		9017C3431EE339FD00063377 /* BookmarksViewControllerLayout.swift */ = {isa = PBXFileReference; fileEncoding = 4; lastKnownFileType = sourcecode.swift; path = BookmarksViewControllerLayout.swift; sourceTree = "<group>"; };
		9017C34E1EE339FD00063377 /* SearchViewController.swift */ = {isa = PBXFileReference; fileEncoding = 4; lastKnownFileType = sourcecode.swift; path = SearchViewController.swift; sourceTree = "<group>"; };
		9017C34F1EE339FD00063377 /* SearchViewControllerConstants.swift */ = {isa = PBXFileReference; fileEncoding = 4; lastKnownFileType = sourcecode.swift; path = SearchViewControllerConstants.swift; sourceTree = "<group>"; };
		9017C3501EE339FD00063377 /* SearchViewControllerLayout.swift */ = {isa = PBXFileReference; fileEncoding = 4; lastKnownFileType = sourcecode.swift; path = SearchViewControllerLayout.swift; sourceTree = "<group>"; };
		9017C3511EE339FD00063377 /* MainViewController.swift */ = {isa = PBXFileReference; fileEncoding = 4; lastKnownFileType = sourcecode.swift; path = MainViewController.swift; sourceTree = "<group>"; };
		9017C3521EE339FD00063377 /* MainViewControllerConstants.swift */ = {isa = PBXFileReference; fileEncoding = 4; lastKnownFileType = sourcecode.swift; path = MainViewControllerConstants.swift; sourceTree = "<group>"; };
		9017C3531EE339FD00063377 /* MainViewControllerLayout.swift */ = {isa = PBXFileReference; fileEncoding = 4; lastKnownFileType = sourcecode.swift; path = MainViewControllerLayout.swift; sourceTree = "<group>"; };
		9017C3551EE339FD00063377 /* MapViewController.swift */ = {isa = PBXFileReference; fileEncoding = 4; lastKnownFileType = sourcecode.swift; path = MapViewController.swift; sourceTree = "<group>"; };
		9017C3561EE339FD00063377 /* MapViewControllerConstants.swift */ = {isa = PBXFileReference; fileEncoding = 4; lastKnownFileType = sourcecode.swift; path = MapViewControllerConstants.swift; sourceTree = "<group>"; };
		9017C3571EE339FD00063377 /* MapViewControllerLayout.swift */ = {isa = PBXFileReference; fileEncoding = 4; lastKnownFileType = sourcecode.swift; path = MapViewControllerLayout.swift; sourceTree = "<group>"; };
		9017C36E1EE33AA300063377 /* BookmarkCell.swift */ = {isa = PBXFileReference; fileEncoding = 4; lastKnownFileType = sourcecode.swift; path = BookmarkCell.swift; sourceTree = "<group>"; };
		9017C3751EE33B8000063377 /* BookmarksDataSource.swift */ = {isa = PBXFileReference; fileEncoding = 4; lastKnownFileType = sourcecode.swift; path = BookmarksDataSource.swift; sourceTree = "<group>"; };
		9017C3771EE33B9200063377 /* BookmarksDataSourceDelegate.swift */ = {isa = PBXFileReference; fileEncoding = 4; lastKnownFileType = sourcecode.swift; path = BookmarksDataSourceDelegate.swift; sourceTree = "<group>"; };
		9017C3B41EE3DEF400063377 /* BookmarkCellViewModel.swift */ = {isa = PBXFileReference; fileEncoding = 4; lastKnownFileType = sourcecode.swift; path = BookmarkCellViewModel.swift; sourceTree = "<group>"; };
		9021F36D1F116EAB000A6949 /* Managers.swift */ = {isa = PBXFileReference; fileEncoding = 4; lastKnownFileType = sourcecode.swift; path = Managers.swift; sourceTree = "<group>"; };
		9021F3751F1180EE000A6949 /* BookmarksManagerImpl.swift */ = {isa = PBXFileReference; fileEncoding = 4; lastKnownFileType = sourcecode.swift; path = BookmarksManagerImpl.swift; sourceTree = "<group>"; };
		9021F3891F12C95D000A6949 /* CGFloat+Rad.swift */ = {isa = PBXFileReference; fileEncoding = 4; lastKnownFileType = sourcecode.swift; path = "CGFloat+Rad.swift"; sourceTree = "<group>"; };
		9021F38B1F12C95D000A6949 /* Array+GroupedBy.swift */ = {isa = PBXFileReference; fileEncoding = 4; lastKnownFileType = sourcecode.swift; path = "Array+GroupedBy.swift"; sourceTree = "<group>"; };
		9021F38C1F12C95D000A6949 /* ArrayOfEquatable+ContainsAll.swift */ = {isa = PBXFileReference; fileEncoding = 4; lastKnownFileType = sourcecode.swift; path = "ArrayOfEquatable+ContainsAll.swift"; sourceTree = "<group>"; };
		9021F38E1F12C95D000A6949 /* UICollectionView+ContentWidth.swift */ = {isa = PBXFileReference; fileEncoding = 4; lastKnownFileType = sourcecode.swift; path = "UICollectionView+ContentWidth.swift"; sourceTree = "<group>"; };
		9021F38F1F12C95D000A6949 /* UISegmentedControl+Font.swift */ = {isa = PBXFileReference; fileEncoding = 4; lastKnownFileType = sourcecode.swift; path = "UISegmentedControl+Font.swift"; sourceTree = "<group>"; };
		9021F3901F12C95D000A6949 /* UIView+AddBorder.swift */ = {isa = PBXFileReference; fileEncoding = 4; lastKnownFileType = sourcecode.swift; path = "UIView+AddBorder.swift"; sourceTree = "<group>"; };
		9021F3911F12C95D000A6949 /* UIView+RoundCorners.swift */ = {isa = PBXFileReference; fileEncoding = 4; lastKnownFileType = sourcecode.swift; path = "UIView+RoundCorners.swift"; sourceTree = "<group>"; };
		9021F3E11F12C9EF000A6949 /* ChevronView.swift */ = {isa = PBXFileReference; fileEncoding = 4; lastKnownFileType = sourcecode.swift; path = ChevronView.swift; sourceTree = "<group>"; };
		9021F3E21F12C9EF000A6949 /* ChevronViewState.swift */ = {isa = PBXFileReference; fileEncoding = 4; lastKnownFileType = sourcecode.swift; path = ChevronViewState.swift; sourceTree = "<group>"; };
		9021F3F31F12C9EF000A6949 /* LayoutGuide.swift */ = {isa = PBXFileReference; fileEncoding = 4; lastKnownFileType = sourcecode.swift; path = LayoutGuide.swift; sourceTree = "<group>"; };
		9021F3F51F12C9EF000A6949 /* ReusableCell.swift */ = {isa = PBXFileReference; fileEncoding = 4; lastKnownFileType = sourcecode.swift; path = ReusableCell.swift; sourceTree = "<group>"; };
		9021F3F61F12C9EF000A6949 /* ReusableCellContainer.swift */ = {isa = PBXFileReference; fileEncoding = 4; lastKnownFileType = sourcecode.swift; path = ReusableCellContainer.swift; sourceTree = "<group>"; };
		9021F3F71F12C9EF000A6949 /* ReusableSuplementaryViewContainer.swift */ = {isa = PBXFileReference; fileEncoding = 4; lastKnownFileType = sourcecode.swift; path = ReusableSuplementaryViewContainer.swift; sourceTree = "<group>"; };
		9021F3FA1F12C9EF000A6949 /* CardPanelConstants.swift */ = {isa = PBXFileReference; fileEncoding = 4; lastKnownFileType = sourcecode.swift; path = CardPanelConstants.swift; sourceTree = "<group>"; };
		9021F3FB1F12C9EF000A6949 /* CardPanelPresentable.swift */ = {isa = PBXFileReference; fileEncoding = 4; lastKnownFileType = sourcecode.swift; path = CardPanelPresentable.swift; sourceTree = "<group>"; };
		9021F3FC1F12C9EF000A6949 /* CardPanelTransitionDelegate.swift */ = {isa = PBXFileReference; fileEncoding = 4; lastKnownFileType = sourcecode.swift; path = CardPanelTransitionDelegate.swift; sourceTree = "<group>"; };
		9021F3FE1F12C9EF000A6949 /* CardPanelInteractiveDismissTransition.swift */ = {isa = PBXFileReference; fileEncoding = 4; lastKnownFileType = sourcecode.swift; path = CardPanelInteractiveDismissTransition.swift; sourceTree = "<group>"; };
		9021F4001F12C9EF000A6949 /* CardPanelPresenter.swift */ = {isa = PBXFileReference; fileEncoding = 4; lastKnownFileType = sourcecode.swift; path = CardPanelPresenter.swift; sourceTree = "<group>"; };
		9021F4021F12C9EF000A6949 /* CardPanelDismissTransition.swift */ = {isa = PBXFileReference; fileEncoding = 4; lastKnownFileType = sourcecode.swift; path = CardPanelDismissTransition.swift; sourceTree = "<group>"; };
		9021F4031F12C9EF000A6949 /* CardPanelPresentationTransition.swift */ = {isa = PBXFileReference; fileEncoding = 4; lastKnownFileType = sourcecode.swift; path = CardPanelPresentationTransition.swift; sourceTree = "<group>"; };
		9021F41E1F12CACB000A6949 /* SearchState.swift */ = {isa = PBXFileReference; fileEncoding = 4; lastKnownFileType = sourcecode.swift; path = SearchState.swift; sourceTree = "<group>"; };
		9021F4261F12CCB3000A6949 /* LineTypeSelectionControl.swift */ = {isa = PBXFileReference; fileEncoding = 4; lastKnownFileType = sourcecode.swift; path = LineTypeSelectionControl.swift; sourceTree = "<group>"; };
		9021F4281F12CCC5000A6949 /* LineTypeSelectionControlDelegate.swift */ = {isa = PBXFileReference; fileEncoding = 4; lastKnownFileType = sourcecode.swift; path = LineTypeSelectionControlDelegate.swift; sourceTree = "<group>"; };
		9021F42C1F12D698000A6949 /* LineSelectionCell.swift */ = {isa = PBXFileReference; fileEncoding = 4; lastKnownFileType = sourcecode.swift; path = LineSelectionCell.swift; sourceTree = "<group>"; };
		9021F42D1F12D698000A6949 /* LineSelectionSectionHeaderView.swift */ = {isa = PBXFileReference; fileEncoding = 4; lastKnownFileType = sourcecode.swift; path = LineSelectionSectionHeaderView.swift; sourceTree = "<group>"; };
		9021F42F1F12D698000A6949 /* LineSelectionDataSource.swift */ = {isa = PBXFileReference; fileEncoding = 4; lastKnownFileType = sourcecode.swift; path = LineSelectionDataSource.swift; sourceTree = "<group>"; };
		9021F4301F12D698000A6949 /* LineSelectionPage.swift */ = {isa = PBXFileReference; fileEncoding = 4; lastKnownFileType = sourcecode.swift; path = LineSelectionPage.swift; sourceTree = "<group>"; };
		9021F4331F12D698000A6949 /* LineSelectionPageLayout.swift */ = {isa = PBXFileReference; fileEncoding = 4; lastKnownFileType = sourcecode.swift; path = LineSelectionPageLayout.swift; sourceTree = "<group>"; };
		9021F4351F12D698000A6949 /* LineSelectionCellViewModel.swift */ = {isa = PBXFileReference; fileEncoding = 4; lastKnownFileType = sourcecode.swift; path = LineSelectionCellViewModel.swift; sourceTree = "<group>"; };
		9021F4361F12D698000A6949 /* LineSelectionSectionViewModel.swift */ = {isa = PBXFileReference; fileEncoding = 4; lastKnownFileType = sourcecode.swift; path = LineSelectionSectionViewModel.swift; sourceTree = "<group>"; };
		9021F4371F12D698000A6949 /* LineSelectionSectionViewModelFactory.swift */ = {isa = PBXFileReference; fileEncoding = 4; lastKnownFileType = sourcecode.swift; path = LineSelectionSectionViewModelFactory.swift; sourceTree = "<group>"; };
		9021F4421F12D6C5000A6949 /* LineSelectionViewController.swift */ = {isa = PBXFileReference; fileEncoding = 4; lastKnownFileType = sourcecode.swift; path = LineSelectionViewController.swift; sourceTree = "<group>"; };
		902330E51EDF37F500FA8F43 /* AppDelegate.swift */ = {isa = PBXFileReference; fileEncoding = 4; lastKnownFileType = sourcecode.swift; path = AppDelegate.swift; sourceTree = "<group>"; };
		902330E61EDF37F500FA8F43 /* Assets.xcassets */ = {isa = PBXFileReference; lastKnownFileType = folder.assetcatalog; path = Assets.xcassets; sourceTree = "<group>"; };
		902330EA1EDF37F500FA8F43 /* Line.swift */ = {isa = PBXFileReference; fileEncoding = 4; lastKnownFileType = sourcecode.swift; path = Line.swift; sourceTree = "<group>"; };
		902330EB1EDF37F500FA8F43 /* LineSubtype.swift */ = {isa = PBXFileReference; fileEncoding = 4; lastKnownFileType = sourcecode.swift; path = LineSubtype.swift; sourceTree = "<group>"; };
		902330EC1EDF37F500FA8F43 /* LineType.swift */ = {isa = PBXFileReference; fileEncoding = 4; lastKnownFileType = sourcecode.swift; path = LineType.swift; sourceTree = "<group>"; };
		9027431A1F3120C100A3C0E0 /* AvailableLinesEndpoint.swift */ = {isa = PBXFileReference; fileEncoding = 4; lastKnownFileType = sourcecode.swift; path = AvailableLinesEndpoint.swift; sourceTree = "<group>"; };
		9027431C1F3123F600A3C0E0 /* VehicleLocationEndpoint.swift */ = {isa = PBXFileReference; fileEncoding = 4; lastKnownFileType = sourcecode.swift; path = VehicleLocationEndpoint.swift; sourceTree = "<group>"; };
		9027431E1F31297400A3C0E0 /* Endpoint.swift */ = {isa = PBXFileReference; fileEncoding = 4; lastKnownFileType = sourcecode.swift; path = Endpoint.swift; sourceTree = "<group>"; };
		902743211F3137C400A3C0E0 /* LinesParser.swift */ = {isa = PBXFileReference; fileEncoding = 4; lastKnownFileType = sourcecode.swift; path = LinesParser.swift; sourceTree = "<group>"; };
		902743231F313CAB00A3C0E0 /* LineLocationsParser.swift */ = {isa = PBXFileReference; fileEncoding = 4; lastKnownFileType = sourcecode.swift; path = LineLocationsParser.swift; sourceTree = "<group>"; };
		902812881E59DD8500F26027 /* Kek.app */ = {isa = PBXFileReference; explicitFileType = wrapper.application; includeInIndex = 0; path = Kek.app; sourceTree = BUILT_PRODUCTS_DIR; };
		902812FF1E59DE4800F26027 /* UIKit.framework */ = {isa = PBXFileReference; lastKnownFileType = wrapper.framework; name = UIKit.framework; path = Platforms/iPhoneOS.platform/Developer/SDKs/iPhoneOS10.2.sdk/System/Library/Frameworks/UIKit.framework; sourceTree = DEVELOPER_DIR; };
		902813011E59DE4E00F26027 /* MapKit.framework */ = {isa = PBXFileReference; lastKnownFileType = wrapper.framework; name = MapKit.framework; path = Platforms/iPhoneOS.platform/Developer/SDKs/iPhoneOS10.2.sdk/System/Library/Frameworks/MapKit.framework; sourceTree = DEVELOPER_DIR; };
		903920341F1AB70E00250162 /* ArrayOfLine+FilterByType.swift */ = {isa = PBXFileReference; fileEncoding = 4; lastKnownFileType = sourcecode.swift; path = "ArrayOfLine+FilterByType.swift"; sourceTree = "<group>"; };
		9078F42D1F031443002D7DCD /* AvenirFontProvider.swift */ = {isa = PBXFileReference; fileEncoding = 4; lastKnownFileType = sourcecode.swift; path = AvenirFontProvider.swift; sourceTree = "<group>"; };
		907ECF171F3BB41900DB27DB /* Info.plist */ = {isa = PBXFileReference; fileEncoding = 4; lastKnownFileType = text.plist.xml; path = Info.plist; sourceTree = "<group>"; };
		907F709F1F13F66200F43902 /* LineSelectionViewControllerConstants.swift */ = {isa = PBXFileReference; fileEncoding = 4; lastKnownFileType = sourcecode.swift; path = LineSelectionViewControllerConstants.swift; sourceTree = "<group>"; };
		907F70A21F141ADB00F43902 /* AlertManager.swift */ = {isa = PBXFileReference; fileEncoding = 4; lastKnownFileType = sourcecode.swift; path = AlertManager.swift; sourceTree = "<group>"; };
		907F70A41F141D3C00F43902 /* AlertManagerImpl.swift */ = {isa = PBXFileReference; fileEncoding = 4; lastKnownFileType = sourcecode.swift; path = AlertManagerImpl.swift; sourceTree = "<group>"; };
		9086D4501EE2DFCF00E43D9A /* BookmarksManager.swift */ = {isa = PBXFileReference; fileEncoding = 4; lastKnownFileType = sourcecode.swift; path = BookmarksManager.swift; sourceTree = "<group>"; };
		9096CDBF1F40725700FEF20A /* StyleKit.swift */ = {isa = PBXFileReference; fileEncoding = 4; lastKnownFileType = sourcecode.swift; path = StyleKit.swift; sourceTree = "<group>"; };
		9096CDC31F408CF900FEF20A /* StyleKit+UIImage.swift */ = {isa = PBXFileReference; fileEncoding = 4; lastKnownFileType = sourcecode.swift; path = "StyleKit+UIImage.swift"; sourceTree = "<group>"; };
		9096CDCC1F40EF2200FEF20A /* ConfigurationViewController.swift */ = {isa = PBXFileReference; fileEncoding = 4; lastKnownFileType = sourcecode.swift; path = ConfigurationViewController.swift; sourceTree = "<group>"; };
		90A913771F376E390095B873 /* VehicleLocationAnnotationView.swift */ = {isa = PBXFileReference; fileEncoding = 4; lastKnownFileType = sourcecode.swift; path = VehicleLocationAnnotationView.swift; sourceTree = "<group>"; };
		90AF2BD31EE9DE00006E61D6 /* Theme.swift */ = {isa = PBXFileReference; fileEncoding = 4; lastKnownFileType = sourcecode.swift; path = Theme.swift; sourceTree = "<group>"; };
		90AF2BD71EE9DEE1006E61D6 /* ColorScheme.swift */ = {isa = PBXFileReference; fileEncoding = 4; lastKnownFileType = sourcecode.swift; path = ColorScheme.swift; sourceTree = "<group>"; };
		90AF2BDA1EE9E05C006E61D6 /* Styles.swift */ = {isa = PBXFileReference; fileEncoding = 4; lastKnownFileType = sourcecode.swift; path = Styles.swift; sourceTree = "<group>"; };
		90AF2BDC1EE9E06C006E61D6 /* Controls.swift */ = {isa = PBXFileReference; fileEncoding = 4; lastKnownFileType = sourcecode.swift; path = Controls.swift; sourceTree = "<group>"; };
		90AF2BDE1EE9E12D006E61D6 /* FontProvider.swift */ = {isa = PBXFileReference; fileEncoding = 4; lastKnownFileType = sourcecode.swift; path = FontProvider.swift; sourceTree = "<group>"; };
		90AF2BE01EE9E186006E61D6 /* SystemFontProvider.swift */ = {isa = PBXFileReference; fileEncoding = 4; lastKnownFileType = sourcecode.swift; path = SystemFontProvider.swift; sourceTree = "<group>"; };
		90AF2BE21EE9E4ED006E61D6 /* Theme+Apply.swift */ = {isa = PBXFileReference; fileEncoding = 4; lastKnownFileType = sourcecode.swift; path = "Theme+Apply.swift"; sourceTree = "<group>"; };
		90AF8C781EF2D3FE000763B7 /* Wroclaw.gpx */ = {isa = PBXFileReference; fileEncoding = 4; lastKnownFileType = text.xml; path = Wroclaw.gpx; sourceTree = "<group>"; };
		90B1DAA01F2BD92500FAE18A /* Bookmark.swift */ = {isa = PBXFileReference; fileEncoding = 4; lastKnownFileType = sourcecode.swift; path = Bookmark.swift; sourceTree = "<group>"; };
		90B1DAA31F2BD97800FAE18A /* VehicleLocation.swift */ = {isa = PBXFileReference; fileEncoding = 4; lastKnownFileType = sourcecode.swift; path = VehicleLocation.swift; sourceTree = "<group>"; };
		90B1DAC41F2BDC3000FAE18A /* MapManager.swift */ = {isa = PBXFileReference; fileEncoding = 4; lastKnownFileType = sourcecode.swift; path = MapManager.swift; sourceTree = "<group>"; };
		90B1DAC51F2BDC3000FAE18A /* MapManagerConstants.swift */ = {isa = PBXFileReference; fileEncoding = 4; lastKnownFileType = sourcecode.swift; path = MapManagerConstants.swift; sourceTree = "<group>"; };
		90B1DAC61F2BDC3000FAE18A /* MapManagerImpl.swift */ = {isa = PBXFileReference; fileEncoding = 4; lastKnownFileType = sourcecode.swift; path = MapManagerImpl.swift; sourceTree = "<group>"; };
		90ED50F01F3B842C00C782D5 /* LineTypeSelectionControlConstants.swift */ = {isa = PBXFileReference; fileEncoding = 4; lastKnownFileType = sourcecode.swift; path = LineTypeSelectionControlConstants.swift; sourceTree = "<group>"; };
		90ED50F51F3B991900C782D5 /* AlertManagerImplLocalization.swift */ = {isa = PBXFileReference; fileEncoding = 4; lastKnownFileType = sourcecode.swift; path = AlertManagerImplLocalization.swift; sourceTree = "<group>"; };
		90ED51001F3BADCA00C782D5 /* Base */ = {isa = PBXFileReference; lastKnownFileType = text.plist.strings; name = Base; path = Base.lproj/Localizable.strings; sourceTree = "<group>"; };
		90ED51031F3BAE6800C782D5 /* pl */ = {isa = PBXFileReference; lastKnownFileType = text.plist.strings; name = pl; path = pl.lproj/Localizable.strings; sourceTree = "<group>"; };
		90ED51071F3BAFF800C782D5 /* Base */ = {isa = PBXFileReference; lastKnownFileType = text.plist.strings; name = Base; path = Base.lproj/InfoPlist.strings; sourceTree = "<group>"; };
		90ED51091F3BAFF900C782D5 /* pl */ = {isa = PBXFileReference; lastKnownFileType = text.plist.strings; name = pl; path = pl.lproj/InfoPlist.strings; sourceTree = "<group>"; };
		90F86F821F2CB44700F9272E /* SearchManager.swift */ = {isa = PBXFileReference; fileEncoding = 4; lastKnownFileType = sourcecode.swift; path = SearchManager.swift; sourceTree = "<group>"; };
		90F86F831F2CB44700F9272E /* SearchManagerImpl.swift */ = {isa = PBXFileReference; fileEncoding = 4; lastKnownFileType = sourcecode.swift; path = SearchManagerImpl.swift; sourceTree = "<group>"; };
		90F86F891F2CB4F800F9272E /* NetworkError.swift */ = {isa = PBXFileReference; fileEncoding = 4; lastKnownFileType = sourcecode.swift; path = NetworkError.swift; sourceTree = "<group>"; };
		90F86F8A1F2CB4F800F9272E /* NetworkManager.swift */ = {isa = PBXFileReference; fileEncoding = 4; lastKnownFileType = sourcecode.swift; path = NetworkManager.swift; sourceTree = "<group>"; };
		90F86F8C1F2CB4F800F9272E /* NetworkManagerImpl.swift */ = {isa = PBXFileReference; fileEncoding = 4; lastKnownFileType = sourcecode.swift; path = NetworkManagerImpl.swift; sourceTree = "<group>"; };
		90FAF0701F35D9440040E0AE /* VehicleLocationAnnotation.swift */ = {isa = PBXFileReference; fileEncoding = 4; lastKnownFileType = sourcecode.swift; path = VehicleLocationAnnotation.swift; sourceTree = "<group>"; };
		A62147213F916D53F89DEC6F /* Pods-Kek.release.xcconfig */ = {isa = PBXFileReference; includeInIndex = 1; lastKnownFileType = text.xcconfig; name = "Pods-Kek.release.xcconfig"; path = "Pods/Target Support Files/Pods-Kek/Pods-Kek.release.xcconfig"; sourceTree = "<group>"; };
		D75C53DDEEA8E94DBF8AF045 /* Pods_Kek.framework */ = {isa = PBXFileReference; explicitFileType = wrapper.framework; includeInIndex = 0; path = Pods_Kek.framework; sourceTree = BUILT_PRODUCTS_DIR; };
/* End PBXFileReference section */

/* Begin PBXFrameworksBuildPhase section */
		902812851E59DD8500F26027 /* Frameworks */ = {
			isa = PBXFrameworksBuildPhase;
			buildActionMask = 2147483647;
			files = (
				902813021E59DE4E00F26027 /* MapKit.framework in Frameworks */,
				902813001E59DE4800F26027 /* UIKit.framework in Frameworks */,
				154034383A94518E3E5D9AD4 /* Pods_Kek.framework in Frameworks */,
			);
			runOnlyForDeploymentPostprocessing = 0;
		};
/* End PBXFrameworksBuildPhase section */

/* Begin PBXGroup section */
		4A3B2CBD6F0B3CF6ADE0EBAE /* Pods */ = {
			isa = PBXGroup;
			children = (
				278E1D09A47B558EB5FEB26D /* Pods-Kek.debug.xcconfig */,
				A62147213F916D53F89DEC6F /* Pods-Kek.release.xcconfig */,
			);
			name = Pods;
			sourceTree = "<group>";
		};
		9017C33D1EE339FD00063377 /* View controllers */ = {
			isa = PBXGroup;
			children = (
				9017C3541EE339FD00063377 /* Map */,
				9017C3441EE339FD00063377 /* Search */,
				9017C33E1EE339FD00063377 /* Bookmarks */,
				9096CDCB1F40EF0C00FEF20A /* Configuration */,
				9017C3511EE339FD00063377 /* MainViewController.swift */,
				9017C3531EE339FD00063377 /* MainViewControllerLayout.swift */,
				9017C3521EE339FD00063377 /* MainViewControllerConstants.swift */,
			);
			path = "View controllers";
			sourceTree = "<group>";
		};
		9017C33E1EE339FD00063377 /* Bookmarks */ = {
			isa = PBXGroup;
			children = (
				9017C36D1EE33AA300063377 /* Cells */,
				9017C3B31EE3DEDC00063377 /* View models */,
				9017C3741EE33B8000063377 /* Data source */,
				9017C3411EE339FD00063377 /* BookmarksViewController.swift */,
				9017C3431EE339FD00063377 /* BookmarksViewControllerLayout.swift */,
				9007E35C1F251971006A2F8F /* BookmarksViewControllerDelegate.swift */,
				9017C3421EE339FD00063377 /* BookmarksViewControllerConstants.swift */,
			);
			path = Bookmarks;
			sourceTree = "<group>";
		};
		9017C3441EE339FD00063377 /* Search */ = {
			isa = PBXGroup;
			children = (
				9017C34E1EE339FD00063377 /* SearchViewController.swift */,
				9017C3501EE339FD00063377 /* SearchViewControllerLayout.swift */,
				9007E35A1F251753006A2F8F /* SearchViewControllerDelegate.swift */,
				9017C34F1EE339FD00063377 /* SearchViewControllerConstants.swift */,
			);
			path = Search;
			sourceTree = "<group>";
		};
		9017C3541EE339FD00063377 /* Map */ = {
			isa = PBXGroup;
			children = (
				90FAF06F1F35D8C20040E0AE /* Annotations */,
				9017C3551EE339FD00063377 /* MapViewController.swift */,
				9017C3571EE339FD00063377 /* MapViewControllerLayout.swift */,
				9017C3561EE339FD00063377 /* MapViewControllerConstants.swift */,
			);
			path = Map;
			sourceTree = "<group>";
		};
		9017C36D1EE33AA300063377 /* Cells */ = {
			isa = PBXGroup;
			children = (
				9017C36E1EE33AA300063377 /* BookmarkCell.swift */,
			);
			path = Cells;
			sourceTree = "<group>";
		};
		9017C3741EE33B8000063377 /* Data source */ = {
			isa = PBXGroup;
			children = (
				9017C3751EE33B8000063377 /* BookmarksDataSource.swift */,
				9017C3771EE33B9200063377 /* BookmarksDataSourceDelegate.swift */,
			);
			path = "Data source";
			sourceTree = "<group>";
		};
		9017C3B31EE3DEDC00063377 /* View models */ = {
			isa = PBXGroup;
			children = (
				9017C3B41EE3DEF400063377 /* BookmarkCellViewModel.swift */,
			);
			name = "View models";
			path = "Sources/View controllers/Bookmarks/View models";
			sourceTree = SOURCE_ROOT;
		};
		9021F3871F12C95D000A6949 /* Extensions */ = {
			isa = PBXGroup;
			children = (
				9021F38A1F12C95D000A6949 /* Swift */,
				9021F38D1F12C95D000A6949 /* UIKit */,
				9021F3881F12C95D000A6949 /* CoreGraphics */,
			);
			path = Extensions;
			sourceTree = "<group>";
		};
		9021F3881F12C95D000A6949 /* CoreGraphics */ = {
			isa = PBXGroup;
			children = (
				9021F3891F12C95D000A6949 /* CGFloat+Rad.swift */,
			);
			path = CoreGraphics;
			sourceTree = "<group>";
		};
		9021F38A1F12C95D000A6949 /* Swift */ = {
			isa = PBXGroup;
			children = (
				9021F38B1F12C95D000A6949 /* Array+GroupedBy.swift */,
				9021F38C1F12C95D000A6949 /* ArrayOfEquatable+ContainsAll.swift */,
				903920341F1AB70E00250162 /* ArrayOfLine+FilterByType.swift */,
			);
			path = Swift;
			sourceTree = "<group>";
		};
		9021F38D1F12C95D000A6949 /* UIKit */ = {
			isa = PBXGroup;
			children = (
				9021F38E1F12C95D000A6949 /* UICollectionView+ContentWidth.swift */,
				9021F38F1F12C95D000A6949 /* UISegmentedControl+Font.swift */,
				9021F3901F12C95D000A6949 /* UIView+AddBorder.swift */,
				9021F3911F12C95D000A6949 /* UIView+RoundCorners.swift */,
			);
			path = UIKit;
			sourceTree = "<group>";
		};
		9021F3DB1F12C9EF000A6949 /* User interface */ = {
			isa = PBXGroup;
			children = (
				9021F3F11F12C9EF000A6949 /* Helpers */,
				9021F3DF1F12C9EF000A6949 /* Controls */,
				9021F3F81F12C9EF000A6949 /* Transitions */,
			);
			path = "User interface";
			sourceTree = "<group>";
		};
		9021F3DF1F12C9EF000A6949 /* Controls */ = {
			isa = PBXGroup;
			children = (
				9021F3E01F12C9EF000A6949 /* Chevron */,
				9021F3E31F12C9EF000A6949 /* Line selection */,
				9021F4251F12CC89000A6949 /* Line type selection */,
			);
			path = Controls;
			sourceTree = "<group>";
		};
		9021F3E01F12C9EF000A6949 /* Chevron */ = {
			isa = PBXGroup;
			children = (
				9021F3E11F12C9EF000A6949 /* ChevronView.swift */,
				9021F3E21F12C9EF000A6949 /* ChevronViewState.swift */,
			);
			path = Chevron;
			sourceTree = "<group>";
		};
		9021F3E31F12C9EF000A6949 /* Line selection */ = {
			isa = PBXGroup;
			children = (
				9021F42A1F12D698000A6949 /* Page */,
				9021F4421F12D6C5000A6949 /* LineSelectionViewController.swift */,
				907F709F1F13F66200F43902 /* LineSelectionViewControllerConstants.swift */,
			);
			path = "Line selection";
			sourceTree = "<group>";
		};
		9021F3F11F12C9EF000A6949 /* Helpers */ = {
			isa = PBXGroup;
			children = (
				9021F3F21F12C9EF000A6949 /* LayoutGuide */,
				9021F3F41F12C9EF000A6949 /* ReusableCell */,
			);
			path = Helpers;
			sourceTree = "<group>";
		};
		9021F3F21F12C9EF000A6949 /* LayoutGuide */ = {
			isa = PBXGroup;
			children = (
				9021F3F31F12C9EF000A6949 /* LayoutGuide.swift */,
			);
			path = LayoutGuide;
			sourceTree = "<group>";
		};
		9021F3F41F12C9EF000A6949 /* ReusableCell */ = {
			isa = PBXGroup;
			children = (
				9021F3F51F12C9EF000A6949 /* ReusableCell.swift */,
				9021F3F61F12C9EF000A6949 /* ReusableCellContainer.swift */,
				9021F3F71F12C9EF000A6949 /* ReusableSuplementaryViewContainer.swift */,
			);
			path = ReusableCell;
			sourceTree = "<group>";
		};
		9021F3F81F12C9EF000A6949 /* Transitions */ = {
			isa = PBXGroup;
			children = (
				9021F3F91F12C9EF000A6949 /* Card panel transition */,
			);
			path = Transitions;
			sourceTree = "<group>";
		};
		9021F3F91F12C9EF000A6949 /* Card panel transition */ = {
			isa = PBXGroup;
			children = (
				9021F3FF1F12C9EF000A6949 /* Presenter */,
				9021F4011F12C9EF000A6949 /* Transition */,
				9021F3FD1F12C9EF000A6949 /* InteractiveTransition */,
				9021F3FC1F12C9EF000A6949 /* CardPanelTransitionDelegate.swift */,
				9021F3FB1F12C9EF000A6949 /* CardPanelPresentable.swift */,
				9021F3FA1F12C9EF000A6949 /* CardPanelConstants.swift */,
			);
			path = "Card panel transition";
			sourceTree = "<group>";
		};
		9021F3FD1F12C9EF000A6949 /* InteractiveTransition */ = {
			isa = PBXGroup;
			children = (
				9021F3FE1F12C9EF000A6949 /* CardPanelInteractiveDismissTransition.swift */,
			);
			path = InteractiveTransition;
			sourceTree = "<group>";
		};
		9021F3FF1F12C9EF000A6949 /* Presenter */ = {
			isa = PBXGroup;
			children = (
				9021F4001F12C9EF000A6949 /* CardPanelPresenter.swift */,
			);
			path = Presenter;
			sourceTree = "<group>";
		};
		9021F4011F12C9EF000A6949 /* Transition */ = {
			isa = PBXGroup;
			children = (
				9021F4031F12C9EF000A6949 /* CardPanelPresentationTransition.swift */,
				9021F4021F12C9EF000A6949 /* CardPanelDismissTransition.swift */,
			);
			path = Transition;
			sourceTree = "<group>";
		};
		9021F41D1F12CACB000A6949 /* Search state */ = {
			isa = PBXGroup;
			children = (
				9021F41E1F12CACB000A6949 /* SearchState.swift */,
			);
			path = "Search state";
			sourceTree = "<group>";
		};
		9021F4251F12CC89000A6949 /* Line type selection */ = {
			isa = PBXGroup;
			children = (
				9021F4261F12CCB3000A6949 /* LineTypeSelectionControl.swift */,
				9021F4281F12CCC5000A6949 /* LineTypeSelectionControlDelegate.swift */,
				90ED50F01F3B842C00C782D5 /* LineTypeSelectionControlConstants.swift */,
			);
			path = "Line type selection";
			sourceTree = "<group>";
		};
		9021F42A1F12D698000A6949 /* Page */ = {
			isa = PBXGroup;
			children = (
				9021F42B1F12D698000A6949 /* Cells */,
				9021F4341F12D698000A6949 /* View models */,
				9021F42E1F12D698000A6949 /* Data source */,
				9021F4301F12D698000A6949 /* LineSelectionPage.swift */,
				9021F4331F12D698000A6949 /* LineSelectionPageLayout.swift */,
			);
			path = Page;
			sourceTree = "<group>";
		};
		9021F42B1F12D698000A6949 /* Cells */ = {
			isa = PBXGroup;
			children = (
				9021F42C1F12D698000A6949 /* LineSelectionCell.swift */,
				9021F42D1F12D698000A6949 /* LineSelectionSectionHeaderView.swift */,
			);
			path = Cells;
			sourceTree = "<group>";
		};
		9021F42E1F12D698000A6949 /* Data source */ = {
			isa = PBXGroup;
			children = (
				9021F42F1F12D698000A6949 /* LineSelectionDataSource.swift */,
			);
			path = "Data source";
			sourceTree = "<group>";
		};
		9021F4341F12D698000A6949 /* View models */ = {
			isa = PBXGroup;
			children = (
				9021F4351F12D698000A6949 /* LineSelectionCellViewModel.swift */,
				9021F4361F12D698000A6949 /* LineSelectionSectionViewModel.swift */,
				9021F4371F12D698000A6949 /* LineSelectionSectionViewModelFactory.swift */,
			);
			path = "View models";
			sourceTree = "<group>";
		};
		902330E41EDF37F500FA8F43 /* App */ = {
			isa = PBXGroup;
			children = (
				9096CDBA1F40630500FEF20A /* Assets */,
				902330E51EDF37F500FA8F43 /* AppDelegate.swift */,
				902330E61EDF37F500FA8F43 /* Assets.xcassets */,
				907ECF171F3BB41900DB27DB /* Info.plist */,
				90ED51081F3BAFF800C782D5 /* InfoPlist.strings */,
				90ED50FF1F3BADC500C782D5 /* Localizable.strings */,
			);
			path = App;
			sourceTree = "<group>";
		};
		902330E81EDF37F500FA8F43 /* Models */ = {
			isa = PBXGroup;
			children = (
				90B1DAA21F2BD97800FAE18A /* Locations */,
				90B1DA9F1F2BD91700FAE18A /* Bookmarks */,
				9021F41D1F12CACB000A6949 /* Search state */,
				902330EA1EDF37F500FA8F43 /* Line.swift */,
				902330EC1EDF37F500FA8F43 /* LineType.swift */,
				902330EB1EDF37F500FA8F43 /* LineSubtype.swift */,
			);
			path = Models;
			sourceTree = "<group>";
		};
		902330ED1EDF37F500FA8F43 /* Modules */ = {
			isa = PBXGroup;
			children = (
				9086D4401EE2DE8E00E43D9A /* Functional */,
				90AF2BD21EE9DDE4006E61D6 /* Theme */,
			);
			path = Modules;
			sourceTree = "<group>";
		};
		902743191F3120C100A3C0E0 /* Endpoints */ = {
			isa = PBXGroup;
			children = (
				902743201F3137B500A3C0E0 /* Parsers */,
				9027431E1F31297400A3C0E0 /* Endpoint.swift */,
				9027431A1F3120C100A3C0E0 /* AvailableLinesEndpoint.swift */,
				9027431C1F3123F600A3C0E0 /* VehicleLocationEndpoint.swift */,
			);
			path = Endpoints;
			sourceTree = "<group>";
		};
		902743201F3137B500A3C0E0 /* Parsers */ = {
			isa = PBXGroup;
			children = (
				902743211F3137C400A3C0E0 /* LinesParser.swift */,
				902743231F313CAB00A3C0E0 /* LineLocationsParser.swift */,
			);
			path = Parsers;
			sourceTree = "<group>";
		};
		902812FE1E59DE4800F26027 /* Frameworks */ = {
			isa = PBXGroup;
			children = (
				902813011E59DE4E00F26027 /* MapKit.framework */,
				902812FF1E59DE4800F26027 /* UIKit.framework */,
				D75C53DDEEA8E94DBF8AF045 /* Pods_Kek.framework */,
			);
			name = Frameworks;
			sourceTree = "<group>";
		};
		907F70A11F141AC900F43902 /* Alerts */ = {
			isa = PBXGroup;
			children = (
				907F70A21F141ADB00F43902 /* AlertManager.swift */,
				907F70A41F141D3C00F43902 /* AlertManagerImpl.swift */,
				90ED50F51F3B991900C782D5 /* AlertManagerImplLocalization.swift */,
			);
			path = Alerts;
			sourceTree = "<group>";
		};
		9086D4401EE2DE8E00E43D9A /* Functional */ = {
			isa = PBXGroup;
			children = (
				90B1DAC31F2BDC3000FAE18A /* Map */,
				90F86F811F2CB44700F9272E /* Search */,
				9086D4411EE2DE8E00E43D9A /* Bookmarks */,
				907F70A11F141AC900F43902 /* Alerts */,
				90F86F861F2CB4F800F9272E /* Network */,
				9021F36D1F116EAB000A6949 /* Managers.swift */,
			);
			path = Functional;
			sourceTree = "<group>";
		};
		9086D4411EE2DE8E00E43D9A /* Bookmarks */ = {
			isa = PBXGroup;
			children = (
				9086D4501EE2DFCF00E43D9A /* BookmarksManager.swift */,
				9021F3751F1180EE000A6949 /* BookmarksManagerImpl.swift */,
			);
			path = Bookmarks;
			sourceTree = "<group>";
		};
		9096CDBA1F40630500FEF20A /* Assets */ = {
			isa = PBXGroup;
			children = (
				9096CDBF1F40725700FEF20A /* StyleKit.swift */,
				9096CDC31F408CF900FEF20A /* StyleKit+UIImage.swift */,
			);
			path = Assets;
			sourceTree = "<group>";
		};
		9096CDCB1F40EF0C00FEF20A /* Configuration */ = {
			isa = PBXGroup;
			children = (
				9096CDCC1F40EF2200FEF20A /* ConfigurationViewController.swift */,
			);
			path = Configuration;
			sourceTree = "<group>";
		};
		90AF2BD21EE9DDE4006E61D6 /* Theme */ = {
			isa = PBXGroup;
			children = (
				90AF2BD91EE9E04F006E61D6 /* Styles */,
				90AF2BD51EE9DED4006E61D6 /* Color schemes */,
				90AF2BD61EE9DED4006E61D6 /* Font providers */,
				90AF2BD31EE9DE00006E61D6 /* Theme.swift */,
				90AF2BE21EE9E4ED006E61D6 /* Theme+Apply.swift */,
			);
			name = Theme;
			path = Sources/Modules/Theme;
			sourceTree = SOURCE_ROOT;
		};
		90AF2BD51EE9DED4006E61D6 /* Color schemes */ = {
			isa = PBXGroup;
			children = (
				90AF2BD71EE9DEE1006E61D6 /* ColorScheme.swift */,
			);
			path = "Color schemes";
			sourceTree = "<group>";
		};
		90AF2BD61EE9DED4006E61D6 /* Font providers */ = {
			isa = PBXGroup;
			children = (
				90AF2BDE1EE9E12D006E61D6 /* FontProvider.swift */,
				90AF2BE01EE9E186006E61D6 /* SystemFontProvider.swift */,
				9078F42D1F031443002D7DCD /* AvenirFontProvider.swift */,
			);
			path = "Font providers";
			sourceTree = "<group>";
		};
		90AF2BD91EE9E04F006E61D6 /* Styles */ = {
			isa = PBXGroup;
			children = (
				90AF2BDA1EE9E05C006E61D6 /* Styles.swift */,
				90AF2BDC1EE9E06C006E61D6 /* Controls.swift */,
			);
			path = Styles;
			sourceTree = "<group>";
		};
		90AF8C771EF2D3FE000763B7 /* Locations */ = {
			isa = PBXGroup;
			children = (
				90AF8C781EF2D3FE000763B7 /* Wroclaw.gpx */,
			);
			path = Locations;
			sourceTree = "<group>";
		};
		90B1DA9F1F2BD91700FAE18A /* Bookmarks */ = {
			isa = PBXGroup;
			children = (
				90B1DAA01F2BD92500FAE18A /* Bookmark.swift */,
			);
			path = Bookmarks;
			sourceTree = "<group>";
		};
		90B1DAA21F2BD97800FAE18A /* Locations */ = {
			isa = PBXGroup;
			children = (
				90B1DAA31F2BD97800FAE18A /* VehicleLocation.swift */,
			);
			name = Locations;
			path = Sources/Models/Locations;
			sourceTree = SOURCE_ROOT;
		};
		90B1DAC31F2BDC3000FAE18A /* Map */ = {
			isa = PBXGroup;
			children = (
				90B1DAC41F2BDC3000FAE18A /* MapManager.swift */,
				90B1DAC61F2BDC3000FAE18A /* MapManagerImpl.swift */,
				90B1DAC51F2BDC3000FAE18A /* MapManagerConstants.swift */,
			);
			path = Map;
			sourceTree = "<group>";
		};
		90F86F811F2CB44700F9272E /* Search */ = {
			isa = PBXGroup;
			children = (
				90F86F821F2CB44700F9272E /* SearchManager.swift */,
				90F86F831F2CB44700F9272E /* SearchManagerImpl.swift */,
			);
			path = Search;
			sourceTree = "<group>";
		};
		90F86F861F2CB4F800F9272E /* Network */ = {
			isa = PBXGroup;
			children = (
				902743191F3120C100A3C0E0 /* Endpoints */,
				90F86F891F2CB4F800F9272E /* NetworkError.swift */,
				90F86F8A1F2CB4F800F9272E /* NetworkManager.swift */,
				90F86F8C1F2CB4F800F9272E /* NetworkManagerImpl.swift */,
			);
			path = Network;
			sourceTree = "<group>";
		};
		90FAF06F1F35D8C20040E0AE /* Annotations */ = {
			isa = PBXGroup;
			children = (
				90FAF0701F35D9440040E0AE /* VehicleLocationAnnotation.swift */,
				90A913771F376E390095B873 /* VehicleLocationAnnotationView.swift */,
			);
			path = Annotations;
			sourceTree = "<group>";
		};
		OBJ_41 /* Tests */ = {
			isa = PBXGroup;
			children = (
				90AF8C771EF2D3FE000763B7 /* Locations */,
			);
			path = Tests;
			sourceTree = "<group>";
		};
		OBJ_42 /* Products */ = {
			isa = PBXGroup;
			children = (
				902812881E59DD8500F26027 /* Kek.app */,
			);
			name = Products;
			sourceTree = BUILT_PRODUCTS_DIR;
		};
		OBJ_5 = {
			isa = PBXGroup;
			children = (
				OBJ_7 /* Sources */,
				OBJ_41 /* Tests */,
				4A3B2CBD6F0B3CF6ADE0EBAE /* Pods */,
				902812FE1E59DE4800F26027 /* Frameworks */,
				OBJ_42 /* Products */,
			);
			sourceTree = "<group>";
		};
		OBJ_7 /* Sources */ = {
			isa = PBXGroup;
			children = (
				902330E41EDF37F500FA8F43 /* App */,
				902330E81EDF37F500FA8F43 /* Models */,
				902330ED1EDF37F500FA8F43 /* Modules */,
				9021F3871F12C95D000A6949 /* Extensions */,
				9021F3DB1F12C9EF000A6949 /* User interface */,
				9017C33D1EE339FD00063377 /* View controllers */,
			);
			path = Sources;
			sourceTree = "<group>";
		};
/* End PBXGroup section */

/* Begin PBXNativeTarget section */
		902812871E59DD8500F26027 /* Kek */ = {
			isa = PBXNativeTarget;
			buildConfigurationList = 902812971E59DD8500F26027 /* Build configuration list for PBXNativeTarget "Kek" */;
			buildPhases = (
				355FAE024C9C1A8DC1CEB679 /* [CP] Check Pods Manifest.lock */,
				902812841E59DD8500F26027 /* Sources */,
				902812851E59DD8500F26027 /* Frameworks */,
				902812861E59DD8500F26027 /* Resources */,
				903075D71E5FA42A00DF4996 /* Embed Frameworks */,
				7C6B10EE542CE6054AEF38F4 /* [CP] Embed Pods Frameworks */,
				77687F7431E0E8C5EE44996A /* [CP] Copy Pods Resources */,
				90C5EE3D1EFB2DFE007D11D5 /* SwiftLint */,
			);
			buildRules = (
			);
			dependencies = (
			);
			name = Kek;
			productName = Kek;
			productReference = 902812881E59DD8500F26027 /* Kek.app */;
			productType = "com.apple.product-type.application";
		};
/* End PBXNativeTarget section */

/* Begin PBXProject section */
		OBJ_1 /* Project object */ = {
			isa = PBXProject;
			attributes = {
				LastSwiftUpdateCheck = 0820;
				LastUpgradeCheck = 0820;
				TargetAttributes = {
					902812871E59DD8500F26027 = {
						CreatedOnToolsVersion = 8.2.1;
						DevelopmentTeam = AEAQ6C3MPC;
						ProvisioningStyle = Automatic;
					};
				};
			};
			buildConfigurationList = OBJ_2 /* Build configuration list for PBXProject "Kek" */;
			compatibilityVersion = "Xcode 3.2";
			developmentRegion = English;
			hasScannedForEncodings = 0;
			knownRegions = (
				Base,
				pl,
			);
			mainGroup = OBJ_5;
			productRefGroup = OBJ_42 /* Products */;
			projectDirPath = "";
			projectRoot = "";
			targets = (
				902812871E59DD8500F26027 /* Kek */,
			);
		};
/* End PBXProject section */

/* Begin PBXResourcesBuildPhase section */
		902812861E59DD8500F26027 /* Resources */ = {
			isa = PBXResourcesBuildPhase;
			buildActionMask = 2147483647;
			files = (
				9023312B1EDF37F500FA8F43 /* Assets.xcassets in Resources */,
				90ED50FD1F3BADC500C782D5 /* Localizable.strings in Resources */,
				90AF8C791EF2D3FE000763B7 /* Wroclaw.gpx in Resources */,
				907ECF181F3BB41900DB27DB /* Info.plist in Resources */,
				90ED51061F3BAFF800C782D5 /* InfoPlist.strings in Resources */,
			);
			runOnlyForDeploymentPostprocessing = 0;
		};
/* End PBXResourcesBuildPhase section */

/* Begin PBXShellScriptBuildPhase section */
		355FAE024C9C1A8DC1CEB679 /* [CP] Check Pods Manifest.lock */ = {
			isa = PBXShellScriptBuildPhase;
			buildActionMask = 2147483647;
			files = (
			);
			inputPaths = (
			);
			name = "[CP] Check Pods Manifest.lock";
			outputPaths = (
			);
			runOnlyForDeploymentPostprocessing = 0;
			shellPath = /bin/sh;
			shellScript = "diff \"${PODS_ROOT}/../Podfile.lock\" \"${PODS_ROOT}/Manifest.lock\" > /dev/null\nif [ $? != 0 ] ; then\n    # print error to STDERR\n    echo \"error: The sandbox is not in sync with the Podfile.lock. Run 'pod install' or update your CocoaPods installation.\" >&2\n    exit 1\nfi\n";
			showEnvVarsInLog = 0;
		};
		77687F7431E0E8C5EE44996A /* [CP] Copy Pods Resources */ = {
			isa = PBXShellScriptBuildPhase;
			buildActionMask = 2147483647;
			files = (
			);
			inputPaths = (
			);
			name = "[CP] Copy Pods Resources";
			outputPaths = (
			);
			runOnlyForDeploymentPostprocessing = 0;
			shellPath = /bin/sh;
			shellScript = "\"${SRCROOT}/Pods/Target Support Files/Pods-Kek/Pods-Kek-resources.sh\"\n";
			showEnvVarsInLog = 0;
		};
		7C6B10EE542CE6054AEF38F4 /* [CP] Embed Pods Frameworks */ = {
			isa = PBXShellScriptBuildPhase;
			buildActionMask = 2147483647;
			files = (
			);
			inputPaths = (
			);
			name = "[CP] Embed Pods Frameworks";
			outputPaths = (
			);
			runOnlyForDeploymentPostprocessing = 0;
			shellPath = /bin/sh;
			shellScript = "\"${SRCROOT}/Pods/Target Support Files/Pods-Kek/Pods-Kek-frameworks.sh\"\n";
			showEnvVarsInLog = 0;
		};
		90C5EE3D1EFB2DFE007D11D5 /* SwiftLint */ = {
			isa = PBXShellScriptBuildPhase;
			buildActionMask = 2147483647;
			files = (
			);
			inputPaths = (
			);
			name = SwiftLint;
			outputPaths = (
			);
			runOnlyForDeploymentPostprocessing = 0;
			shellPath = /bin/sh;
			shellScript = "if which swiftlint >/dev/null; then\nswiftlint\nelse\necho \"warning: SwiftLint not installed, download from https://github.com/realm/SwiftLint\"\nfi";
		};
/* End PBXShellScriptBuildPhase section */

/* Begin PBXSourcesBuildPhase section */
		902812841E59DD8500F26027 /* Sources */ = {
			isa = PBXSourcesBuildPhase;
			buildActionMask = 2147483647;
			files = (
				9021F4171F12C9EF000A6949 /* CardPanelPresentable.swift in Sources */,
				90AF2BD81EE9DEE1006E61D6 /* ColorScheme.swift in Sources */,
				90ED50F11F3B842C00C782D5 /* LineTypeSelectionControlConstants.swift in Sources */,
				9017C35A1EE339FD00063377 /* BookmarksViewController.swift in Sources */,
				9096CDCD1F40EF2200FEF20A /* ConfigurationViewController.swift in Sources */,
				9017C35C1EE339FD00063377 /* BookmarksViewControllerLayout.swift in Sources */,
				9021F4401F12D698000A6949 /* LineSelectionSectionViewModel.swift in Sources */,
				9017C35B1EE339FD00063377 /* BookmarksViewControllerConstants.swift in Sources */,
				9021F43E1F12D698000A6949 /* LineSelectionPageLayout.swift in Sources */,
				90AF2BD41EE9DE00006E61D6 /* Theme.swift in Sources */,
				9017C3641EE339FD00063377 /* SearchViewController.swift in Sources */,
				9027431B1F3120C100A3C0E0 /* AvailableLinesEndpoint.swift in Sources */,
				9021F3761F1180EE000A6949 /* BookmarksManagerImpl.swift in Sources */,
				9021F4061F12C9EF000A6949 /* ChevronView.swift in Sources */,
				9021F3931F12C95D000A6949 /* Array+GroupedBy.swift in Sources */,
				90AF2BE11EE9E186006E61D6 /* SystemFontProvider.swift in Sources */,
				9021F4391F12D698000A6949 /* LineSelectionSectionHeaderView.swift in Sources */,
				90AF2BE31EE9E4ED006E61D6 /* Theme+Apply.swift in Sources */,
				9096CDC01F40725700FEF20A /* StyleKit.swift in Sources */,
				90B1DAC81F2BDC3000FAE18A /* MapManagerConstants.swift in Sources */,
				9021F3971F12C95D000A6949 /* UIView+AddBorder.swift in Sources */,
				90FAF0711F35D9440040E0AE /* VehicleLocationAnnotation.swift in Sources */,
				9078F42E1F031443002D7DCD /* AvenirFontProvider.swift in Sources */,
				9021F4181F12C9EF000A6949 /* CardPanelTransitionDelegate.swift in Sources */,
				9021F43B1F12D698000A6949 /* LineSelectionPage.swift in Sources */,
				9086D4511EE2DFCF00E43D9A /* BookmarksManager.swift in Sources */,
				9021F3941F12C95D000A6949 /* ArrayOfEquatable+ContainsAll.swift in Sources */,
				9021F4271F12CCB3000A6949 /* LineTypeSelectionControl.swift in Sources */,
				902331301EDF37F500FA8F43 /* LineType.swift in Sources */,
				9021F4141F12C9EF000A6949 /* ReusableCellContainer.swift in Sources */,
				9027431F1F31297400A3C0E0 /* Endpoint.swift in Sources */,
				9096CDC41F408CF900FEF20A /* StyleKit+UIImage.swift in Sources */,
				9021F4131F12C9EF000A6949 /* ReusableCell.swift in Sources */,
				90A913781F376E390095B873 /* VehicleLocationAnnotationView.swift in Sources */,
				902743221F3137C400A3C0E0 /* LinesParser.swift in Sources */,
				9021F3951F12C95D000A6949 /* UICollectionView+ContentWidth.swift in Sources */,
				9017C36B1EE339FD00063377 /* MapViewControllerConstants.swift in Sources */,
				9017C36C1EE339FD00063377 /* MapViewControllerLayout.swift in Sources */,
				9017C3671EE339FD00063377 /* MainViewController.swift in Sources */,
				90ED50F61F3B991900C782D5 /* AlertManagerImplLocalization.swift in Sources */,
				9021F4411F12D698000A6949 /* LineSelectionSectionViewModelFactory.swift in Sources */,
				9023312A1EDF37F500FA8F43 /* AppDelegate.swift in Sources */,
				907F70A51F141D3C00F43902 /* AlertManagerImpl.swift in Sources */,
				90B1DAC91F2BDC3000FAE18A /* MapManagerImpl.swift in Sources */,
				9023312F1EDF37F500FA8F43 /* LineSubtype.swift in Sources */,
				903920351F1AB70E00250162 /* ArrayOfLine+FilterByType.swift in Sources */,
				9017C3761EE33B8000063377 /* BookmarksDataSource.swift in Sources */,
				90F86F841F2CB44700F9272E /* SearchManager.swift in Sources */,
				9027431D1F3123F600A3C0E0 /* VehicleLocationEndpoint.swift in Sources */,
				9021F43A1F12D698000A6949 /* LineSelectionDataSource.swift in Sources */,
				9017C36A1EE339FD00063377 /* MapViewController.swift in Sources */,
				90B1DAA11F2BD92500FAE18A /* Bookmark.swift in Sources */,
				9007E35D1F251971006A2F8F /* BookmarksViewControllerDelegate.swift in Sources */,
				90B1DAA41F2BD97800FAE18A /* VehicleLocation.swift in Sources */,
				9021F3961F12C95D000A6949 /* UISegmentedControl+Font.swift in Sources */,
				9021F41B1F12C9EF000A6949 /* CardPanelDismissTransition.swift in Sources */,
				9021F4161F12C9EF000A6949 /* CardPanelConstants.swift in Sources */,
				90F86F921F2CB4F800F9272E /* NetworkManager.swift in Sources */,
				9021F4431F12D6C5000A6949 /* LineSelectionViewController.swift in Sources */,
				9007E35B1F251753006A2F8F /* SearchViewControllerDelegate.swift in Sources */,
				9021F4151F12C9EF000A6949 /* ReusableSuplementaryViewContainer.swift in Sources */,
				9021F4291F12CCC5000A6949 /* LineTypeSelectionControlDelegate.swift in Sources */,
				90AF2BDD1EE9E06C006E61D6 /* Controls.swift in Sources */,
				9021F41C1F12C9EF000A6949 /* CardPanelPresentationTransition.swift in Sources */,
				9021F4071F12C9EF000A6949 /* ChevronViewState.swift in Sources */,
				9017C3661EE339FD00063377 /* SearchViewControllerLayout.swift in Sources */,
				9021F4191F12C9EF000A6949 /* CardPanelInteractiveDismissTransition.swift in Sources */,
				907F70A31F141ADB00F43902 /* AlertManager.swift in Sources */,
				902743241F313CAB00A3C0E0 /* LineLocationsParser.swift in Sources */,
				907F70A01F13F66200F43902 /* LineSelectionViewControllerConstants.swift in Sources */,
				9021F36E1F116EAB000A6949 /* Managers.swift in Sources */,
				9023312E1EDF37F500FA8F43 /* Line.swift in Sources */,
				9017C3781EE33B9200063377 /* BookmarksDataSourceDelegate.swift in Sources */,
				9021F41F1F12CACB000A6949 /* SearchState.swift in Sources */,
				90B1DAC71F2BDC3000FAE18A /* MapManager.swift in Sources */,
				9021F3921F12C95D000A6949 /* CGFloat+Rad.swift in Sources */,
				90AF2BDB1EE9E05C006E61D6 /* Styles.swift in Sources */,
				90F86F941F2CB4F800F9272E /* NetworkManagerImpl.swift in Sources */,
				90F86F851F2CB44700F9272E /* SearchManagerImpl.swift in Sources */,
				9021F43F1F12D698000A6949 /* LineSelectionCellViewModel.swift in Sources */,
				90AF2BDF1EE9E12D006E61D6 /* FontProvider.swift in Sources */,
				9021F4121F12C9EF000A6949 /* LayoutGuide.swift in Sources */,
				9017C3681EE339FD00063377 /* MainViewControllerConstants.swift in Sources */,
				90F86F911F2CB4F800F9272E /* NetworkError.swift in Sources */,
				9017C3B51EE3DEF400063377 /* BookmarkCellViewModel.swift in Sources */,
				9017C3691EE339FD00063377 /* MainViewControllerLayout.swift in Sources */,
				9021F41A1F12C9EF000A6949 /* CardPanelPresenter.swift in Sources */,
				9021F3981F12C95D000A6949 /* UIView+RoundCorners.swift in Sources */,
				9021F4381F12D698000A6949 /* LineSelectionCell.swift in Sources */,
				9017C36F1EE33AA300063377 /* BookmarkCell.swift in Sources */,
				9017C3651EE339FD00063377 /* SearchViewControllerConstants.swift in Sources */,
			);
			runOnlyForDeploymentPostprocessing = 0;
		};
/* End PBXSourcesBuildPhase section */

/* Begin PBXVariantGroup section */
		90ED50FF1F3BADC500C782D5 /* Localizable.strings */ = {
			isa = PBXVariantGroup;
			children = (
				90ED51001F3BADCA00C782D5 /* Base */,
				90ED51031F3BAE6800C782D5 /* pl */,
			);
			name = Localizable.strings;
			sourceTree = "<group>";
		};
		90ED51081F3BAFF800C782D5 /* InfoPlist.strings */ = {
			isa = PBXVariantGroup;
			children = (
				90ED51071F3BAFF800C782D5 /* Base */,
				90ED51091F3BAFF900C782D5 /* pl */,
			);
			name = InfoPlist.strings;
			sourceTree = "<group>";
		};
/* End PBXVariantGroup section */

/* Begin XCBuildConfiguration section */
		902812981E59DD8500F26027 /* Debug */ = {
			isa = XCBuildConfiguration;
			baseConfigurationReference = 278E1D09A47B558EB5FEB26D /* Pods-Kek.debug.xcconfig */;
			buildSettings = {
				ALWAYS_SEARCH_USER_PATHS = NO;
				ASSETCATALOG_COMPILER_APPICON_NAME = AppIcon;
				CLANG_ANALYZER_NONNULL = YES;
				CLANG_CXX_LANGUAGE_STANDARD = "gnu++0x";
				CLANG_CXX_LIBRARY = "libc++";
				CLANG_ENABLE_MODULES = YES;
				CLANG_ENABLE_OBJC_ARC = YES;
				CLANG_WARN_BOOL_CONVERSION = YES;
				CLANG_WARN_CONSTANT_CONVERSION = YES;
				CLANG_WARN_DIRECT_OBJC_ISA_USAGE = YES_ERROR;
				CLANG_WARN_DOCUMENTATION_COMMENTS = YES;
				CLANG_WARN_EMPTY_BODY = YES;
				CLANG_WARN_ENUM_CONVERSION = YES;
				CLANG_WARN_INFINITE_RECURSION = YES;
				CLANG_WARN_INT_CONVERSION = YES;
				CLANG_WARN_OBJC_ROOT_CLASS = YES_ERROR;
				CLANG_WARN_SUSPICIOUS_MOVE = YES;
				CLANG_WARN_UNREACHABLE_CODE = YES;
				CLANG_WARN__DUPLICATE_METHOD_MATCH = YES;
				"CODE_SIGN_IDENTITY[sdk=iphoneos*]" = "iPhone Developer";
				DEVELOPMENT_TEAM = AEAQ6C3MPC;
				ENABLE_STRICT_OBJC_MSGSEND = YES;
				ENABLE_TESTABILITY = YES;
				FRAMEWORK_SEARCH_PATHS = (
					"$(inherited)",
					"$(PROJECT_DIR)/build/Debug-iphoneos",
				);
				GCC_C_LANGUAGE_STANDARD = gnu99;
				GCC_DYNAMIC_NO_PIC = NO;
				GCC_NO_COMMON_BLOCKS = YES;
				GCC_PREPROCESSOR_DEFINITIONS = (
					"DEBUG=1",
					"$(inherited)",
				);
				GCC_WARN_64_TO_32_BIT_CONVERSION = YES;
				GCC_WARN_ABOUT_RETURN_TYPE = YES_ERROR;
				GCC_WARN_UNDECLARED_SELECTOR = YES;
				GCC_WARN_UNINITIALIZED_AUTOS = YES_AGGRESSIVE;
				GCC_WARN_UNUSED_FUNCTION = YES;
				GCC_WARN_UNUSED_VARIABLE = YES;
				INFOPLIST_FILE = "$(SRCROOT)/Sources/App/Info.plist";
				IPHONEOS_DEPLOYMENT_TARGET = 10.2;
				LD_RUNPATH_SEARCH_PATHS = "$(inherited) @executable_path/Frameworks";
				MTL_ENABLE_DEBUG_INFO = YES;
				PRODUCT_BUNDLE_IDENTIFIER = com.kekapp.kek;
				PRODUCT_NAME = "$(TARGET_NAME)";
				SDKROOT = iphoneos;
				SWIFT_ACTIVE_COMPILATION_CONDITIONS = DEBUG;
				SWIFT_VERSION = 3.0;
			};
			name = Debug;
		};
		902812991E59DD8500F26027 /* Release */ = {
			isa = XCBuildConfiguration;
			baseConfigurationReference = A62147213F916D53F89DEC6F /* Pods-Kek.release.xcconfig */;
			buildSettings = {
				ALWAYS_SEARCH_USER_PATHS = NO;
				ASSETCATALOG_COMPILER_APPICON_NAME = AppIcon;
				CLANG_ANALYZER_NONNULL = YES;
				CLANG_CXX_LANGUAGE_STANDARD = "gnu++0x";
				CLANG_CXX_LIBRARY = "libc++";
				CLANG_ENABLE_MODULES = YES;
				CLANG_ENABLE_OBJC_ARC = YES;
				CLANG_WARN_BOOL_CONVERSION = YES;
				CLANG_WARN_CONSTANT_CONVERSION = YES;
				CLANG_WARN_DIRECT_OBJC_ISA_USAGE = YES_ERROR;
				CLANG_WARN_DOCUMENTATION_COMMENTS = YES;
				CLANG_WARN_EMPTY_BODY = YES;
				CLANG_WARN_ENUM_CONVERSION = YES;
				CLANG_WARN_INFINITE_RECURSION = YES;
				CLANG_WARN_INT_CONVERSION = YES;
				CLANG_WARN_OBJC_ROOT_CLASS = YES_ERROR;
				CLANG_WARN_SUSPICIOUS_MOVE = YES;
				CLANG_WARN_UNREACHABLE_CODE = YES;
				CLANG_WARN__DUPLICATE_METHOD_MATCH = YES;
				"CODE_SIGN_IDENTITY[sdk=iphoneos*]" = "iPhone Developer";
				COPY_PHASE_STRIP = NO;
				DEVELOPMENT_TEAM = AEAQ6C3MPC;
				ENABLE_NS_ASSERTIONS = NO;
				ENABLE_STRICT_OBJC_MSGSEND = YES;
				FRAMEWORK_SEARCH_PATHS = (
					"$(inherited)",
					"$(PROJECT_DIR)/build/Debug-iphoneos",
				);
				GCC_C_LANGUAGE_STANDARD = gnu99;
				GCC_NO_COMMON_BLOCKS = YES;
				GCC_WARN_64_TO_32_BIT_CONVERSION = YES;
				GCC_WARN_ABOUT_RETURN_TYPE = YES_ERROR;
				GCC_WARN_UNDECLARED_SELECTOR = YES;
				GCC_WARN_UNINITIALIZED_AUTOS = YES_AGGRESSIVE;
				GCC_WARN_UNUSED_FUNCTION = YES;
				GCC_WARN_UNUSED_VARIABLE = YES;
				INFOPLIST_FILE = "$(SRCROOT)/Sources/App/Info.plist";
				IPHONEOS_DEPLOYMENT_TARGET = 10.2;
				LD_RUNPATH_SEARCH_PATHS = "$(inherited) @executable_path/Frameworks";
				MTL_ENABLE_DEBUG_INFO = NO;
				PRODUCT_BUNDLE_IDENTIFIER = com.kekapp.kek;
				PRODUCT_NAME = "$(TARGET_NAME)";
				SDKROOT = iphoneos;
				SWIFT_OPTIMIZATION_LEVEL = "-Owholemodule";
				SWIFT_VERSION = 3.0;
				VALIDATE_PRODUCT = YES;
			};
			name = Release;
		};
		OBJ_3 /* Debug */ = {
			isa = XCBuildConfiguration;
			buildSettings = {
				CLANG_ANALYZER_LOCALIZABILITY_NONLOCALIZED = YES;
				CLANG_WARN_BOOL_CONVERSION = YES;
				CLANG_WARN_CONSTANT_CONVERSION = YES;
				CLANG_WARN_EMPTY_BODY = YES;
				CLANG_WARN_ENUM_CONVERSION = YES;
				CLANG_WARN_INFINITE_RECURSION = YES;
				CLANG_WARN_INT_CONVERSION = YES;
				CLANG_WARN_SUSPICIOUS_MOVE = YES;
				CLANG_WARN_UNREACHABLE_CODE = YES;
				CLANG_WARN__DUPLICATE_METHOD_MATCH = YES;
				COMBINE_HIDPI_IMAGES = YES;
				COPY_PHASE_STRIP = NO;
				DEBUG_INFORMATION_FORMAT = dwarf;
				DYLIB_INSTALL_NAME_BASE = "@rpath";
				ENABLE_NS_ASSERTIONS = YES;
				ENABLE_STRICT_OBJC_MSGSEND = YES;
				ENABLE_TESTABILITY = YES;
				GCC_NO_COMMON_BLOCKS = YES;
				GCC_OPTIMIZATION_LEVEL = 0;
				GCC_WARN_64_TO_32_BIT_CONVERSION = YES;
				GCC_WARN_ABOUT_RETURN_TYPE = YES;
				GCC_WARN_UNDECLARED_SELECTOR = YES;
				GCC_WARN_UNINITIALIZED_AUTOS = YES;
				GCC_WARN_UNUSED_FUNCTION = YES;
				GCC_WARN_UNUSED_VARIABLE = YES;
				MACOSX_DEPLOYMENT_TARGET = 10.10;
				ONLY_ACTIVE_ARCH = YES;
				OTHER_SWIFT_FLAGS = "-DXcode";
				PRODUCT_NAME = "$(TARGET_NAME)";
				SDKROOT = macosx;
				SUPPORTED_PLATFORMS = "macosx iphoneos iphonesimulator appletvos appletvsimulator watchos watchsimulator";
				SWIFT_ACTIVE_COMPILATION_CONDITIONS = SWIFT_PACKAGE;
				SWIFT_OPTIMIZATION_LEVEL = "-Onone";
				SWIFT_VERSION = 3.0;
				USE_HEADERMAP = NO;
			};
			name = Debug;
		};
		OBJ_4 /* Release */ = {
			isa = XCBuildConfiguration;
			buildSettings = {
				CLANG_ANALYZER_LOCALIZABILITY_NONLOCALIZED = YES;
				CLANG_WARN_BOOL_CONVERSION = YES;
				CLANG_WARN_CONSTANT_CONVERSION = YES;
				CLANG_WARN_EMPTY_BODY = YES;
				CLANG_WARN_ENUM_CONVERSION = YES;
				CLANG_WARN_INFINITE_RECURSION = YES;
				CLANG_WARN_INT_CONVERSION = YES;
				CLANG_WARN_SUSPICIOUS_MOVE = YES;
				CLANG_WARN_UNREACHABLE_CODE = YES;
				CLANG_WARN__DUPLICATE_METHOD_MATCH = YES;
				COMBINE_HIDPI_IMAGES = YES;
				COPY_PHASE_STRIP = YES;
				DEBUG_INFORMATION_FORMAT = "dwarf-with-dsym";
				DYLIB_INSTALL_NAME_BASE = "@rpath";
				ENABLE_STRICT_OBJC_MSGSEND = YES;
				GCC_NO_COMMON_BLOCKS = YES;
				GCC_OPTIMIZATION_LEVEL = s;
				GCC_WARN_64_TO_32_BIT_CONVERSION = YES;
				GCC_WARN_ABOUT_RETURN_TYPE = YES;
				GCC_WARN_UNDECLARED_SELECTOR = YES;
				GCC_WARN_UNINITIALIZED_AUTOS = YES;
				GCC_WARN_UNUSED_FUNCTION = YES;
				GCC_WARN_UNUSED_VARIABLE = YES;
				MACOSX_DEPLOYMENT_TARGET = 10.10;
				OTHER_SWIFT_FLAGS = "-DXcode";
				PRODUCT_NAME = "$(TARGET_NAME)";
				SDKROOT = macosx;
				SUPPORTED_PLATFORMS = "macosx iphoneos iphonesimulator appletvos appletvsimulator watchos watchsimulator";
				SWIFT_ACTIVE_COMPILATION_CONDITIONS = SWIFT_PACKAGE;
				SWIFT_OPTIMIZATION_LEVEL = "-Owholemodule";
				SWIFT_VERSION = 3.0;
				USE_HEADERMAP = NO;
			};
			name = Release;
		};
/* End XCBuildConfiguration section */

/* Begin XCConfigurationList section */
		902812971E59DD8500F26027 /* Build configuration list for PBXNativeTarget "Kek" */ = {
			isa = XCConfigurationList;
			buildConfigurations = (
				902812981E59DD8500F26027 /* Debug */,
				902812991E59DD8500F26027 /* Release */,
			);
			defaultConfigurationIsVisible = 0;
			defaultConfigurationName = Debug;
		};
		OBJ_2 /* Build configuration list for PBXProject "Kek" */ = {
			isa = XCConfigurationList;
			buildConfigurations = (
				OBJ_3 /* Debug */,
				OBJ_4 /* Release */,
			);
			defaultConfigurationIsVisible = 0;
			defaultConfigurationName = Debug;
		};
/* End XCConfigurationList section */
	};
	rootObject = OBJ_1 /* Project object */;
}
