// !$*UTF8*$!
{
	archiveVersion = 1;
	classes = {
	};
	objectVersion = 46;
	objects = {

/* Begin PBXBuildFile section */
		154034383A94518E3E5D9AD4 /* Pods_Kek.framework in Frameworks */ = {isa = PBXBuildFile; fileRef = D75C53DDEEA8E94DBF8AF045 /* Pods_Kek.framework */; };
		9006CDC81E6B0A8D00B6E57B /* UIBarButtonItem.swift in Sources */ = {isa = PBXBuildFile; fileRef = 9006CDC71E6B0A8D00B6E57B /* UIBarButtonItem.swift */; };
		9006CDCB1E6B207500B6E57B /* BookmarkCell.swift in Sources */ = {isa = PBXBuildFile; fileRef = 9006CDCA1E6B207500B6E57B /* BookmarkCell.swift */; };
		9006CDCD1E6B209D00B6E57B /* LineSelectionCell.swift in Sources */ = {isa = PBXBuildFile; fileRef = 9006CDCC1E6B209D00B6E57B /* LineSelectionCell.swift */; };
		9006CDCF1E6B396600B6E57B /* LineSelectionHeaderCell.swift in Sources */ = {isa = PBXBuildFile; fileRef = 9006CDCE1E6B396600B6E57B /* LineSelectionHeaderCell.swift */; };
		9006CDD21E6B46C600B6E57B /* BookmarksDataSource.swift in Sources */ = {isa = PBXBuildFile; fileRef = 9006CDD11E6B46C600B6E57B /* BookmarksDataSource.swift */; };
		9006CDD41E6B487D00B6E57B /* Line.swift in Sources */ = {isa = PBXBuildFile; fileRef = 9006CDD31E6B487D00B6E57B /* Line.swift */; };
		9006CDD61E6B4DA700B6E57B /* LineSelectionDataSource.swift in Sources */ = {isa = PBXBuildFile; fileRef = 9006CDD51E6B4DA700B6E57B /* LineSelectionDataSource.swift */; };
		902813001E59DE4800F26027 /* UIKit.framework in Frameworks */ = {isa = PBXBuildFile; fileRef = 902812FF1E59DE4800F26027 /* UIKit.framework */; };
		902813021E59DE4E00F26027 /* MapKit.framework in Frameworks */ = {isa = PBXBuildFile; fileRef = 902813011E59DE4E00F26027 /* MapKit.framework */; };
		9039408B1E68BB4000873FBD /* CardPanelPresenter.swift in Sources */ = {isa = PBXBuildFile; fileRef = 903940881E68BB4000873FBD /* CardPanelPresenter.swift */; };
		9039408C1E68BB4000873FBD /* CardPanelTransition.swift in Sources */ = {isa = PBXBuildFile; fileRef = 903940891E68BB4000873FBD /* CardPanelTransition.swift */; };
		9039408D1E68BB4000873FBD /* CardPanelTransitionDelegate.swift in Sources */ = {isa = PBXBuildFile; fileRef = 9039408A1E68BB4000873FBD /* CardPanelTransitionDelegate.swift */; };
		903940901E68C84300873FBD /* Logging.swift in Sources */ = {isa = PBXBuildFile; fileRef = 9039408F1E68C84300873FBD /* Logging.swift */; };
		903940921E68C8B100873FBD /* Configuration.swift in Sources */ = {isa = PBXBuildFile; fileRef = 903940911E68C8B100873FBD /* Configuration.swift */; };
		906B51741E6B6A68008D52B8 /* UISegmentedControl.swift in Sources */ = {isa = PBXBuildFile; fileRef = 906B51731E6B6A68008D52B8 /* UISegmentedControl.swift */; };
		907BBCD51E6A2F5D00DE7D1D /* UIFont.swift in Sources */ = {isa = PBXBuildFile; fileRef = 907BBCD41E6A2F5C00DE7D1D /* UIFont.swift */; };
		907BBCD71E6B014D00DE7D1D /* UINavigationBar.swift in Sources */ = {isa = PBXBuildFile; fileRef = 907BBCD61E6B014D00DE7D1D /* UINavigationBar.swift */; };
		907D917D1E63A7CC00502CBD /* (null) in Embed Frameworks */ = {isa = PBXBuildFile; settings = {ATTRIBUTES = (CodeSignOnCopy, RemoveHeadersOnCopy, ); }; };
		907E45C11E68B3AD00DA8781 /* BookmarksModule.swift in Sources */ = {isa = PBXBuildFile; fileRef = 907E45BC1E68B3AD00DA8781 /* BookmarksModule.swift */; };
		907E45C21E68B3AD00DA8781 /* LineSelectionModule.swift in Sources */ = {isa = PBXBuildFile; fileRef = 907E45BD1E68B3AD00DA8781 /* LineSelectionModule.swift */; };
		907E45C31E68B3AD00DA8781 /* UserTrackingModule.swift in Sources */ = {isa = PBXBuildFile; fileRef = 907E45BE1E68B3AD00DA8781 /* UserTrackingModule.swift */; };
		907E45C41E68B3AD00DA8781 /* AppState.swift in Sources */ = {isa = PBXBuildFile; fileRef = 907E45C01E68B3AD00DA8781 /* AppState.swift */; };
		907E45C61E68B3E900DA8781 /* LineSelectionState.swift in Sources */ = {isa = PBXBuildFile; fileRef = 907E45C51E68B3E900DA8781 /* LineSelectionState.swift */; };
		907E45C81E68B3F400DA8781 /* BookmarksState.swift in Sources */ = {isa = PBXBuildFile; fileRef = 907E45C71E68B3F400DA8781 /* BookmarksState.swift */; };
		907E45CA1E68B48D00DA8781 /* LineSelectionViewController.swift in Sources */ = {isa = PBXBuildFile; fileRef = 907E45C91E68B48D00DA8781 /* LineSelectionViewController.swift */; };
		90ABD6E61E63AE0A007B583F /* CLAuthorizationStatus.swift in Sources */ = {isa = PBXBuildFile; fileRef = 90ABD6E21E63AE0A007B583F /* CLAuthorizationStatus.swift */; };
		90ABD6E71E63AE0A007B583F /* CLLocationManager.swift in Sources */ = {isa = PBXBuildFile; fileRef = 90ABD6E31E63AE0A007B583F /* CLLocationManager.swift */; };
		90ABD6E81E63AE0A007B583F /* MKUserTrackingMode.swift in Sources */ = {isa = PBXBuildFile; fileRef = 90ABD6E41E63AE0A007B583F /* MKUserTrackingMode.swift */; };
		90ABD6EB1E63AE34007B583F /* Logger.swift in Sources */ = {isa = PBXBuildFile; fileRef = 90ABD6EA1E63AE34007B583F /* Logger.swift */; };
		90ABD6EF1E64C5F1007B583F /* VehicleType.swift in Sources */ = {isa = PBXBuildFile; fileRef = 90ABD6EE1E64C5F1007B583F /* VehicleType.swift */; };
		90ABD6F11E64C624007B583F /* Bookmark.swift in Sources */ = {isa = PBXBuildFile; fileRef = 90ABD6F01E64C624007B583F /* Bookmark.swift */; };
		90DAB4CA1E639C2000B38E42 /* AppDelegate.swift in Sources */ = {isa = PBXBuildFile; fileRef = 90DAB4841E639C2000B38E42 /* AppDelegate.swift */; };
		90DAB4D51E639C2000B38E42 /* Assets.xcassets in Resources */ = {isa = PBXBuildFile; fileRef = 90DAB4991E639C2000B38E42 /* Assets.xcassets */; };
		90DAB4D61E639C2000B38E42 /* Wroclaw.gpx in Resources */ = {isa = PBXBuildFile; fileRef = 90DAB49B1E639C2000B38E42 /* Wroclaw.gpx */; };
		90DAB4F11E639C2000B38E42 /* LaunchScreen.storyboard in Resources */ = {isa = PBXBuildFile; fileRef = 90DAB4BB1E639C2000B38E42 /* LaunchScreen.storyboard */; };
		90DAB4F21E639C2000B38E42 /* Main.storyboard in Resources */ = {isa = PBXBuildFile; fileRef = 90DAB4BD1E639C2000B38E42 /* Main.storyboard */; };
		90DAB4F31E639C2000B38E42 /* BookmarksViewController.swift in Sources */ = {isa = PBXBuildFile; fileRef = 90DAB4C21E639C2000B38E42 /* BookmarksViewController.swift */; };
		90DAB4F41E639C2000B38E42 /* MapViewController.swift in Sources */ = {isa = PBXBuildFile; fileRef = 90DAB4C31E639C2000B38E42 /* MapViewController.swift */; };
		90DAB4F51E639C2000B38E42 /* MainViewController.swift in Sources */ = {isa = PBXBuildFile; fileRef = 90DAB4C41E639C2000B38E42 /* MainViewController.swift */; };
/* End PBXBuildFile section */

/* Begin PBXCopyFilesBuildPhase section */
		903075D71E5FA42A00DF4996 /* Embed Frameworks */ = {
			isa = PBXCopyFilesBuildPhase;
			buildActionMask = 2147483647;
			dstPath = "";
			dstSubfolderSpec = 10;
			files = (
				907D917D1E63A7CC00502CBD /* (null) in Embed Frameworks */,
			);
			name = "Embed Frameworks";
			runOnlyForDeploymentPostprocessing = 0;
		};
/* End PBXCopyFilesBuildPhase section */

/* Begin PBXFileReference section */
		278E1D09A47B558EB5FEB26D /* Pods-Kek.debug.xcconfig */ = {isa = PBXFileReference; includeInIndex = 1; lastKnownFileType = text.xcconfig; name = "Pods-Kek.debug.xcconfig"; path = "Pods/Target Support Files/Pods-Kek/Pods-Kek.debug.xcconfig"; sourceTree = "<group>"; };
		9006CDC71E6B0A8D00B6E57B /* UIBarButtonItem.swift */ = {isa = PBXFileReference; fileEncoding = 4; lastKnownFileType = sourcecode.swift; path = UIBarButtonItem.swift; sourceTree = "<group>"; };
		9006CDCA1E6B207500B6E57B /* BookmarkCell.swift */ = {isa = PBXFileReference; fileEncoding = 4; lastKnownFileType = sourcecode.swift; path = BookmarkCell.swift; sourceTree = "<group>"; };
		9006CDCC1E6B209D00B6E57B /* LineSelectionCell.swift */ = {isa = PBXFileReference; fileEncoding = 4; lastKnownFileType = sourcecode.swift; path = LineSelectionCell.swift; sourceTree = "<group>"; };
		9006CDCE1E6B396600B6E57B /* LineSelectionHeaderCell.swift */ = {isa = PBXFileReference; fileEncoding = 4; lastKnownFileType = sourcecode.swift; path = LineSelectionHeaderCell.swift; sourceTree = "<group>"; };
		9006CDD11E6B46C600B6E57B /* BookmarksDataSource.swift */ = {isa = PBXFileReference; fileEncoding = 4; lastKnownFileType = sourcecode.swift; path = BookmarksDataSource.swift; sourceTree = "<group>"; };
		9006CDD31E6B487D00B6E57B /* Line.swift */ = {isa = PBXFileReference; fileEncoding = 4; lastKnownFileType = sourcecode.swift; path = Line.swift; sourceTree = "<group>"; };
		9006CDD51E6B4DA700B6E57B /* LineSelectionDataSource.swift */ = {isa = PBXFileReference; fileEncoding = 4; lastKnownFileType = sourcecode.swift; path = LineSelectionDataSource.swift; sourceTree = "<group>"; };
		902812881E59DD8500F26027 /* Kek.app */ = {isa = PBXFileReference; explicitFileType = wrapper.application; includeInIndex = 0; path = Kek.app; sourceTree = BUILT_PRODUCTS_DIR; };
		902812FF1E59DE4800F26027 /* UIKit.framework */ = {isa = PBXFileReference; lastKnownFileType = wrapper.framework; name = UIKit.framework; path = Platforms/iPhoneOS.platform/Developer/SDKs/iPhoneOS10.2.sdk/System/Library/Frameworks/UIKit.framework; sourceTree = DEVELOPER_DIR; };
		902813011E59DE4E00F26027 /* MapKit.framework */ = {isa = PBXFileReference; lastKnownFileType = wrapper.framework; name = MapKit.framework; path = Platforms/iPhoneOS.platform/Developer/SDKs/iPhoneOS10.2.sdk/System/Library/Frameworks/MapKit.framework; sourceTree = DEVELOPER_DIR; };
		903940881E68BB4000873FBD /* CardPanelPresenter.swift */ = {isa = PBXFileReference; fileEncoding = 4; lastKnownFileType = sourcecode.swift; path = CardPanelPresenter.swift; sourceTree = "<group>"; };
		903940891E68BB4000873FBD /* CardPanelTransition.swift */ = {isa = PBXFileReference; fileEncoding = 4; lastKnownFileType = sourcecode.swift; path = CardPanelTransition.swift; sourceTree = "<group>"; };
		9039408A1E68BB4000873FBD /* CardPanelTransitionDelegate.swift */ = {isa = PBXFileReference; fileEncoding = 4; lastKnownFileType = sourcecode.swift; path = CardPanelTransitionDelegate.swift; sourceTree = "<group>"; };
		9039408F1E68C84300873FBD /* Logging.swift */ = {isa = PBXFileReference; fileEncoding = 4; lastKnownFileType = sourcecode.swift; path = Logging.swift; sourceTree = "<group>"; };
		903940911E68C8B100873FBD /* Configuration.swift */ = {isa = PBXFileReference; fileEncoding = 4; lastKnownFileType = sourcecode.swift; path = Configuration.swift; sourceTree = "<group>"; };
		906B51731E6B6A68008D52B8 /* UISegmentedControl.swift */ = {isa = PBXFileReference; fileEncoding = 4; lastKnownFileType = sourcecode.swift; path = UISegmentedControl.swift; sourceTree = "<group>"; };
		907BBCD41E6A2F5C00DE7D1D /* UIFont.swift */ = {isa = PBXFileReference; fileEncoding = 4; lastKnownFileType = sourcecode.swift; path = UIFont.swift; sourceTree = "<group>"; };
		907BBCD61E6B014D00DE7D1D /* UINavigationBar.swift */ = {isa = PBXFileReference; fileEncoding = 4; lastKnownFileType = sourcecode.swift; path = UINavigationBar.swift; sourceTree = "<group>"; };
		907E45BC1E68B3AD00DA8781 /* BookmarksModule.swift */ = {isa = PBXFileReference; fileEncoding = 4; lastKnownFileType = sourcecode.swift; path = BookmarksModule.swift; sourceTree = "<group>"; };
		907E45BD1E68B3AD00DA8781 /* LineSelectionModule.swift */ = {isa = PBXFileReference; fileEncoding = 4; lastKnownFileType = sourcecode.swift; path = LineSelectionModule.swift; sourceTree = "<group>"; };
		907E45BE1E68B3AD00DA8781 /* UserTrackingModule.swift */ = {isa = PBXFileReference; fileEncoding = 4; lastKnownFileType = sourcecode.swift; path = UserTrackingModule.swift; sourceTree = "<group>"; };
		907E45C01E68B3AD00DA8781 /* AppState.swift */ = {isa = PBXFileReference; fileEncoding = 4; lastKnownFileType = sourcecode.swift; path = AppState.swift; sourceTree = "<group>"; };
		907E45C51E68B3E900DA8781 /* LineSelectionState.swift */ = {isa = PBXFileReference; fileEncoding = 4; lastKnownFileType = sourcecode.swift; path = LineSelectionState.swift; sourceTree = "<group>"; };
		907E45C71E68B3F400DA8781 /* BookmarksState.swift */ = {isa = PBXFileReference; fileEncoding = 4; lastKnownFileType = sourcecode.swift; path = BookmarksState.swift; sourceTree = "<group>"; };
		907E45C91E68B48D00DA8781 /* LineSelectionViewController.swift */ = {isa = PBXFileReference; fileEncoding = 4; lastKnownFileType = sourcecode.swift; path = LineSelectionViewController.swift; sourceTree = "<group>"; };
		90ABD6E21E63AE0A007B583F /* CLAuthorizationStatus.swift */ = {isa = PBXFileReference; fileEncoding = 4; lastKnownFileType = sourcecode.swift; path = CLAuthorizationStatus.swift; sourceTree = "<group>"; };
		90ABD6E31E63AE0A007B583F /* CLLocationManager.swift */ = {isa = PBXFileReference; fileEncoding = 4; lastKnownFileType = sourcecode.swift; path = CLLocationManager.swift; sourceTree = "<group>"; };
		90ABD6E41E63AE0A007B583F /* MKUserTrackingMode.swift */ = {isa = PBXFileReference; fileEncoding = 4; lastKnownFileType = sourcecode.swift; path = MKUserTrackingMode.swift; sourceTree = "<group>"; };
		90ABD6EA1E63AE34007B583F /* Logger.swift */ = {isa = PBXFileReference; fileEncoding = 4; lastKnownFileType = sourcecode.swift; name = Logger.swift; path = Logging/Logger.swift; sourceTree = "<group>"; };
		90ABD6EE1E64C5F1007B583F /* VehicleType.swift */ = {isa = PBXFileReference; fileEncoding = 4; lastKnownFileType = sourcecode.swift; path = VehicleType.swift; sourceTree = "<group>"; };
		90ABD6F01E64C624007B583F /* Bookmark.swift */ = {isa = PBXFileReference; fileEncoding = 4; lastKnownFileType = sourcecode.swift; path = Bookmark.swift; sourceTree = "<group>"; };
		90DAB4841E639C2000B38E42 /* AppDelegate.swift */ = {isa = PBXFileReference; fileEncoding = 4; lastKnownFileType = sourcecode.swift; name = AppDelegate.swift; path = "../Application delegates/AppDelegate.swift"; sourceTree = "<group>"; };
		90DAB4861E639C2000B38E42 /* Info.plist */ = {isa = PBXFileReference; fileEncoding = 4; lastKnownFileType = text.plist.xml; path = Info.plist; sourceTree = "<group>"; };
		90DAB4991E639C2000B38E42 /* Assets.xcassets */ = {isa = PBXFileReference; lastKnownFileType = folder.assetcatalog; path = Assets.xcassets; sourceTree = "<group>"; };
		90DAB49B1E639C2000B38E42 /* Wroclaw.gpx */ = {isa = PBXFileReference; fileEncoding = 4; lastKnownFileType = text.xml; path = Wroclaw.gpx; sourceTree = "<group>"; };
		90DAB4BC1E639C2000B38E42 /* Base */ = {isa = PBXFileReference; lastKnownFileType = file.storyboard; name = Base; path = Base.lproj/LaunchScreen.storyboard; sourceTree = "<group>"; };
		90DAB4BE1E639C2000B38E42 /* Base */ = {isa = PBXFileReference; lastKnownFileType = file.storyboard; name = Base; path = Base.lproj/Main.storyboard; sourceTree = "<group>"; };
		90DAB4C21E639C2000B38E42 /* BookmarksViewController.swift */ = {isa = PBXFileReference; fileEncoding = 4; lastKnownFileType = sourcecode.swift; path = BookmarksViewController.swift; sourceTree = "<group>"; };
		90DAB4C31E639C2000B38E42 /* MapViewController.swift */ = {isa = PBXFileReference; fileEncoding = 4; lastKnownFileType = sourcecode.swift; path = MapViewController.swift; sourceTree = "<group>"; };
		90DAB4C41E639C2000B38E42 /* MainViewController.swift */ = {isa = PBXFileReference; fileEncoding = 4; lastKnownFileType = sourcecode.swift; path = MainViewController.swift; sourceTree = "<group>"; };
		A62147213F916D53F89DEC6F /* Pods-Kek.release.xcconfig */ = {isa = PBXFileReference; includeInIndex = 1; lastKnownFileType = text.xcconfig; name = "Pods-Kek.release.xcconfig"; path = "Pods/Target Support Files/Pods-Kek/Pods-Kek.release.xcconfig"; sourceTree = "<group>"; };
		D75C53DDEEA8E94DBF8AF045 /* Pods_Kek.framework */ = {isa = PBXFileReference; explicitFileType = wrapper.framework; includeInIndex = 0; path = Pods_Kek.framework; sourceTree = BUILT_PRODUCTS_DIR; };
/* End PBXFileReference section */

/* Begin PBXFrameworksBuildPhase section */
		902812851E59DD8500F26027 /* Frameworks */ = {
			isa = PBXFrameworksBuildPhase;
			buildActionMask = 2147483647;
			files = (
				902813021E59DE4E00F26027 /* MapKit.framework in Frameworks */,
				902813001E59DE4800F26027 /* UIKit.framework in Frameworks */,
				154034383A94518E3E5D9AD4 /* Pods_Kek.framework in Frameworks */,
			);
			runOnlyForDeploymentPostprocessing = 0;
		};
/* End PBXFrameworksBuildPhase section */

/* Begin PBXGroup section */
		4A3B2CBD6F0B3CF6ADE0EBAE /* Pods */ = {
			isa = PBXGroup;
			children = (
				278E1D09A47B558EB5FEB26D /* Pods-Kek.debug.xcconfig */,
				A62147213F916D53F89DEC6F /* Pods-Kek.release.xcconfig */,
			);
			name = Pods;
			sourceTree = "<group>";
		};
		9006CDC91E6B207500B6E57B /* Cells */ = {
			isa = PBXGroup;
			children = (
				9006CDCC1E6B209D00B6E57B /* LineSelectionCell.swift */,
				9006CDCE1E6B396600B6E57B /* LineSelectionHeaderCell.swift */,
				9006CDCA1E6B207500B6E57B /* BookmarkCell.swift */,
			);
			path = Cells;
			sourceTree = "<group>";
		};
		9006CDD01E6B469600B6E57B /* DataSources */ = {
			isa = PBXGroup;
			children = (
				9006CDD51E6B4DA700B6E57B /* LineSelectionDataSource.swift */,
				9006CDD11E6B46C600B6E57B /* BookmarksDataSource.swift */,
			);
			path = DataSources;
			sourceTree = "<group>";
		};
		902812FE1E59DE4800F26027 /* Frameworks */ = {
			isa = PBXGroup;
			children = (
				902813011E59DE4E00F26027 /* MapKit.framework */,
				902812FF1E59DE4800F26027 /* UIKit.framework */,
				D75C53DDEEA8E94DBF8AF045 /* Pods_Kek.framework */,
			);
			name = Frameworks;
			sourceTree = "<group>";
		};
		903940871E68BB4000873FBD /* CardPanelTransition */ = {
			isa = PBXGroup;
			children = (
				903940881E68BB4000873FBD /* CardPanelPresenter.swift */,
				903940891E68BB4000873FBD /* CardPanelTransition.swift */,
				9039408A1E68BB4000873FBD /* CardPanelTransitionDelegate.swift */,
			);
			path = CardPanelTransition;
			sourceTree = "<group>";
		};
		9039408E1E68C81200873FBD /* Middleware */ = {
			isa = PBXGroup;
			children = (
				9039408F1E68C84300873FBD /* Logging.swift */,
			);
			path = Middleware;
			sourceTree = "<group>";
		};
		907E45BB1E68B3AD00DA8781 /* Modules */ = {
			isa = PBXGroup;
			children = (
				907E45BE1E68B3AD00DA8781 /* UserTrackingModule.swift */,
				907E45BD1E68B3AD00DA8781 /* LineSelectionModule.swift */,
				907E45BC1E68B3AD00DA8781 /* BookmarksModule.swift */,
			);
			path = Modules;
			sourceTree = "<group>";
		};
		907E45BF1E68B3AD00DA8781 /* State */ = {
			isa = PBXGroup;
			children = (
				907E45C01E68B3AD00DA8781 /* AppState.swift */,
				907E45C51E68B3E900DA8781 /* LineSelectionState.swift */,
				907E45C71E68B3F400DA8781 /* BookmarksState.swift */,
			);
			path = State;
			sourceTree = "<group>";
		};
		90ABD6DF1E63AE0A007B583F /* Utils */ = {
			isa = PBXGroup;
			children = (
				90ABD6E91E63AE17007B583F /* Logging */,
				90ABD6E01E63AE0A007B583F /* Extensions */,
			);
			path = Utils;
			sourceTree = "<group>";
		};
		90ABD6E01E63AE0A007B583F /* Extensions */ = {
			isa = PBXGroup;
			children = (
				90ABD6E11E63AE0A007B583F /* MapKit */,
				90ABD6E51E63AE0A007B583F /* UIKit */,
			);
			path = Extensions;
			sourceTree = "<group>";
		};
		90ABD6E11E63AE0A007B583F /* MapKit */ = {
			isa = PBXGroup;
			children = (
				90ABD6E21E63AE0A007B583F /* CLAuthorizationStatus.swift */,
				90ABD6E31E63AE0A007B583F /* CLLocationManager.swift */,
				90ABD6E41E63AE0A007B583F /* MKUserTrackingMode.swift */,
			);
			path = MapKit;
			sourceTree = "<group>";
		};
		90ABD6E51E63AE0A007B583F /* UIKit */ = {
			isa = PBXGroup;
			children = (
				907BBCD41E6A2F5C00DE7D1D /* UIFont.swift */,
				907BBCD61E6B014D00DE7D1D /* UINavigationBar.swift */,
				9006CDC71E6B0A8D00B6E57B /* UIBarButtonItem.swift */,
				906B51731E6B6A68008D52B8 /* UISegmentedControl.swift */,
			);
			path = UIKit;
			sourceTree = "<group>";
		};
		90ABD6E91E63AE17007B583F /* Logging */ = {
			isa = PBXGroup;
			children = (
				90ABD6EA1E63AE34007B583F /* Logger.swift */,
			);
			name = Logging;
			sourceTree = "<group>";
		};
		90DAB4831E639C2000B38E42 /* Application delegates */ = {
			isa = PBXGroup;
			children = (
				90DAB4841E639C2000B38E42 /* AppDelegate.swift */,
			);
			name = "Application delegates";
			path = "Application Delegates";
			sourceTree = "<group>";
		};
		90DAB4851E639C2000B38E42 /* Configuration */ = {
			isa = PBXGroup;
			children = (
				90DAB4861E639C2000B38E42 /* Info.plist */,
			);
			path = Configuration;
			sourceTree = "<group>";
		};
		90DAB4871E639C2000B38E42 /* Data */ = {
			isa = PBXGroup;
			children = (
				90DAB4881E639C2000B38E42 /* Core types */,
			);
			path = Data;
			sourceTree = "<group>";
		};
		90DAB4881E639C2000B38E42 /* Core types */ = {
			isa = PBXGroup;
			children = (
				90ABD6EE1E64C5F1007B583F /* VehicleType.swift */,
				9006CDD31E6B487D00B6E57B /* Line.swift */,
				90ABD6F01E64C624007B583F /* Bookmark.swift */,
			);
			path = "Core types";
			sourceTree = "<group>";
		};
		90DAB4901E639C2000B38E42 /* Redux */ = {
			isa = PBXGroup;
			children = (
				907E45BF1E68B3AD00DA8781 /* State */,
				9039408E1E68C81200873FBD /* Middleware */,
				907E45BB1E68B3AD00DA8781 /* Modules */,
				903940911E68C8B100873FBD /* Configuration.swift */,
			);
			path = Redux;
			sourceTree = "<group>";
		};
		90DAB4981E639C2000B38E42 /* Resources */ = {
			isa = PBXGroup;
			children = (
				90DAB49A1E639C2000B38E42 /* Locations */,
				90DAB4991E639C2000B38E42 /* Assets.xcassets */,
			);
			path = Resources;
			sourceTree = "<group>";
		};
		90DAB49A1E639C2000B38E42 /* Locations */ = {
			isa = PBXGroup;
			children = (
				90DAB49B1E639C2000B38E42 /* Wroclaw.gpx */,
			);
			path = Locations;
			sourceTree = "<group>";
		};
		90DAB4BA1E639C2000B38E42 /* Storyboards */ = {
			isa = PBXGroup;
			children = (
				90DAB4BD1E639C2000B38E42 /* Main.storyboard */,
				90DAB4BB1E639C2000B38E42 /* LaunchScreen.storyboard */,
			);
			path = Storyboards;
			sourceTree = "<group>";
		};
		90DAB4BF1E639C2000B38E42 /* View Controllers */ = {
			isa = PBXGroup;
			children = (
				90DAB4C01E639C2000B38E42 /* MainViewController */,
			);
			path = "View Controllers";
			sourceTree = "<group>";
		};
		90DAB4C01E639C2000B38E42 /* MainViewController */ = {
			isa = PBXGroup;
			children = (
				903940871E68BB4000873FBD /* CardPanelTransition */,
				9006CDC91E6B207500B6E57B /* Cells */,
				9006CDD01E6B469600B6E57B /* DataSources */,
				90DAB4C11E639C2000B38E42 /* ChildViewControllers */,
				90DAB4C41E639C2000B38E42 /* MainViewController.swift */,
			);
			path = MainViewController;
			sourceTree = "<group>";
		};
		90DAB4C11E639C2000B38E42 /* ChildViewControllers */ = {
			isa = PBXGroup;
			children = (
				90DAB4C31E639C2000B38E42 /* MapViewController.swift */,
				907E45C91E68B48D00DA8781 /* LineSelectionViewController.swift */,
				90DAB4C21E639C2000B38E42 /* BookmarksViewController.swift */,
			);
			path = ChildViewControllers;
			sourceTree = "<group>";
		};
		OBJ_41 /* Tests */ = {
			isa = PBXGroup;
			children = (
			);
			path = Tests;
			sourceTree = "<group>";
		};
		OBJ_42 /* Products */ = {
			isa = PBXGroup;
			children = (
				902812881E59DD8500F26027 /* Kek.app */,
			);
			name = Products;
			sourceTree = BUILT_PRODUCTS_DIR;
		};
		OBJ_5 = {
			isa = PBXGroup;
			children = (
				OBJ_7 /* Sources */,
				OBJ_41 /* Tests */,
				4A3B2CBD6F0B3CF6ADE0EBAE /* Pods */,
				902812FE1E59DE4800F26027 /* Frameworks */,
				OBJ_42 /* Products */,
			);
			sourceTree = "<group>";
		};
		OBJ_7 /* Sources */ = {
			isa = PBXGroup;
			children = (
				90DAB4981E639C2000B38E42 /* Resources */,
				90DAB4831E639C2000B38E42 /* Application delegates */,
				90DAB4851E639C2000B38E42 /* Configuration */,
				90DAB4871E639C2000B38E42 /* Data */,
				90DAB4901E639C2000B38E42 /* Redux */,
				90ABD6DF1E63AE0A007B583F /* Utils */,
				90DAB4BF1E639C2000B38E42 /* View Controllers */,
				90DAB4BA1E639C2000B38E42 /* Storyboards */,
			);
			path = Sources;
			sourceTree = "<group>";
		};
/* End PBXGroup section */

/* Begin PBXNativeTarget section */
		902812871E59DD8500F26027 /* Kek */ = {
			isa = PBXNativeTarget;
			buildConfigurationList = 902812971E59DD8500F26027 /* Build configuration list for PBXNativeTarget "Kek" */;
			buildPhases = (
				355FAE024C9C1A8DC1CEB679 /* [CP] Check Pods Manifest.lock */,
				902812841E59DD8500F26027 /* Sources */,
				902812851E59DD8500F26027 /* Frameworks */,
				902812861E59DD8500F26027 /* Resources */,
				903075D71E5FA42A00DF4996 /* Embed Frameworks */,
				7C6B10EE542CE6054AEF38F4 /* [CP] Embed Pods Frameworks */,
				77687F7431E0E8C5EE44996A /* [CP] Copy Pods Resources */,
			);
			buildRules = (
			);
			dependencies = (
			);
			name = Kek;
			productName = Kek;
			productReference = 902812881E59DD8500F26027 /* Kek.app */;
			productType = "com.apple.product-type.application";
		};
/* End PBXNativeTarget section */

/* Begin PBXProject section */
		OBJ_1 /* Project object */ = {
			isa = PBXProject;
			attributes = {
				LastSwiftUpdateCheck = 0820;
				LastUpgradeCheck = 9999;
				TargetAttributes = {
					902812871E59DD8500F26027 = {
						CreatedOnToolsVersion = 8.2.1;
						DevelopmentTeam = AEAQ6C3MPC;
						ProvisioningStyle = Automatic;
					};
				};
			};
			buildConfigurationList = OBJ_2 /* Build configuration list for PBXProject "Kek" */;
			compatibilityVersion = "Xcode 3.2";
			developmentRegion = English;
			hasScannedForEncodings = 0;
			knownRegions = (
				en,
				Base,
			);
			mainGroup = OBJ_5;
			productRefGroup = OBJ_42 /* Products */;
			projectDirPath = "";
			projectRoot = "";
			targets = (
				902812871E59DD8500F26027 /* Kek */,
			);
		};
/* End PBXProject section */

/* Begin PBXResourcesBuildPhase section */
		902812861E59DD8500F26027 /* Resources */ = {
			isa = PBXResourcesBuildPhase;
			buildActionMask = 2147483647;
			files = (
				90DAB4D51E639C2000B38E42 /* Assets.xcassets in Resources */,
				90DAB4F11E639C2000B38E42 /* LaunchScreen.storyboard in Resources */,
				90DAB4D61E639C2000B38E42 /* Wroclaw.gpx in Resources */,
				90DAB4F21E639C2000B38E42 /* Main.storyboard in Resources */,
			);
			runOnlyForDeploymentPostprocessing = 0;
		};
/* End PBXResourcesBuildPhase section */

/* Begin PBXShellScriptBuildPhase section */
		355FAE024C9C1A8DC1CEB679 /* [CP] Check Pods Manifest.lock */ = {
			isa = PBXShellScriptBuildPhase;
			buildActionMask = 2147483647;
			files = (
			);
			inputPaths = (
			);
			name = "[CP] Check Pods Manifest.lock";
			outputPaths = (
			);
			runOnlyForDeploymentPostprocessing = 0;
			shellPath = /bin/sh;
			shellScript = "diff \"${PODS_ROOT}/../Podfile.lock\" \"${PODS_ROOT}/Manifest.lock\" > /dev/null\nif [ $? != 0 ] ; then\n    # print error to STDERR\n    echo \"error: The sandbox is not in sync with the Podfile.lock. Run 'pod install' or update your CocoaPods installation.\" >&2\n    exit 1\nfi\n";
			showEnvVarsInLog = 0;
		};
		77687F7431E0E8C5EE44996A /* [CP] Copy Pods Resources */ = {
			isa = PBXShellScriptBuildPhase;
			buildActionMask = 2147483647;
			files = (
			);
			inputPaths = (
			);
			name = "[CP] Copy Pods Resources";
			outputPaths = (
			);
			runOnlyForDeploymentPostprocessing = 0;
			shellPath = /bin/sh;
			shellScript = "\"${SRCROOT}/Pods/Target Support Files/Pods-Kek/Pods-Kek-resources.sh\"\n";
			showEnvVarsInLog = 0;
		};
		7C6B10EE542CE6054AEF38F4 /* [CP] Embed Pods Frameworks */ = {
			isa = PBXShellScriptBuildPhase;
			buildActionMask = 2147483647;
			files = (
			);
			inputPaths = (
			);
			name = "[CP] Embed Pods Frameworks";
			outputPaths = (
			);
			runOnlyForDeploymentPostprocessing = 0;
			shellPath = /bin/sh;
			shellScript = "\"${SRCROOT}/Pods/Target Support Files/Pods-Kek/Pods-Kek-frameworks.sh\"\n";
			showEnvVarsInLog = 0;
		};
/* End PBXShellScriptBuildPhase section */

/* Begin PBXSourcesBuildPhase section */
		902812841E59DD8500F26027 /* Sources */ = {
			isa = PBXSourcesBuildPhase;
			buildActionMask = 2147483647;
			files = (
				90DAB4F51E639C2000B38E42 /* MainViewController.swift in Sources */,
				9006CDC81E6B0A8D00B6E57B /* UIBarButtonItem.swift in Sources */,
				907BBCD71E6B014D00DE7D1D /* UINavigationBar.swift in Sources */,
				903940901E68C84300873FBD /* Logging.swift in Sources */,
				907E45C41E68B3AD00DA8781 /* AppState.swift in Sources */,
				9006CDCF1E6B396600B6E57B /* LineSelectionHeaderCell.swift in Sources */,
				90ABD6EF1E64C5F1007B583F /* VehicleType.swift in Sources */,
				907E45C61E68B3E900DA8781 /* LineSelectionState.swift in Sources */,
				9006CDD61E6B4DA700B6E57B /* LineSelectionDataSource.swift in Sources */,
				90ABD6E71E63AE0A007B583F /* CLLocationManager.swift in Sources */,
				9006CDCD1E6B209D00B6E57B /* LineSelectionCell.swift in Sources */,
				90DAB4CA1E639C2000B38E42 /* AppDelegate.swift in Sources */,
				9039408D1E68BB4000873FBD /* CardPanelTransitionDelegate.swift in Sources */,
				9006CDCB1E6B207500B6E57B /* BookmarkCell.swift in Sources */,
				906B51741E6B6A68008D52B8 /* UISegmentedControl.swift in Sources */,
				90ABD6E81E63AE0A007B583F /* MKUserTrackingMode.swift in Sources */,
				9039408B1E68BB4000873FBD /* CardPanelPresenter.swift in Sources */,
				90DAB4F31E639C2000B38E42 /* BookmarksViewController.swift in Sources */,
				907E45CA1E68B48D00DA8781 /* LineSelectionViewController.swift in Sources */,
				9006CDD21E6B46C600B6E57B /* BookmarksDataSource.swift in Sources */,
				907E45C21E68B3AD00DA8781 /* LineSelectionModule.swift in Sources */,
				90ABD6EB1E63AE34007B583F /* Logger.swift in Sources */,
				9006CDD41E6B487D00B6E57B /* Line.swift in Sources */,
				90DAB4F41E639C2000B38E42 /* MapViewController.swift in Sources */,
				90ABD6F11E64C624007B583F /* Bookmark.swift in Sources */,
				903940921E68C8B100873FBD /* Configuration.swift in Sources */,
				907E45C31E68B3AD00DA8781 /* UserTrackingModule.swift in Sources */,
				907E45C81E68B3F400DA8781 /* BookmarksState.swift in Sources */,
				90ABD6E61E63AE0A007B583F /* CLAuthorizationStatus.swift in Sources */,
				907BBCD51E6A2F5D00DE7D1D /* UIFont.swift in Sources */,
				9039408C1E68BB4000873FBD /* CardPanelTransition.swift in Sources */,
				907E45C11E68B3AD00DA8781 /* BookmarksModule.swift in Sources */,
			);
			runOnlyForDeploymentPostprocessing = 0;
		};
/* End PBXSourcesBuildPhase section */

/* Begin PBXVariantGroup section */
		90DAB4BB1E639C2000B38E42 /* LaunchScreen.storyboard */ = {
			isa = PBXVariantGroup;
			children = (
				90DAB4BC1E639C2000B38E42 /* Base */,
			);
			name = LaunchScreen.storyboard;
			sourceTree = "<group>";
		};
		90DAB4BD1E639C2000B38E42 /* Main.storyboard */ = {
			isa = PBXVariantGroup;
			children = (
				90DAB4BE1E639C2000B38E42 /* Base */,
			);
			name = Main.storyboard;
			sourceTree = "<group>";
		};
/* End PBXVariantGroup section */

/* Begin XCBuildConfiguration section */
		902812981E59DD8500F26027 /* Debug */ = {
			isa = XCBuildConfiguration;
			baseConfigurationReference = 278E1D09A47B558EB5FEB26D /* Pods-Kek.debug.xcconfig */;
			buildSettings = {
				ALWAYS_SEARCH_USER_PATHS = NO;
				ASSETCATALOG_COMPILER_APPICON_NAME = AppIcon;
				CLANG_ANALYZER_NONNULL = YES;
				CLANG_CXX_LANGUAGE_STANDARD = "gnu++0x";
				CLANG_CXX_LIBRARY = "libc++";
				CLANG_ENABLE_MODULES = YES;
				CLANG_ENABLE_OBJC_ARC = YES;
				CLANG_WARN_BOOL_CONVERSION = YES;
				CLANG_WARN_CONSTANT_CONVERSION = YES;
				CLANG_WARN_DIRECT_OBJC_ISA_USAGE = YES_ERROR;
				CLANG_WARN_DOCUMENTATION_COMMENTS = YES;
				CLANG_WARN_EMPTY_BODY = YES;
				CLANG_WARN_ENUM_CONVERSION = YES;
				CLANG_WARN_INFINITE_RECURSION = YES;
				CLANG_WARN_INT_CONVERSION = YES;
				CLANG_WARN_OBJC_ROOT_CLASS = YES_ERROR;
				CLANG_WARN_SUSPICIOUS_MOVE = YES;
				CLANG_WARN_UNREACHABLE_CODE = YES;
				CLANG_WARN__DUPLICATE_METHOD_MATCH = YES;
				"CODE_SIGN_IDENTITY[sdk=iphoneos*]" = "iPhone Developer";
				DEVELOPMENT_TEAM = AEAQ6C3MPC;
				ENABLE_STRICT_OBJC_MSGSEND = YES;
				ENABLE_TESTABILITY = YES;
				FRAMEWORK_SEARCH_PATHS = (
					"$(inherited)",
					"$(PROJECT_DIR)/build/Debug-iphoneos",
				);
				GCC_C_LANGUAGE_STANDARD = gnu99;
				GCC_DYNAMIC_NO_PIC = NO;
				GCC_NO_COMMON_BLOCKS = YES;
				GCC_PREPROCESSOR_DEFINITIONS = (
					"DEBUG=1",
					"$(inherited)",
				);
				GCC_WARN_64_TO_32_BIT_CONVERSION = YES;
				GCC_WARN_ABOUT_RETURN_TYPE = YES_ERROR;
				GCC_WARN_UNDECLARED_SELECTOR = YES;
				GCC_WARN_UNINITIALIZED_AUTOS = YES_AGGRESSIVE;
				GCC_WARN_UNUSED_FUNCTION = YES;
				GCC_WARN_UNUSED_VARIABLE = YES;
				INFOPLIST_FILE = "$(SRCROOT)/Sources/Configuration/Info.plist";
				IPHONEOS_DEPLOYMENT_TARGET = 10.2;
				LD_RUNPATH_SEARCH_PATHS = "$(inherited) @executable_path/Frameworks";
				MTL_ENABLE_DEBUG_INFO = YES;
				PRODUCT_BUNDLE_IDENTIFIER = NoPoint.Kek;
				PRODUCT_NAME = "$(TARGET_NAME)";
				SDKROOT = iphoneos;
				SWIFT_ACTIVE_COMPILATION_CONDITIONS = DEBUG;
				SWIFT_VERSION = 3.0;
			};
			name = Debug;
		};
		902812991E59DD8500F26027 /* Release */ = {
			isa = XCBuildConfiguration;
			baseConfigurationReference = A62147213F916D53F89DEC6F /* Pods-Kek.release.xcconfig */;
			buildSettings = {
				ALWAYS_SEARCH_USER_PATHS = NO;
				ASSETCATALOG_COMPILER_APPICON_NAME = AppIcon;
				CLANG_ANALYZER_NONNULL = YES;
				CLANG_CXX_LANGUAGE_STANDARD = "gnu++0x";
				CLANG_CXX_LIBRARY = "libc++";
				CLANG_ENABLE_MODULES = YES;
				CLANG_ENABLE_OBJC_ARC = YES;
				CLANG_WARN_BOOL_CONVERSION = YES;
				CLANG_WARN_CONSTANT_CONVERSION = YES;
				CLANG_WARN_DIRECT_OBJC_ISA_USAGE = YES_ERROR;
				CLANG_WARN_DOCUMENTATION_COMMENTS = YES;
				CLANG_WARN_EMPTY_BODY = YES;
				CLANG_WARN_ENUM_CONVERSION = YES;
				CLANG_WARN_INFINITE_RECURSION = YES;
				CLANG_WARN_INT_CONVERSION = YES;
				CLANG_WARN_OBJC_ROOT_CLASS = YES_ERROR;
				CLANG_WARN_SUSPICIOUS_MOVE = YES;
				CLANG_WARN_UNREACHABLE_CODE = YES;
				CLANG_WARN__DUPLICATE_METHOD_MATCH = YES;
				"CODE_SIGN_IDENTITY[sdk=iphoneos*]" = "iPhone Developer";
				COPY_PHASE_STRIP = NO;
				DEVELOPMENT_TEAM = AEAQ6C3MPC;
				ENABLE_NS_ASSERTIONS = NO;
				ENABLE_STRICT_OBJC_MSGSEND = YES;
				FRAMEWORK_SEARCH_PATHS = (
					"$(inherited)",
					"$(PROJECT_DIR)/build/Debug-iphoneos",
				);
				GCC_C_LANGUAGE_STANDARD = gnu99;
				GCC_NO_COMMON_BLOCKS = YES;
				GCC_WARN_64_TO_32_BIT_CONVERSION = YES;
				GCC_WARN_ABOUT_RETURN_TYPE = YES_ERROR;
				GCC_WARN_UNDECLARED_SELECTOR = YES;
				GCC_WARN_UNINITIALIZED_AUTOS = YES_AGGRESSIVE;
				GCC_WARN_UNUSED_FUNCTION = YES;
				GCC_WARN_UNUSED_VARIABLE = YES;
				INFOPLIST_FILE = "$(SRCROOT)/Sources/Configuration/Info.plist";
				IPHONEOS_DEPLOYMENT_TARGET = 10.2;
				LD_RUNPATH_SEARCH_PATHS = "$(inherited) @executable_path/Frameworks";
				MTL_ENABLE_DEBUG_INFO = NO;
				PRODUCT_BUNDLE_IDENTIFIER = NoPoint.Kek;
				PRODUCT_NAME = "$(TARGET_NAME)";
				SDKROOT = iphoneos;
				SWIFT_OPTIMIZATION_LEVEL = "-Owholemodule";
				SWIFT_VERSION = 3.0;
				VALIDATE_PRODUCT = YES;
			};
			name = Release;
		};
		OBJ_3 /* Debug */ = {
			isa = XCBuildConfiguration;
			buildSettings = {
				COMBINE_HIDPI_IMAGES = YES;
				COPY_PHASE_STRIP = NO;
				DEBUG_INFORMATION_FORMAT = dwarf;
				DYLIB_INSTALL_NAME_BASE = "@rpath";
				ENABLE_NS_ASSERTIONS = YES;
				GCC_OPTIMIZATION_LEVEL = 0;
				MACOSX_DEPLOYMENT_TARGET = 10.10;
				ONLY_ACTIVE_ARCH = YES;
				OTHER_SWIFT_FLAGS = "-DXcode";
				PRODUCT_NAME = "$(TARGET_NAME)";
				SDKROOT = macosx;
				SUPPORTED_PLATFORMS = "macosx iphoneos iphonesimulator appletvos appletvsimulator watchos watchsimulator";
				SWIFT_ACTIVE_COMPILATION_CONDITIONS = SWIFT_PACKAGE;
				SWIFT_OPTIMIZATION_LEVEL = "-Onone";
				SWIFT_VERSION = 3.0;
				USE_HEADERMAP = NO;
			};
			name = Debug;
		};
		OBJ_4 /* Release */ = {
			isa = XCBuildConfiguration;
			buildSettings = {
				COMBINE_HIDPI_IMAGES = YES;
				COPY_PHASE_STRIP = YES;
				DEBUG_INFORMATION_FORMAT = "dwarf-with-dsym";
				DYLIB_INSTALL_NAME_BASE = "@rpath";
				GCC_OPTIMIZATION_LEVEL = s;
				MACOSX_DEPLOYMENT_TARGET = 10.10;
				OTHER_SWIFT_FLAGS = "-DXcode";
				PRODUCT_NAME = "$(TARGET_NAME)";
				SDKROOT = macosx;
				SUPPORTED_PLATFORMS = "macosx iphoneos iphonesimulator appletvos appletvsimulator watchos watchsimulator";
				SWIFT_ACTIVE_COMPILATION_CONDITIONS = SWIFT_PACKAGE;
				SWIFT_OPTIMIZATION_LEVEL = "-O";
				SWIFT_VERSION = 3.0;
				USE_HEADERMAP = NO;
			};
			name = Release;
		};
/* End XCBuildConfiguration section */

/* Begin XCConfigurationList section */
		902812971E59DD8500F26027 /* Build configuration list for PBXNativeTarget "Kek" */ = {
			isa = XCConfigurationList;
			buildConfigurations = (
				902812981E59DD8500F26027 /* Debug */,
				902812991E59DD8500F26027 /* Release */,
			);
			defaultConfigurationIsVisible = 0;
			defaultConfigurationName = Debug;
		};
		OBJ_2 /* Build configuration list for PBXProject "Kek" */ = {
			isa = XCConfigurationList;
			buildConfigurations = (
				OBJ_3 /* Debug */,
				OBJ_4 /* Release */,
			);
			defaultConfigurationIsVisible = 0;
			defaultConfigurationName = Debug;
		};
/* End XCConfigurationList section */
	};
	rootObject = OBJ_1 /* Project object */;
}
