// !$*UTF8*$!
{
	archiveVersion = 1;
	classes = {
	};
	objectVersion = 46;
	objects = {

/* Begin PBXBuildFile section */
		154034383A94518E3E5D9AD4 /* Pods_Kek.framework in Frameworks */ = {isa = PBXBuildFile; fileRef = D75C53DDEEA8E94DBF8AF045 /* Pods_Kek.framework */; };
		902813001E59DE4800F26027 /* UIKit.framework in Frameworks */ = {isa = PBXBuildFile; fileRef = 902812FF1E59DE4800F26027 /* UIKit.framework */; };
		902813021E59DE4E00F26027 /* MapKit.framework in Frameworks */ = {isa = PBXBuildFile; fileRef = 902813011E59DE4E00F26027 /* MapKit.framework */; };
		907D917D1E63A7CC00502CBD /* (null) in Embed Frameworks */ = {isa = PBXBuildFile; settings = {ATTRIBUTES = (CodeSignOnCopy, RemoveHeadersOnCopy, ); }; };
		90DAB4CA1E639C2000B38E42 /* AppDelegate.swift in Sources */ = {isa = PBXBuildFile; fileRef = 90DAB4841E639C2000B38E42 /* AppDelegate.swift */; };
		90DAB4CB1E639C2000B38E42 /* Info.plist in Resources */ = {isa = PBXBuildFile; fileRef = 90DAB4861E639C2000B38E42 /* Info.plist */; };
		90DAB4CC1E639C2000B38E42 /* Types.swift in Sources */ = {isa = PBXBuildFile; fileRef = 90DAB4891E639C2000B38E42 /* Types.swift */; };
		90DAB4CD1E639C2000B38E42 /* CLAuthorizationStatus.swift in Sources */ = {isa = PBXBuildFile; fileRef = 90DAB48C1E639C2000B38E42 /* CLAuthorizationStatus.swift */; };
		90DAB4CE1E639C2000B38E42 /* CLLocationManager.swift in Sources */ = {isa = PBXBuildFile; fileRef = 90DAB48D1E639C2000B38E42 /* CLLocationManager.swift */; };
		90DAB4CF1E639C2000B38E42 /* MKUserTrackingMode.swift in Sources */ = {isa = PBXBuildFile; fileRef = 90DAB48E1E639C2000B38E42 /* MKUserTrackingMode.swift */; };
		90DAB4D01E639C2000B38E42 /* SetBookmarksVisibility.swift in Sources */ = {isa = PBXBuildFile; fileRef = 90DAB4921E639C2000B38E42 /* SetBookmarksVisibility.swift */; };
		90DAB4D11E639C2000B38E42 /* SetUserTrackingMode.swift in Sources */ = {isa = PBXBuildFile; fileRef = 90DAB4931E639C2000B38E42 /* SetUserTrackingMode.swift */; };
		90DAB4D21E639C2000B38E42 /* AppReducer.swift in Sources */ = {isa = PBXBuildFile; fileRef = 90DAB4941E639C2000B38E42 /* AppReducer.swift */; };
		90DAB4D31E639C2000B38E42 /* AppState.swift in Sources */ = {isa = PBXBuildFile; fileRef = 90DAB4951E639C2000B38E42 /* AppState.swift */; };
		90DAB4D41E639C2000B38E42 /* ApplicableAction.swift in Sources */ = {isa = PBXBuildFile; fileRef = 90DAB4971E639C2000B38E42 /* ApplicableAction.swift */; };
		90DAB4D51E639C2000B38E42 /* Assets.xcassets in Resources */ = {isa = PBXBuildFile; fileRef = 90DAB4991E639C2000B38E42 /* Assets.xcassets */; };
		90DAB4D61E639C2000B38E42 /* Wroclaw.gpx in Resources */ = {isa = PBXBuildFile; fileRef = 90DAB49B1E639C2000B38E42 /* Wroclaw.gpx */; };
		90DAB4D71E639C2000B38E42 /* apple.svg in Resources */ = {isa = PBXBuildFile; fileRef = 90DAB49F1E639C2000B38E42 /* apple.svg */; };
		90DAB4D81E639C2000B38E42 /* bus.svg in Resources */ = {isa = PBXBuildFile; fileRef = 90DAB4A01E639C2000B38E42 /* bus.svg */; };
		90DAB4D91E639C2000B38E42 /* location.pdf in Resources */ = {isa = PBXBuildFile; fileRef = 90DAB4A11E639C2000B38E42 /* location.pdf */; };
		90DAB4DA1E639C2000B38E42 /* location.svg in Resources */ = {isa = PBXBuildFile; fileRef = 90DAB4A21E639C2000B38E42 /* location.svg */; };
		90DAB4DB1E639C2000B38E42 /* love.pdf in Resources */ = {isa = PBXBuildFile; fileRef = 90DAB4A31E639C2000B38E42 /* love.pdf */; };
		90DAB4DC1E639C2000B38E42 /* love.svg in Resources */ = {isa = PBXBuildFile; fileRef = 90DAB4A41E639C2000B38E42 /* love.svg */; };
		90DAB4DD1E639C2000B38E42 /* music.pdf in Resources */ = {isa = PBXBuildFile; fileRef = 90DAB4A51E639C2000B38E42 /* music.pdf */; };
		90DAB4DE1E639C2000B38E42 /* music.svg in Resources */ = {isa = PBXBuildFile; fileRef = 90DAB4A61E639C2000B38E42 /* music.svg */; };
		90DAB4DF1E639C2000B38E42 /* share.svg in Resources */ = {isa = PBXBuildFile; fileRef = 90DAB4A71E639C2000B38E42 /* share.svg */; };
		90DAB4E01E639C2000B38E42 /* symbol.pdf in Resources */ = {isa = PBXBuildFile; fileRef = 90DAB4A81E639C2000B38E42 /* symbol.pdf */; };
		90DAB4E11E639C2000B38E42 /* symbol.svg in Resources */ = {isa = PBXBuildFile; fileRef = 90DAB4A91E639C2000B38E42 /* symbol.svg */; };
		90DAB4E21E639C2000B38E42 /* tomato.svg in Resources */ = {isa = PBXBuildFile; fileRef = 90DAB4AA1E639C2000B38E42 /* tomato.svg */; };
		90DAB4E31E639C2000B38E42 /* train.svg in Resources */ = {isa = PBXBuildFile; fileRef = 90DAB4AB1E639C2000B38E42 /* train.svg */; };
		90DAB4E41E639C2000B38E42 /* favorites1.pdf in Resources */ = {isa = PBXBuildFile; fileRef = 90DAB4AD1E639C2000B38E42 /* favorites1.pdf */; };
		90DAB4E51E639C2000B38E42 /* favorites1.svg in Resources */ = {isa = PBXBuildFile; fileRef = 90DAB4AE1E639C2000B38E42 /* favorites1.svg */; };
		90DAB4E61E639C2000B38E42 /* favorites2.pdf in Resources */ = {isa = PBXBuildFile; fileRef = 90DAB4AF1E639C2000B38E42 /* favorites2.pdf */; };
		90DAB4E71E639C2000B38E42 /* favorites2.svg in Resources */ = {isa = PBXBuildFile; fileRef = 90DAB4B01E639C2000B38E42 /* favorites2.svg */; };
		90DAB4E81E639C2000B38E42 /* location_empty.pdf in Resources */ = {isa = PBXBuildFile; fileRef = 90DAB4B11E639C2000B38E42 /* location_empty.pdf */; };
		90DAB4E91E639C2000B38E42 /* location_empty.svg in Resources */ = {isa = PBXBuildFile; fileRef = 90DAB4B21E639C2000B38E42 /* location_empty.svg */; };
		90DAB4EA1E639C2000B38E42 /* location_filled.pdf in Resources */ = {isa = PBXBuildFile; fileRef = 90DAB4B31E639C2000B38E42 /* location_filled.pdf */; };
		90DAB4EB1E639C2000B38E42 /* location_filled.svg in Resources */ = {isa = PBXBuildFile; fileRef = 90DAB4B41E639C2000B38E42 /* location_filled.svg */; };
		90DAB4EC1E639C2000B38E42 /* search.pdf in Resources */ = {isa = PBXBuildFile; fileRef = 90DAB4B51E639C2000B38E42 /* search.pdf */; };
		90DAB4ED1E639C2000B38E42 /* search.svg in Resources */ = {isa = PBXBuildFile; fileRef = 90DAB4B61E639C2000B38E42 /* search.svg */; };
		90DAB4EE1E639C2000B38E42 /* settings.pdf in Resources */ = {isa = PBXBuildFile; fileRef = 90DAB4B71E639C2000B38E42 /* settings.pdf */; };
		90DAB4EF1E639C2000B38E42 /* settings.svg in Resources */ = {isa = PBXBuildFile; fileRef = 90DAB4B81E639C2000B38E42 /* settings.svg */; };
		90DAB4F01E639C2000B38E42 /* license.pdf in Resources */ = {isa = PBXBuildFile; fileRef = 90DAB4B91E639C2000B38E42 /* license.pdf */; };
		90DAB4F11E639C2000B38E42 /* LaunchScreen.storyboard in Resources */ = {isa = PBXBuildFile; fileRef = 90DAB4BB1E639C2000B38E42 /* LaunchScreen.storyboard */; };
		90DAB4F21E639C2000B38E42 /* Main.storyboard in Resources */ = {isa = PBXBuildFile; fileRef = 90DAB4BD1E639C2000B38E42 /* Main.storyboard */; };
		90DAB4F31E639C2000B38E42 /* BookmarksViewController.swift in Sources */ = {isa = PBXBuildFile; fileRef = 90DAB4C21E639C2000B38E42 /* BookmarksViewController.swift */; };
		90DAB4F41E639C2000B38E42 /* MapViewController.swift in Sources */ = {isa = PBXBuildFile; fileRef = 90DAB4C31E639C2000B38E42 /* MapViewController.swift */; };
		90DAB4F51E639C2000B38E42 /* MainViewController.swift in Sources */ = {isa = PBXBuildFile; fileRef = 90DAB4C41E639C2000B38E42 /* MainViewController.swift */; };
		90DAB4F61E639C2000B38E42 /* MainViewControllerConstatnts.swift in Sources */ = {isa = PBXBuildFile; fileRef = 90DAB4C51E639C2000B38E42 /* MainViewControllerConstatnts.swift */; };
		90DAB4F71E639C2000B38E42 /* SlideUpPresenter.swift in Sources */ = {isa = PBXBuildFile; fileRef = 90DAB4C71E639C2000B38E42 /* SlideUpPresenter.swift */; };
		90DAB4F81E639C2000B38E42 /* SlideUpTransition.swift in Sources */ = {isa = PBXBuildFile; fileRef = 90DAB4C81E639C2000B38E42 /* SlideUpTransition.swift */; };
		90DAB4F91E639C2000B38E42 /* SlideUpTransitionDelegate.swift in Sources */ = {isa = PBXBuildFile; fileRef = 90DAB4C91E639C2000B38E42 /* SlideUpTransitionDelegate.swift */; };
/* End PBXBuildFile section */

/* Begin PBXCopyFilesBuildPhase section */
		903075D71E5FA42A00DF4996 /* Embed Frameworks */ = {
			isa = PBXCopyFilesBuildPhase;
			buildActionMask = 2147483647;
			dstPath = "";
			dstSubfolderSpec = 10;
			files = (
				907D917D1E63A7CC00502CBD /* (null) in Embed Frameworks */,
			);
			name = "Embed Frameworks";
			runOnlyForDeploymentPostprocessing = 0;
		};
/* End PBXCopyFilesBuildPhase section */

/* Begin PBXFileReference section */
		278E1D09A47B558EB5FEB26D /* Pods-Kek.debug.xcconfig */ = {isa = PBXFileReference; includeInIndex = 1; lastKnownFileType = text.xcconfig; name = "Pods-Kek.debug.xcconfig"; path = "Pods/Target Support Files/Pods-Kek/Pods-Kek.debug.xcconfig"; sourceTree = "<group>"; };
		902812881E59DD8500F26027 /* Kek.app */ = {isa = PBXFileReference; explicitFileType = wrapper.application; includeInIndex = 0; path = Kek.app; sourceTree = BUILT_PRODUCTS_DIR; };
		902812FF1E59DE4800F26027 /* UIKit.framework */ = {isa = PBXFileReference; lastKnownFileType = wrapper.framework; name = UIKit.framework; path = Platforms/iPhoneOS.platform/Developer/SDKs/iPhoneOS10.2.sdk/System/Library/Frameworks/UIKit.framework; sourceTree = DEVELOPER_DIR; };
		902813011E59DE4E00F26027 /* MapKit.framework */ = {isa = PBXFileReference; lastKnownFileType = wrapper.framework; name = MapKit.framework; path = Platforms/iPhoneOS.platform/Developer/SDKs/iPhoneOS10.2.sdk/System/Library/Frameworks/MapKit.framework; sourceTree = DEVELOPER_DIR; };
		90DAB4841E639C2000B38E42 /* AppDelegate.swift */ = {isa = PBXFileReference; fileEncoding = 4; lastKnownFileType = sourcecode.swift; path = AppDelegate.swift; sourceTree = "<group>"; };
		90DAB4861E639C2000B38E42 /* Info.plist */ = {isa = PBXFileReference; fileEncoding = 4; lastKnownFileType = text.plist.xml; path = Info.plist; sourceTree = "<group>"; };
		90DAB4891E639C2000B38E42 /* Types.swift */ = {isa = PBXFileReference; fileEncoding = 4; lastKnownFileType = sourcecode.swift; path = Types.swift; sourceTree = "<group>"; };
		90DAB48C1E639C2000B38E42 /* CLAuthorizationStatus.swift */ = {isa = PBXFileReference; fileEncoding = 4; lastKnownFileType = sourcecode.swift; path = CLAuthorizationStatus.swift; sourceTree = "<group>"; };
		90DAB48D1E639C2000B38E42 /* CLLocationManager.swift */ = {isa = PBXFileReference; fileEncoding = 4; lastKnownFileType = sourcecode.swift; path = CLLocationManager.swift; sourceTree = "<group>"; };
		90DAB48E1E639C2000B38E42 /* MKUserTrackingMode.swift */ = {isa = PBXFileReference; fileEncoding = 4; lastKnownFileType = sourcecode.swift; path = MKUserTrackingMode.swift; sourceTree = "<group>"; };
		90DAB4921E639C2000B38E42 /* SetBookmarksVisibility.swift */ = {isa = PBXFileReference; fileEncoding = 4; lastKnownFileType = sourcecode.swift; path = SetBookmarksVisibility.swift; sourceTree = "<group>"; };
		90DAB4931E639C2000B38E42 /* SetUserTrackingMode.swift */ = {isa = PBXFileReference; fileEncoding = 4; lastKnownFileType = sourcecode.swift; path = SetUserTrackingMode.swift; sourceTree = "<group>"; };
		90DAB4941E639C2000B38E42 /* AppReducer.swift */ = {isa = PBXFileReference; fileEncoding = 4; lastKnownFileType = sourcecode.swift; path = AppReducer.swift; sourceTree = "<group>"; };
		90DAB4951E639C2000B38E42 /* AppState.swift */ = {isa = PBXFileReference; fileEncoding = 4; lastKnownFileType = sourcecode.swift; path = AppState.swift; sourceTree = "<group>"; };
		90DAB4971E639C2000B38E42 /* ApplicableAction.swift */ = {isa = PBXFileReference; fileEncoding = 4; lastKnownFileType = sourcecode.swift; path = ApplicableAction.swift; sourceTree = "<group>"; };
		90DAB4991E639C2000B38E42 /* Assets.xcassets */ = {isa = PBXFileReference; lastKnownFileType = folder.assetcatalog; path = Assets.xcassets; sourceTree = "<group>"; };
		90DAB49B1E639C2000B38E42 /* Wroclaw.gpx */ = {isa = PBXFileReference; fileEncoding = 4; lastKnownFileType = text.xml; path = Wroclaw.gpx; sourceTree = "<group>"; };
		90DAB49F1E639C2000B38E42 /* apple.svg */ = {isa = PBXFileReference; fileEncoding = 4; lastKnownFileType = text.xml; path = apple.svg; sourceTree = "<group>"; };
		90DAB4A01E639C2000B38E42 /* bus.svg */ = {isa = PBXFileReference; fileEncoding = 4; lastKnownFileType = text.xml; path = bus.svg; sourceTree = "<group>"; };
		90DAB4A11E639C2000B38E42 /* location.pdf */ = {isa = PBXFileReference; lastKnownFileType = image.pdf; path = location.pdf; sourceTree = "<group>"; };
		90DAB4A21E639C2000B38E42 /* location.svg */ = {isa = PBXFileReference; fileEncoding = 4; lastKnownFileType = text.xml; path = location.svg; sourceTree = "<group>"; };
		90DAB4A31E639C2000B38E42 /* love.pdf */ = {isa = PBXFileReference; lastKnownFileType = image.pdf; path = love.pdf; sourceTree = "<group>"; };
		90DAB4A41E639C2000B38E42 /* love.svg */ = {isa = PBXFileReference; fileEncoding = 4; lastKnownFileType = text.xml; path = love.svg; sourceTree = "<group>"; };
		90DAB4A51E639C2000B38E42 /* music.pdf */ = {isa = PBXFileReference; lastKnownFileType = image.pdf; path = music.pdf; sourceTree = "<group>"; };
		90DAB4A61E639C2000B38E42 /* music.svg */ = {isa = PBXFileReference; fileEncoding = 4; lastKnownFileType = text.xml; path = music.svg; sourceTree = "<group>"; };
		90DAB4A71E639C2000B38E42 /* share.svg */ = {isa = PBXFileReference; fileEncoding = 4; lastKnownFileType = text.xml; path = share.svg; sourceTree = "<group>"; };
		90DAB4A81E639C2000B38E42 /* symbol.pdf */ = {isa = PBXFileReference; lastKnownFileType = image.pdf; path = symbol.pdf; sourceTree = "<group>"; };
		90DAB4A91E639C2000B38E42 /* symbol.svg */ = {isa = PBXFileReference; fileEncoding = 4; lastKnownFileType = text.xml; path = symbol.svg; sourceTree = "<group>"; };
		90DAB4AA1E639C2000B38E42 /* tomato.svg */ = {isa = PBXFileReference; fileEncoding = 4; lastKnownFileType = text.xml; path = tomato.svg; sourceTree = "<group>"; };
		90DAB4AB1E639C2000B38E42 /* train.svg */ = {isa = PBXFileReference; fileEncoding = 4; lastKnownFileType = text.xml; path = train.svg; sourceTree = "<group>"; };
		90DAB4AD1E639C2000B38E42 /* favorites1.pdf */ = {isa = PBXFileReference; lastKnownFileType = image.pdf; path = favorites1.pdf; sourceTree = "<group>"; };
		90DAB4AE1E639C2000B38E42 /* favorites1.svg */ = {isa = PBXFileReference; fileEncoding = 4; lastKnownFileType = text.xml; path = favorites1.svg; sourceTree = "<group>"; };
		90DAB4AF1E639C2000B38E42 /* favorites2.pdf */ = {isa = PBXFileReference; lastKnownFileType = image.pdf; path = favorites2.pdf; sourceTree = "<group>"; };
		90DAB4B01E639C2000B38E42 /* favorites2.svg */ = {isa = PBXFileReference; fileEncoding = 4; lastKnownFileType = text.xml; path = favorites2.svg; sourceTree = "<group>"; };
		90DAB4B11E639C2000B38E42 /* location_empty.pdf */ = {isa = PBXFileReference; lastKnownFileType = image.pdf; path = location_empty.pdf; sourceTree = "<group>"; };
		90DAB4B21E639C2000B38E42 /* location_empty.svg */ = {isa = PBXFileReference; fileEncoding = 4; lastKnownFileType = text.xml; path = location_empty.svg; sourceTree = "<group>"; };
		90DAB4B31E639C2000B38E42 /* location_filled.pdf */ = {isa = PBXFileReference; lastKnownFileType = image.pdf; path = location_filled.pdf; sourceTree = "<group>"; };
		90DAB4B41E639C2000B38E42 /* location_filled.svg */ = {isa = PBXFileReference; fileEncoding = 4; lastKnownFileType = text.xml; path = location_filled.svg; sourceTree = "<group>"; };
		90DAB4B51E639C2000B38E42 /* search.pdf */ = {isa = PBXFileReference; lastKnownFileType = image.pdf; path = search.pdf; sourceTree = "<group>"; };
		90DAB4B61E639C2000B38E42 /* search.svg */ = {isa = PBXFileReference; fileEncoding = 4; lastKnownFileType = text.xml; path = search.svg; sourceTree = "<group>"; };
		90DAB4B71E639C2000B38E42 /* settings.pdf */ = {isa = PBXFileReference; lastKnownFileType = image.pdf; path = settings.pdf; sourceTree = "<group>"; };
		90DAB4B81E639C2000B38E42 /* settings.svg */ = {isa = PBXFileReference; fileEncoding = 4; lastKnownFileType = text.xml; path = settings.svg; sourceTree = "<group>"; };
		90DAB4B91E639C2000B38E42 /* license.pdf */ = {isa = PBXFileReference; lastKnownFileType = image.pdf; path = license.pdf; sourceTree = "<group>"; };
		90DAB4BC1E639C2000B38E42 /* Base */ = {isa = PBXFileReference; lastKnownFileType = file.storyboard; name = Base; path = Base.lproj/LaunchScreen.storyboard; sourceTree = "<group>"; };
		90DAB4BE1E639C2000B38E42 /* Base */ = {isa = PBXFileReference; lastKnownFileType = file.storyboard; name = Base; path = Base.lproj/Main.storyboard; sourceTree = "<group>"; };
		90DAB4C21E639C2000B38E42 /* BookmarksViewController.swift */ = {isa = PBXFileReference; fileEncoding = 4; lastKnownFileType = sourcecode.swift; path = BookmarksViewController.swift; sourceTree = "<group>"; };
		90DAB4C31E639C2000B38E42 /* MapViewController.swift */ = {isa = PBXFileReference; fileEncoding = 4; lastKnownFileType = sourcecode.swift; path = MapViewController.swift; sourceTree = "<group>"; };
		90DAB4C41E639C2000B38E42 /* MainViewController.swift */ = {isa = PBXFileReference; fileEncoding = 4; lastKnownFileType = sourcecode.swift; path = MainViewController.swift; sourceTree = "<group>"; };
		90DAB4C51E639C2000B38E42 /* MainViewControllerConstatnts.swift */ = {isa = PBXFileReference; fileEncoding = 4; lastKnownFileType = sourcecode.swift; path = MainViewControllerConstatnts.swift; sourceTree = "<group>"; };
		90DAB4C71E639C2000B38E42 /* SlideUpPresenter.swift */ = {isa = PBXFileReference; fileEncoding = 4; lastKnownFileType = sourcecode.swift; path = SlideUpPresenter.swift; sourceTree = "<group>"; };
		90DAB4C81E639C2000B38E42 /* SlideUpTransition.swift */ = {isa = PBXFileReference; fileEncoding = 4; lastKnownFileType = sourcecode.swift; path = SlideUpTransition.swift; sourceTree = "<group>"; };
		90DAB4C91E639C2000B38E42 /* SlideUpTransitionDelegate.swift */ = {isa = PBXFileReference; fileEncoding = 4; lastKnownFileType = sourcecode.swift; path = SlideUpTransitionDelegate.swift; sourceTree = "<group>"; };
		A62147213F916D53F89DEC6F /* Pods-Kek.release.xcconfig */ = {isa = PBXFileReference; includeInIndex = 1; lastKnownFileType = text.xcconfig; name = "Pods-Kek.release.xcconfig"; path = "Pods/Target Support Files/Pods-Kek/Pods-Kek.release.xcconfig"; sourceTree = "<group>"; };
		D75C53DDEEA8E94DBF8AF045 /* Pods_Kek.framework */ = {isa = PBXFileReference; explicitFileType = wrapper.framework; includeInIndex = 0; path = Pods_Kek.framework; sourceTree = BUILT_PRODUCTS_DIR; };
/* End PBXFileReference section */

/* Begin PBXFrameworksBuildPhase section */
		902812851E59DD8500F26027 /* Frameworks */ = {
			isa = PBXFrameworksBuildPhase;
			buildActionMask = 2147483647;
			files = (
				902813021E59DE4E00F26027 /* MapKit.framework in Frameworks */,
				902813001E59DE4800F26027 /* UIKit.framework in Frameworks */,
				154034383A94518E3E5D9AD4 /* Pods_Kek.framework in Frameworks */,
			);
			runOnlyForDeploymentPostprocessing = 0;
		};
/* End PBXFrameworksBuildPhase section */

/* Begin PBXGroup section */
		4A3B2CBD6F0B3CF6ADE0EBAE /* Pods */ = {
			isa = PBXGroup;
			children = (
				278E1D09A47B558EB5FEB26D /* Pods-Kek.debug.xcconfig */,
				A62147213F916D53F89DEC6F /* Pods-Kek.release.xcconfig */,
			);
			name = Pods;
			sourceTree = "<group>";
		};
		902812FE1E59DE4800F26027 /* Frameworks */ = {
			isa = PBXGroup;
			children = (
				902813011E59DE4E00F26027 /* MapKit.framework */,
				902812FF1E59DE4800F26027 /* UIKit.framework */,
				D75C53DDEEA8E94DBF8AF045 /* Pods_Kek.framework */,
			);
			name = Frameworks;
			sourceTree = "<group>";
		};
		90DAB4831E639C2000B38E42 /* Application Delegates */ = {
			isa = PBXGroup;
			children = (
				90DAB4841E639C2000B38E42 /* AppDelegate.swift */,
			);
			path = "Application Delegates";
			sourceTree = "<group>";
		};
		90DAB4851E639C2000B38E42 /* Configuration */ = {
			isa = PBXGroup;
			children = (
				90DAB4861E639C2000B38E42 /* Info.plist */,
			);
			path = Configuration;
			sourceTree = "<group>";
		};
		90DAB4871E639C2000B38E42 /* Data */ = {
			isa = PBXGroup;
			children = (
				90DAB4881E639C2000B38E42 /* Types */,
			);
			path = Data;
			sourceTree = "<group>";
		};
		90DAB4881E639C2000B38E42 /* Types */ = {
			isa = PBXGroup;
			children = (
				90DAB4891E639C2000B38E42 /* Types.swift */,
			);
			path = Types;
			sourceTree = "<group>";
		};
		90DAB48A1E639C2000B38E42 /* Extensions */ = {
			isa = PBXGroup;
			children = (
				90DAB48B1E639C2000B38E42 /* MapKit */,
				90DAB48F1E639C2000B38E42 /* UIKit */,
			);
			path = Extensions;
			sourceTree = "<group>";
		};
		90DAB48B1E639C2000B38E42 /* MapKit */ = {
			isa = PBXGroup;
			children = (
				90DAB48C1E639C2000B38E42 /* CLAuthorizationStatus.swift */,
				90DAB48D1E639C2000B38E42 /* CLLocationManager.swift */,
				90DAB48E1E639C2000B38E42 /* MKUserTrackingMode.swift */,
			);
			path = MapKit;
			sourceTree = "<group>";
		};
		90DAB48F1E639C2000B38E42 /* UIKit */ = {
			isa = PBXGroup;
			children = (
			);
			path = UIKit;
			sourceTree = "<group>";
		};
		90DAB4901E639C2000B38E42 /* Redux */ = {
			isa = PBXGroup;
			children = (
				90DAB4911E639C2000B38E42 /* Actions */,
				90DAB4941E639C2000B38E42 /* AppReducer.swift */,
				90DAB4951E639C2000B38E42 /* AppState.swift */,
				90DAB4961E639C2000B38E42 /* Protocols */,
			);
			path = Redux;
			sourceTree = "<group>";
		};
		90DAB4911E639C2000B38E42 /* Actions */ = {
			isa = PBXGroup;
			children = (
				90DAB4921E639C2000B38E42 /* SetBookmarksVisibility.swift */,
				90DAB4931E639C2000B38E42 /* SetUserTrackingMode.swift */,
			);
			path = Actions;
			sourceTree = "<group>";
		};
		90DAB4961E639C2000B38E42 /* Protocols */ = {
			isa = PBXGroup;
			children = (
				90DAB4971E639C2000B38E42 /* ApplicableAction.swift */,
			);
			path = Protocols;
			sourceTree = "<group>";
		};
		90DAB4981E639C2000B38E42 /* Resources */ = {
			isa = PBXGroup;
			children = (
				90DAB49C1E639C2000B38E42 /* Raw Images */,
				90DAB49A1E639C2000B38E42 /* Locations */,
				90DAB4991E639C2000B38E42 /* Assets.xcassets */,
			);
			path = Resources;
			sourceTree = "<group>";
		};
		90DAB49A1E639C2000B38E42 /* Locations */ = {
			isa = PBXGroup;
			children = (
				90DAB49B1E639C2000B38E42 /* Wroclaw.gpx */,
			);
			path = Locations;
			sourceTree = "<group>";
		};
		90DAB49C1E639C2000B38E42 /* Raw Images */ = {
			isa = PBXGroup;
			children = (
				90DAB49D1E639C2000B38E42 /* Vector images */,
			);
			path = "Raw Images";
			sourceTree = "<group>";
		};
		90DAB49D1E639C2000B38E42 /* Vector images */ = {
			isa = PBXGroup;
			children = (
				90DAB49E1E639C2000B38E42 /* _Unused */,
				90DAB4AC1E639C2000B38E42 /* Buttons */,
				90DAB4B91E639C2000B38E42 /* license.pdf */,
			);
			path = "Vector images";
			sourceTree = "<group>";
		};
		90DAB49E1E639C2000B38E42 /* _Unused */ = {
			isa = PBXGroup;
			children = (
				90DAB49F1E639C2000B38E42 /* apple.svg */,
				90DAB4A01E639C2000B38E42 /* bus.svg */,
				90DAB4A11E639C2000B38E42 /* location.pdf */,
				90DAB4A21E639C2000B38E42 /* location.svg */,
				90DAB4A31E639C2000B38E42 /* love.pdf */,
				90DAB4A41E639C2000B38E42 /* love.svg */,
				90DAB4A51E639C2000B38E42 /* music.pdf */,
				90DAB4A61E639C2000B38E42 /* music.svg */,
				90DAB4A71E639C2000B38E42 /* share.svg */,
				90DAB4A81E639C2000B38E42 /* symbol.pdf */,
				90DAB4A91E639C2000B38E42 /* symbol.svg */,
				90DAB4AA1E639C2000B38E42 /* tomato.svg */,
				90DAB4AB1E639C2000B38E42 /* train.svg */,
			);
			path = _Unused;
			sourceTree = "<group>";
		};
		90DAB4AC1E639C2000B38E42 /* Buttons */ = {
			isa = PBXGroup;
			children = (
				90DAB4AD1E639C2000B38E42 /* favorites1.pdf */,
				90DAB4AE1E639C2000B38E42 /* favorites1.svg */,
				90DAB4AF1E639C2000B38E42 /* favorites2.pdf */,
				90DAB4B01E639C2000B38E42 /* favorites2.svg */,
				90DAB4B11E639C2000B38E42 /* location_empty.pdf */,
				90DAB4B21E639C2000B38E42 /* location_empty.svg */,
				90DAB4B31E639C2000B38E42 /* location_filled.pdf */,
				90DAB4B41E639C2000B38E42 /* location_filled.svg */,
				90DAB4B51E639C2000B38E42 /* search.pdf */,
				90DAB4B61E639C2000B38E42 /* search.svg */,
				90DAB4B71E639C2000B38E42 /* settings.pdf */,
				90DAB4B81E639C2000B38E42 /* settings.svg */,
			);
			path = Buttons;
			sourceTree = "<group>";
		};
		90DAB4BA1E639C2000B38E42 /* Storyboards */ = {
			isa = PBXGroup;
			children = (
				90DAB4BB1E639C2000B38E42 /* LaunchScreen.storyboard */,
				90DAB4BD1E639C2000B38E42 /* Main.storyboard */,
			);
			path = Storyboards;
			sourceTree = "<group>";
		};
		90DAB4BF1E639C2000B38E42 /* View Controllers */ = {
			isa = PBXGroup;
			children = (
				90DAB4C01E639C2000B38E42 /* MainViewController */,
			);
			path = "View Controllers";
			sourceTree = "<group>";
		};
		90DAB4C01E639C2000B38E42 /* MainViewController */ = {
			isa = PBXGroup;
			children = (
				90DAB4C11E639C2000B38E42 /* ChildViewControllers */,
				90DAB4C41E639C2000B38E42 /* MainViewController.swift */,
				90DAB4C51E639C2000B38E42 /* MainViewControllerConstatnts.swift */,
				90DAB4C61E639C2000B38E42 /* SlideUpTransition */,
			);
			path = MainViewController;
			sourceTree = "<group>";
		};
		90DAB4C11E639C2000B38E42 /* ChildViewControllers */ = {
			isa = PBXGroup;
			children = (
				90DAB4C21E639C2000B38E42 /* BookmarksViewController.swift */,
				90DAB4C31E639C2000B38E42 /* MapViewController.swift */,
			);
			path = ChildViewControllers;
			sourceTree = "<group>";
		};
		90DAB4C61E639C2000B38E42 /* SlideUpTransition */ = {
			isa = PBXGroup;
			children = (
				90DAB4C71E639C2000B38E42 /* SlideUpPresenter.swift */,
				90DAB4C81E639C2000B38E42 /* SlideUpTransition.swift */,
				90DAB4C91E639C2000B38E42 /* SlideUpTransitionDelegate.swift */,
			);
			path = SlideUpTransition;
			sourceTree = "<group>";
		};
		OBJ_41 /* Tests */ = {
			isa = PBXGroup;
			children = (
			);
			path = Tests;
			sourceTree = "<group>";
		};
		OBJ_42 /* Products */ = {
			isa = PBXGroup;
			children = (
				902812881E59DD8500F26027 /* Kek.app */,
			);
			name = Products;
			sourceTree = BUILT_PRODUCTS_DIR;
		};
		OBJ_5 = {
			isa = PBXGroup;
			children = (
				OBJ_7 /* Sources */,
				OBJ_41 /* Tests */,
				4A3B2CBD6F0B3CF6ADE0EBAE /* Pods */,
				902812FE1E59DE4800F26027 /* Frameworks */,
				OBJ_42 /* Products */,
			);
			sourceTree = "<group>";
		};
		OBJ_7 /* Sources */ = {
			isa = PBXGroup;
			children = (
				90DAB4981E639C2000B38E42 /* Resources */,
				90DAB4831E639C2000B38E42 /* Application Delegates */,
				90DAB4851E639C2000B38E42 /* Configuration */,
				90DAB4871E639C2000B38E42 /* Data */,
				90DAB4901E639C2000B38E42 /* Redux */,
				90DAB48A1E639C2000B38E42 /* Extensions */,
				90DAB4BF1E639C2000B38E42 /* View Controllers */,
				90DAB4BA1E639C2000B38E42 /* Storyboards */,
			);
			path = Sources;
			sourceTree = "<group>";
		};
/* End PBXGroup section */

/* Begin PBXNativeTarget section */
		902812871E59DD8500F26027 /* Kek */ = {
			isa = PBXNativeTarget;
			buildConfigurationList = 902812971E59DD8500F26027 /* Build configuration list for PBXNativeTarget "Kek" */;
			buildPhases = (
				355FAE024C9C1A8DC1CEB679 /* [CP] Check Pods Manifest.lock */,
				902812841E59DD8500F26027 /* Sources */,
				902812851E59DD8500F26027 /* Frameworks */,
				902812861E59DD8500F26027 /* Resources */,
				903075D71E5FA42A00DF4996 /* Embed Frameworks */,
				7C6B10EE542CE6054AEF38F4 /* [CP] Embed Pods Frameworks */,
				77687F7431E0E8C5EE44996A /* [CP] Copy Pods Resources */,
			);
			buildRules = (
			);
			dependencies = (
			);
			name = Kek;
			productName = Kek;
			productReference = 902812881E59DD8500F26027 /* Kek.app */;
			productType = "com.apple.product-type.application";
		};
/* End PBXNativeTarget section */

/* Begin PBXProject section */
		OBJ_1 /* Project object */ = {
			isa = PBXProject;
			attributes = {
				LastSwiftUpdateCheck = 0820;
				LastUpgradeCheck = 9999;
				TargetAttributes = {
					902812871E59DD8500F26027 = {
						CreatedOnToolsVersion = 8.2.1;
						DevelopmentTeam = AEAQ6C3MPC;
						ProvisioningStyle = Automatic;
					};
				};
			};
			buildConfigurationList = OBJ_2 /* Build configuration list for PBXProject "Kek" */;
			compatibilityVersion = "Xcode 3.2";
			developmentRegion = English;
			hasScannedForEncodings = 0;
			knownRegions = (
				en,
				Base,
			);
			mainGroup = OBJ_5;
			productRefGroup = OBJ_42 /* Products */;
			projectDirPath = "";
			projectRoot = "";
			targets = (
				902812871E59DD8500F26027 /* Kek */,
			);
		};
/* End PBXProject section */

/* Begin PBXResourcesBuildPhase section */
		902812861E59DD8500F26027 /* Resources */ = {
			isa = PBXResourcesBuildPhase;
			buildActionMask = 2147483647;
			files = (
				90DAB4D51E639C2000B38E42 /* Assets.xcassets in Resources */,
				90DAB4DC1E639C2000B38E42 /* love.svg in Resources */,
				90DAB4ED1E639C2000B38E42 /* search.svg in Resources */,
				90DAB4F11E639C2000B38E42 /* LaunchScreen.storyboard in Resources */,
				90DAB4EE1E639C2000B38E42 /* settings.pdf in Resources */,
				90DAB4DD1E639C2000B38E42 /* music.pdf in Resources */,
				90DAB4D91E639C2000B38E42 /* location.pdf in Resources */,
				90DAB4F01E639C2000B38E42 /* license.pdf in Resources */,
				90DAB4E51E639C2000B38E42 /* favorites1.svg in Resources */,
				90DAB4EF1E639C2000B38E42 /* settings.svg in Resources */,
				90DAB4EC1E639C2000B38E42 /* search.pdf in Resources */,
				90DAB4DE1E639C2000B38E42 /* music.svg in Resources */,
				90DAB4E41E639C2000B38E42 /* favorites1.pdf in Resources */,
				90DAB4E31E639C2000B38E42 /* train.svg in Resources */,
				90DAB4E21E639C2000B38E42 /* tomato.svg in Resources */,
				90DAB4EB1E639C2000B38E42 /* location_filled.svg in Resources */,
				90DAB4E71E639C2000B38E42 /* favorites2.svg in Resources */,
				90DAB4D71E639C2000B38E42 /* apple.svg in Resources */,
				90DAB4DA1E639C2000B38E42 /* location.svg in Resources */,
				90DAB4D81E639C2000B38E42 /* bus.svg in Resources */,
				90DAB4EA1E639C2000B38E42 /* location_filled.pdf in Resources */,
				90DAB4E81E639C2000B38E42 /* location_empty.pdf in Resources */,
				90DAB4E01E639C2000B38E42 /* symbol.pdf in Resources */,
				90DAB4D61E639C2000B38E42 /* Wroclaw.gpx in Resources */,
				90DAB4DB1E639C2000B38E42 /* love.pdf in Resources */,
				90DAB4DF1E639C2000B38E42 /* share.svg in Resources */,
				90DAB4E61E639C2000B38E42 /* favorites2.pdf in Resources */,
				90DAB4E91E639C2000B38E42 /* location_empty.svg in Resources */,
				90DAB4E11E639C2000B38E42 /* symbol.svg in Resources */,
				90DAB4F21E639C2000B38E42 /* Main.storyboard in Resources */,
				90DAB4CB1E639C2000B38E42 /* Info.plist in Resources */,
			);
			runOnlyForDeploymentPostprocessing = 0;
		};
/* End PBXResourcesBuildPhase section */

/* Begin PBXShellScriptBuildPhase section */
		355FAE024C9C1A8DC1CEB679 /* [CP] Check Pods Manifest.lock */ = {
			isa = PBXShellScriptBuildPhase;
			buildActionMask = 2147483647;
			files = (
			);
			inputPaths = (
			);
			name = "[CP] Check Pods Manifest.lock";
			outputPaths = (
			);
			runOnlyForDeploymentPostprocessing = 0;
			shellPath = /bin/sh;
			shellScript = "diff \"${PODS_ROOT}/../Podfile.lock\" \"${PODS_ROOT}/Manifest.lock\" > /dev/null\nif [ $? != 0 ] ; then\n    # print error to STDERR\n    echo \"error: The sandbox is not in sync with the Podfile.lock. Run 'pod install' or update your CocoaPods installation.\" >&2\n    exit 1\nfi\n";
			showEnvVarsInLog = 0;
		};
		77687F7431E0E8C5EE44996A /* [CP] Copy Pods Resources */ = {
			isa = PBXShellScriptBuildPhase;
			buildActionMask = 2147483647;
			files = (
			);
			inputPaths = (
			);
			name = "[CP] Copy Pods Resources";
			outputPaths = (
			);
			runOnlyForDeploymentPostprocessing = 0;
			shellPath = /bin/sh;
			shellScript = "\"${SRCROOT}/Pods/Target Support Files/Pods-Kek/Pods-Kek-resources.sh\"\n";
			showEnvVarsInLog = 0;
		};
		7C6B10EE542CE6054AEF38F4 /* [CP] Embed Pods Frameworks */ = {
			isa = PBXShellScriptBuildPhase;
			buildActionMask = 2147483647;
			files = (
			);
			inputPaths = (
			);
			name = "[CP] Embed Pods Frameworks";
			outputPaths = (
			);
			runOnlyForDeploymentPostprocessing = 0;
			shellPath = /bin/sh;
			shellScript = "\"${SRCROOT}/Pods/Target Support Files/Pods-Kek/Pods-Kek-frameworks.sh\"\n";
			showEnvVarsInLog = 0;
		};
/* End PBXShellScriptBuildPhase section */

/* Begin PBXSourcesBuildPhase section */
		902812841E59DD8500F26027 /* Sources */ = {
			isa = PBXSourcesBuildPhase;
			buildActionMask = 2147483647;
			files = (
				90DAB4D41E639C2000B38E42 /* ApplicableAction.swift in Sources */,
				90DAB4F51E639C2000B38E42 /* MainViewController.swift in Sources */,
				90DAB4F71E639C2000B38E42 /* SlideUpPresenter.swift in Sources */,
				90DAB4F81E639C2000B38E42 /* SlideUpTransition.swift in Sources */,
				90DAB4D11E639C2000B38E42 /* SetUserTrackingMode.swift in Sources */,
				90DAB4CF1E639C2000B38E42 /* MKUserTrackingMode.swift in Sources */,
				90DAB4CA1E639C2000B38E42 /* AppDelegate.swift in Sources */,
				90DAB4D31E639C2000B38E42 /* AppState.swift in Sources */,
				90DAB4F91E639C2000B38E42 /* SlideUpTransitionDelegate.swift in Sources */,
				90DAB4F61E639C2000B38E42 /* MainViewControllerConstatnts.swift in Sources */,
				90DAB4D01E639C2000B38E42 /* SetBookmarksVisibility.swift in Sources */,
				90DAB4F31E639C2000B38E42 /* BookmarksViewController.swift in Sources */,
				90DAB4F41E639C2000B38E42 /* MapViewController.swift in Sources */,
				90DAB4CE1E639C2000B38E42 /* CLLocationManager.swift in Sources */,
				90DAB4CD1E639C2000B38E42 /* CLAuthorizationStatus.swift in Sources */,
				90DAB4D21E639C2000B38E42 /* AppReducer.swift in Sources */,
				90DAB4CC1E639C2000B38E42 /* Types.swift in Sources */,
			);
			runOnlyForDeploymentPostprocessing = 0;
		};
/* End PBXSourcesBuildPhase section */

/* Begin PBXVariantGroup section */
		90DAB4BB1E639C2000B38E42 /* LaunchScreen.storyboard */ = {
			isa = PBXVariantGroup;
			children = (
				90DAB4BC1E639C2000B38E42 /* Base */,
			);
			name = LaunchScreen.storyboard;
			sourceTree = "<group>";
		};
		90DAB4BD1E639C2000B38E42 /* Main.storyboard */ = {
			isa = PBXVariantGroup;
			children = (
				90DAB4BE1E639C2000B38E42 /* Base */,
			);
			name = Main.storyboard;
			sourceTree = "<group>";
		};
/* End PBXVariantGroup section */

/* Begin XCBuildConfiguration section */
		902812981E59DD8500F26027 /* Debug */ = {
			isa = XCBuildConfiguration;
			baseConfigurationReference = 278E1D09A47B558EB5FEB26D /* Pods-Kek.debug.xcconfig */;
			buildSettings = {
				ALWAYS_SEARCH_USER_PATHS = NO;
				ASSETCATALOG_COMPILER_APPICON_NAME = AppIcon;
				CLANG_ANALYZER_NONNULL = YES;
				CLANG_CXX_LANGUAGE_STANDARD = "gnu++0x";
				CLANG_CXX_LIBRARY = "libc++";
				CLANG_ENABLE_MODULES = YES;
				CLANG_ENABLE_OBJC_ARC = YES;
				CLANG_WARN_BOOL_CONVERSION = YES;
				CLANG_WARN_CONSTANT_CONVERSION = YES;
				CLANG_WARN_DIRECT_OBJC_ISA_USAGE = YES_ERROR;
				CLANG_WARN_DOCUMENTATION_COMMENTS = YES;
				CLANG_WARN_EMPTY_BODY = YES;
				CLANG_WARN_ENUM_CONVERSION = YES;
				CLANG_WARN_INFINITE_RECURSION = YES;
				CLANG_WARN_INT_CONVERSION = YES;
				CLANG_WARN_OBJC_ROOT_CLASS = YES_ERROR;
				CLANG_WARN_SUSPICIOUS_MOVE = YES;
				CLANG_WARN_UNREACHABLE_CODE = YES;
				CLANG_WARN__DUPLICATE_METHOD_MATCH = YES;
				"CODE_SIGN_IDENTITY[sdk=iphoneos*]" = "iPhone Developer";
				DEVELOPMENT_TEAM = AEAQ6C3MPC;
				ENABLE_STRICT_OBJC_MSGSEND = YES;
				ENABLE_TESTABILITY = YES;
				FRAMEWORK_SEARCH_PATHS = (
					"$(inherited)",
					"$(PROJECT_DIR)/build/Debug-iphoneos",
				);
				GCC_C_LANGUAGE_STANDARD = gnu99;
				GCC_DYNAMIC_NO_PIC = NO;
				GCC_NO_COMMON_BLOCKS = YES;
				GCC_PREPROCESSOR_DEFINITIONS = (
					"DEBUG=1",
					"$(inherited)",
				);
				GCC_WARN_64_TO_32_BIT_CONVERSION = YES;
				GCC_WARN_ABOUT_RETURN_TYPE = YES_ERROR;
				GCC_WARN_UNDECLARED_SELECTOR = YES;
				GCC_WARN_UNINITIALIZED_AUTOS = YES_AGGRESSIVE;
				GCC_WARN_UNUSED_FUNCTION = YES;
				GCC_WARN_UNUSED_VARIABLE = YES;
				INFOPLIST_FILE = "$(SRCROOT)/Sources/Configuration/Info.plist";
				IPHONEOS_DEPLOYMENT_TARGET = 10.2;
				LD_RUNPATH_SEARCH_PATHS = "$(inherited) @executable_path/Frameworks";
				MTL_ENABLE_DEBUG_INFO = YES;
				PRODUCT_BUNDLE_IDENTIFIER = NoPoint.Kek;
				PRODUCT_NAME = "$(TARGET_NAME)";
				SDKROOT = iphoneos;
				SWIFT_ACTIVE_COMPILATION_CONDITIONS = DEBUG;
				SWIFT_VERSION = 3.0;
			};
			name = Debug;
		};
		902812991E59DD8500F26027 /* Release */ = {
			isa = XCBuildConfiguration;
			baseConfigurationReference = A62147213F916D53F89DEC6F /* Pods-Kek.release.xcconfig */;
			buildSettings = {
				ALWAYS_SEARCH_USER_PATHS = NO;
				ASSETCATALOG_COMPILER_APPICON_NAME = AppIcon;
				CLANG_ANALYZER_NONNULL = YES;
				CLANG_CXX_LANGUAGE_STANDARD = "gnu++0x";
				CLANG_CXX_LIBRARY = "libc++";
				CLANG_ENABLE_MODULES = YES;
				CLANG_ENABLE_OBJC_ARC = YES;
				CLANG_WARN_BOOL_CONVERSION = YES;
				CLANG_WARN_CONSTANT_CONVERSION = YES;
				CLANG_WARN_DIRECT_OBJC_ISA_USAGE = YES_ERROR;
				CLANG_WARN_DOCUMENTATION_COMMENTS = YES;
				CLANG_WARN_EMPTY_BODY = YES;
				CLANG_WARN_ENUM_CONVERSION = YES;
				CLANG_WARN_INFINITE_RECURSION = YES;
				CLANG_WARN_INT_CONVERSION = YES;
				CLANG_WARN_OBJC_ROOT_CLASS = YES_ERROR;
				CLANG_WARN_SUSPICIOUS_MOVE = YES;
				CLANG_WARN_UNREACHABLE_CODE = YES;
				CLANG_WARN__DUPLICATE_METHOD_MATCH = YES;
				"CODE_SIGN_IDENTITY[sdk=iphoneos*]" = "iPhone Developer";
				COPY_PHASE_STRIP = NO;
				DEVELOPMENT_TEAM = AEAQ6C3MPC;
				ENABLE_NS_ASSERTIONS = NO;
				ENABLE_STRICT_OBJC_MSGSEND = YES;
				FRAMEWORK_SEARCH_PATHS = (
					"$(inherited)",
					"$(PROJECT_DIR)/build/Debug-iphoneos",
				);
				GCC_C_LANGUAGE_STANDARD = gnu99;
				GCC_NO_COMMON_BLOCKS = YES;
				GCC_WARN_64_TO_32_BIT_CONVERSION = YES;
				GCC_WARN_ABOUT_RETURN_TYPE = YES_ERROR;
				GCC_WARN_UNDECLARED_SELECTOR = YES;
				GCC_WARN_UNINITIALIZED_AUTOS = YES_AGGRESSIVE;
				GCC_WARN_UNUSED_FUNCTION = YES;
				GCC_WARN_UNUSED_VARIABLE = YES;
				INFOPLIST_FILE = "$(SRCROOT)/Sources/Configuration/Info.plist";
				IPHONEOS_DEPLOYMENT_TARGET = 10.2;
				LD_RUNPATH_SEARCH_PATHS = "$(inherited) @executable_path/Frameworks";
				MTL_ENABLE_DEBUG_INFO = NO;
				PRODUCT_BUNDLE_IDENTIFIER = NoPoint.Kek;
				PRODUCT_NAME = "$(TARGET_NAME)";
				SDKROOT = iphoneos;
				SWIFT_OPTIMIZATION_LEVEL = "-Owholemodule";
				SWIFT_VERSION = 3.0;
				VALIDATE_PRODUCT = YES;
			};
			name = Release;
		};
		OBJ_3 /* Debug */ = {
			isa = XCBuildConfiguration;
			buildSettings = {
				COMBINE_HIDPI_IMAGES = YES;
				COPY_PHASE_STRIP = NO;
				DEBUG_INFORMATION_FORMAT = dwarf;
				DYLIB_INSTALL_NAME_BASE = "@rpath";
				ENABLE_NS_ASSERTIONS = YES;
				GCC_OPTIMIZATION_LEVEL = 0;
				MACOSX_DEPLOYMENT_TARGET = 10.10;
				ONLY_ACTIVE_ARCH = YES;
				OTHER_SWIFT_FLAGS = "-DXcode";
				PRODUCT_NAME = "$(TARGET_NAME)";
				SDKROOT = macosx;
				SUPPORTED_PLATFORMS = "macosx iphoneos iphonesimulator appletvos appletvsimulator watchos watchsimulator";
				SWIFT_ACTIVE_COMPILATION_CONDITIONS = SWIFT_PACKAGE;
				SWIFT_OPTIMIZATION_LEVEL = "-Onone";
				SWIFT_VERSION = 3.0;
				USE_HEADERMAP = NO;
			};
			name = Debug;
		};
		OBJ_4 /* Release */ = {
			isa = XCBuildConfiguration;
			buildSettings = {
				COMBINE_HIDPI_IMAGES = YES;
				COPY_PHASE_STRIP = YES;
				DEBUG_INFORMATION_FORMAT = "dwarf-with-dsym";
				DYLIB_INSTALL_NAME_BASE = "@rpath";
				GCC_OPTIMIZATION_LEVEL = s;
				MACOSX_DEPLOYMENT_TARGET = 10.10;
				OTHER_SWIFT_FLAGS = "-DXcode";
				PRODUCT_NAME = "$(TARGET_NAME)";
				SDKROOT = macosx;
				SUPPORTED_PLATFORMS = "macosx iphoneos iphonesimulator appletvos appletvsimulator watchos watchsimulator";
				SWIFT_ACTIVE_COMPILATION_CONDITIONS = SWIFT_PACKAGE;
				SWIFT_OPTIMIZATION_LEVEL = "-O";
				SWIFT_VERSION = 3.0;
				USE_HEADERMAP = NO;
			};
			name = Release;
		};
/* End XCBuildConfiguration section */

/* Begin XCConfigurationList section */
		902812971E59DD8500F26027 /* Build configuration list for PBXNativeTarget "Kek" */ = {
			isa = XCConfigurationList;
			buildConfigurations = (
				902812981E59DD8500F26027 /* Debug */,
				902812991E59DD8500F26027 /* Release */,
			);
			defaultConfigurationIsVisible = 0;
			defaultConfigurationName = Debug;
		};
		OBJ_2 /* Build configuration list for PBXProject "Kek" */ = {
			isa = XCConfigurationList;
			buildConfigurations = (
				OBJ_3 /* Debug */,
				OBJ_4 /* Release */,
			);
			defaultConfigurationIsVisible = 0;
			defaultConfigurationName = Debug;
		};
/* End XCConfigurationList section */
	};
	rootObject = OBJ_1 /* Project object */;
}
